{
  "version": 4,
  "terraform_version": "1.7.5",
  "serial": 145,
  "lineage": "6cef70ff-2118-f621-6637-d7117f06a124",
  "outputs": {
    "bastion_private_key": {
      "value": "-----BEGIN RSA PRIVATE KEY-----\nMIIJKQIBAAKCAgEAzvJ5jIV4MG3Sf00p0hZABT1y83H74m/MAhdA55Nt56LafHOo\n5TzASq6PADn9efmWbUWhD4Xmm1mwINuxYdapm4fegl1+fpOymf8jrgRqeSE/piOB\nH9SA9cURM0RcDyCFHkdVb8ahX7tKRdTmdwP1OMoJZJpnndJElXjG2QDg8jAz2O4f\nKcRWaGs7yhzBYu+zDu2g0hSVTQ3vjbs0sU9sVhgsxiTF82o54+JvUfBnxnVDUN47\nWBrdvXHJbYsBFqCooyIKyfsnHGIFp0bszOQ3GOvsYwmOsCU+5ROh2rye4u0fQBNE\neeITJV9imWBpHzh7XZKjMCZCvfbWXxxWPho1VDwt44gtyBHkHfWiz5nidxmANXCJ\nx9eoWIV+c2H+TtBc+OISUvLAGRjCBY95j1IfoiKELH4AXNPbVYwPrX2tB2rxOiG9\nPD/K9C1tlKfzKfm4vjCz34oCHjRXJ7neYyxUBwKozcC/vrRcDSaLZ9QI+CIkm3gW\nviybE2IExiTtnT1IHV80/SPPljS+MSjVHVx4xtx2X+rdLkksWbgJqwi3p7USh3Bf\nM6WWsU5lQ4IAOze+DmUqHHCuKsP6DCIYSWNkjfdsikskv821s0QBya1s1s+iFfj5\n0jU3YR14t6gEVPeer5Caj7v/byG6vOKzALnOcLWlQfjOkpX0gvBTwpQKXTECAwEA\nAQKCAgA23LU4eZG5VQP+15gEp/1k5jt5KniaOQUecMe2HLGAPP4rDAZ0bzyTD9+9\nMaJvGam1YkYmdVsDSC2XKGbIBz6DiuuEKAEG0WUByk/NLEKFxji3dKYgqBdgEFRV\nAQRexkJEGqkdrszNMjuoc559YsE5wuXmk8BwaHPiJFii4sa/reOw2L/ONMyrdfIt\nzJ2/+se/Z2PBDc/e05j0O/LmJqYT1OjZxpnrw/eA4GCemlsIk8G6yI929fhe5rF9\npuIs+355cObnUPu3XI0fIYBZeQ7aPoE2aCw5qkYYOLIp6OM+SZqFRBZdMX/d4oGj\nI5n6uuCJl/xHIX2EGtIN+NcsM4p7RkGwDhtMd2m8aO2ztQm7DVuPYRKCwReNEe5K\nPuh6yo3EVIND0COp7f65HW3zXdYMbYL7ZYUz4etCBeeIsDTxuvppOrDLqWbMp5wQ\nltiz3f+VvSgf51MHqLQH9QoIT76dL4B2E3F9lwrpRiCCIkqPNjpuF36/TaS2l64G\nGj7ALR68te9vnoFqtzqEed1riBSDmWQhujeR8F4gWNYOU6SnaERahTWCT+pDtYHE\nPkeIhRa5wximUwnfWxESUsyT+/0FqX3zG1UkRao9B9UvdCssAu/hObSfeBMr+z2y\noGRVDAwXfxzS31W/UAswwWxpMd2NW1hsE/Kc5S+qdzd3DyciuQKCAQEA4gRKTEcg\npbV2Ewk+rZ9Vr6BHeSkAyNQVx2dTSPc3/5zpfBg4I3PWxekTArtrHs/M9YmpqdkH\nXN2gaMR8ShAnuy6dkQ6tOjOcGxzChVUmBlXvd8s4z2EqLwI8ZnUFsf4B1fLaEQ0z\nuXc2Ln0qC4edIvNlufupuJVKZ1xDaHAPpdRCLch+ChabJ1Ia7mZ4LT6CFwsg+gEO\nl92+XaxcGwwAo3Vp2OM9ZgzWXLTbqLhJbx5tjbNtR+bSaQXVUyqEVWPCKBEO3YYR\nm6slzC/z+L4nXh9cqDOHcaf7VFIV3V0aTIBYhwaKgTJvjWIc2jUrw8HyVB6T7kUt\nHoYvOpY2hkheXwKCAQEA6maQ5a7rR6qx3Y8YWl4umYwMi9EO6PThgFyNcNXoxOU1\nO5smV05339k5zenGFBzJt/buj6h6KsQ+RV3lf62zoY3MrB4Qvi4jQamMz1jtx4sv\nMaWItTjaYu5MHeU7+XuFXU+U6hUhy9Lyel9HM522VxM0mCqZNO20hYm/d/YxvNXu\nwDNVIxQcfZgAHuFCpXzBkzyUVnr9mPblRv9Itv2P1Vo89BsacewromyhQRrQrjNf\n+3gT62QlRWfUy5XhdGxz5Tq0FC1CRFWKsmbIg1dsi+MlJl7WYRf8sSroMUff7UKn\nJZHAYxOCR2yBUSzXUIm/7929n/6ziKH96WayaefObwKCAQEAtQu8vEdJlpO6Bluk\nco2spKdeOWan8zc4Tuespkkp+T6nJTl9VqDHDPe7u7eHgkHwq0rftmdb5368rM+f\nw/AW83DO1NCN4I5Q4MLz6rwfXnnd/fazBiOOF+PRoDzjGAYhUFFdbsVFhq5An5Kx\naFT0gXe5J/a4qFwmIo+ci38gebSCYow0sj4TgLbbTdaVM6Dbsju+6aSJHQuKHx0f\nFqdRp5448HxuxV1JJS/WuNsOL82O8jAlPLBgIbKDhEANix0C/PdVEgv/9NNuzpYm\n9zzS6ilzHmVQfLGTuKKcUxruIxO4VkjeD8nn47gQ5pYq/X9RbyKjWvzcvJO+J08G\nVCCKPwKCAQAEpHdmNSqvxq+zJaxjzc26eM2ez0suTftRYYPjojjz/V4qig4eWI2D\nP3gnneOwbkmIfTmIWtvgkPZyxUNQXg5ausY8+nN2cM9982+4g5hiBV2v7AljHXcl\n0nZreSjQ7iNcD8FxSW3b7Zej2NM+MHd2DglSojVamQKkSnAiXhvqE4qg/+NFyJYv\n3pzR/8AkKu5ijiaZ9+Gh7/HmkBPOnAMHRLxEUW0aqITMuL4Q3gkYCihygJRUay1Z\nzI6oYZWPir5Y4erDI4pWdCNFGUgLYeXid2M6+VHhpmn40FK89yF2P4Wz9skKrU49\nP+bnxq2VCMVmaMviqVbA9ARlZQVPl6m9AoIBAQCtjfhBSHi06YslOqpOd7Od0IYw\nhOynqiyIO1DJaYAFXo0v+nicgb3jViu4ytfiFJhN3pH/R8HnriejnNstfh02400y\ncszANjY2DW0YbgM9YKMgEL7KGdUjqO6/O/TTFUhJVEa4kNTOTS5vfT1wOJRBmLQD\nc1sRfmzSu4vqhIovoYJ+s1XeED4fg8BrJ6c7Lzshw1sk/tR8qu5RqxOkZl7W3UEk\nm/v1GHDVXxfqCAooraa5luTERMeUDoK7SAYw62w+HohHrGkGtbSWNmSyz507uKJK\nNT+VnKf8ILh/QZK+A3C2IbqstqRqFU6+47Us0kvauoFvRE4p7LOxUiq1uFyV\n-----END RSA PRIVATE KEY-----\n",
      "type": "string",
      "sensitive": true
    },
    "bastion_public_ip": {
      "value": "56.228.74.219",
      "type": "string"
    },
    "clickhouse_private_ip": {
      "value": "10.0.10.70",
      "type": "string"
    },
    "documentdb_endpoint": {
      "value": "paystream-docdb.cluster-c7464guo8csy.eu-north-1.docdb.amazonaws.com",
      "type": "string"
    },
    "emr_application_id": {
      "value": "00g4gf50q62nb51d",
      "type": "string"
    },
    "grafana_endpoint": {
      "value": "N/A — AMG not available in eu-north-1",
      "type": "string"
    },
    "msk_bootstrap_brokers_iam": {
      "value": "9fad09fe-f092-4473-9398-e514f518a3f5-s1",
      "type": "string"
    },
    "msk_cluster_arn": {
      "value": "arn:aws:kafka:eu-north-1:061664787519:cluster/paystream-msk/9fad09fe-f092-4473-9398-e514f518a3f5-s1",
      "type": "string"
    },
    "mwaa_webserver_url": {
      "value": "",
      "type": "string"
    },
    "prometheus_endpoint": {
      "value": "https://aps-workspaces.eu-north-1.amazonaws.com/workspaces/ws-0e518953-9d8b-492d-a249-d7c5ee64eaa6/",
      "type": "string"
    },
    "rds_endpoint": {
      "value": "paystream-rds.c7464guo8csy.eu-north-1.rds.amazonaws.com",
      "type": "string"
    },
    "s3_bucket_names": {
      "value": [
        "paystream-bronze-dev",
        "paystream-silver-dev",
        "paystream-gold-dev",
        "paystream-features-dev",
        "paystream-delta-dev",
        "paystream-mwaa-dags-dev"
      ],
      "type": [
        "tuple",
        [
          "string",
          "string",
          "string",
          "string",
          "string",
          "string"
        ]
      ]
    },
    "schema_registry_url": {
      "value": "http://schema-registry.paystream.local:8081",
      "type": "string"
    },
    "vpc_id": {
      "value": "vpc-0dd288ca056935049",
      "type": "string"
    }
  },
  "resources": [
    {
      "module": "module.bastion",
      "mode": "data",
      "type": "aws_ami",
      "name": "amazon_linux_2",
      "provider": "provider[\"registry.terraform.io/hashicorp/aws\"]",
      "instances": [
        {
          "schema_version": 0,
          "attributes": {
            "architecture": "x86_64",
            "arn": "arn:aws:ec2:eu-north-1::image/ami-037688ecd92e8611e",
            "block_device_mappings": [
              {
                "device_name": "/dev/xvda",
                "ebs": {
                  "delete_on_termination": "true",
                  "encrypted": "false",
                  "iops": "0",
                  "snapshot_id": "snap-03933ec0898227bc3",
                  "throughput": "0",
                  "volume_size": "8",
                  "volume_type": "gp2"
                },
                "no_device": "",
                "virtual_name": ""
              }
            ],
            "boot_mode": "",
            "creation_date": "2026-02-26T18:36:39.000Z",
            "deprecation_time": "2026-05-27T18:42:00.000Z",
            "description": "Amazon Linux 2 AMI 2.0.20260302.0 x86_64 HVM gp2",
            "ena_support": true,
            "executable_users": null,
            "filter": [
              {
                "name": "name",
                "values": [
                  "amzn2-ami-hvm-*-x86_64-gp2"
                ]
              },
              {
                "name": "virtualization-type",
                "values": [
                  "hvm"
                ]
              }
            ],
            "hypervisor": "xen",
            "id": "ami-037688ecd92e8611e",
            "image_id": "ami-037688ecd92e8611e",
            "image_location": "amazon/amzn2-ami-hvm-2.0.20260302.0-x86_64-gp2",
            "image_owner_alias": "amazon",
            "image_type": "machine",
            "imds_support": "",
            "include_deprecated": false,
            "kernel_id": "",
            "most_recent": true,
            "name": "amzn2-ami-hvm-2.0.20260302.0-x86_64-gp2",
            "name_regex": null,
            "owner_id": "137112412989",
            "owners": [
              "amazon"
            ],
            "platform": "",
            "platform_details": "Linux/UNIX",
            "product_codes": [],
            "public": true,
            "ramdisk_id": "",
            "root_device_name": "/dev/xvda",
            "root_device_type": "ebs",
            "root_snapshot_id": "snap-03933ec0898227bc3",
            "sriov_net_support": "simple",
            "state": "available",
            "state_reason": {
              "code": "UNSET",
              "message": "UNSET"
            },
            "tags": {},
            "timeouts": null,
            "tpm_support": "",
            "usage_operation": "RunInstances",
            "virtualization_type": "hvm"
          },
          "sensitive_attributes": []
        }
      ]
    },
    {
      "module": "module.bastion",
      "mode": "managed",
      "type": "aws_eip",
      "name": "bastion",
      "provider": "provider[\"registry.terraform.io/hashicorp/aws\"]",
      "instances": [
        {
          "schema_version": 0,
          "attributes": {
            "address": null,
            "allocation_id": "eipalloc-0f6ed935da6db8e0d",
            "associate_with_private_ip": null,
            "association_id": "eipassoc-0ca5890ba598fbe97",
            "carrier_ip": "",
            "customer_owned_ip": "",
            "customer_owned_ipv4_pool": "",
            "domain": "vpc",
            "id": "eipalloc-0f6ed935da6db8e0d",
            "instance": "i-07107c32320b0eb39",
            "network_border_group": "eu-north-1",
            "network_interface": "eni-031f05b08bec23873",
            "private_dns": "ip-10-0-1-197.eu-north-1.compute.internal",
            "private_ip": "10.0.1.197",
            "public_dns": "ec2-56-228-74-219.eu-north-1.compute.amazonaws.com",
            "public_ip": "56.228.74.219",
            "public_ipv4_pool": "amazon",
            "tags": {
              "Name": "paystream-bastion-eip"
            },
            "tags_all": {
              "Environment": "dev",
              "ManagedBy": "terraform",
              "Name": "paystream-bastion-eip",
              "Project": "paystream"
            },
            "timeouts": null,
            "vpc": true
          },
          "sensitive_attributes": [],
          "private": "eyJlMmJmYjczMC1lY2FhLTExZTYtOGY4OC0zNDM2M2JjN2M0YzAiOnsiZGVsZXRlIjoxODAwMDAwMDAwMDAsInJlYWQiOjkwMDAwMDAwMDAwMCwidXBkYXRlIjozMDAwMDAwMDAwMDB9fQ=="
        }
      ]
    },
    {
      "module": "module.bastion",
      "mode": "managed",
      "type": "aws_eip_association",
      "name": "bastion",
      "provider": "provider[\"registry.terraform.io/hashicorp/aws\"]",
      "instances": [
        {
          "schema_version": 0,
          "attributes": {
            "allocation_id": "eipalloc-0f6ed935da6db8e0d",
            "allow_reassociation": null,
            "id": "eipassoc-0ca5890ba598fbe97",
            "instance_id": "i-07107c32320b0eb39",
            "network_interface_id": "eni-031f05b08bec23873",
            "private_ip_address": "10.0.1.197",
            "public_ip": "56.228.74.219"
          },
          "sensitive_attributes": [],
          "private": "bnVsbA==",
          "dependencies": [
            "module.bastion.aws_eip.bastion",
            "module.bastion.aws_instance.bastion",
            "module.bastion.data.aws_ami.amazon_linux_2",
            "module.vpc.aws_security_group.bastion",
            "module.vpc.aws_subnet.public_1a",
            "module.vpc.aws_vpc.main"
          ]
        }
      ]
    },
    {
      "module": "module.bastion",
      "mode": "managed",
      "type": "aws_instance",
      "name": "bastion",
      "provider": "provider[\"registry.terraform.io/hashicorp/aws\"]",
      "instances": [
        {
          "schema_version": 1,
          "attributes": {
            "ami": "ami-037688ecd92e8611e",
            "arn": "arn:aws:ec2:eu-north-1:061664787519:instance/i-07107c32320b0eb39",
            "associate_public_ip_address": true,
            "availability_zone": "eu-north-1a",
            "capacity_reservation_specification": [
              {
                "capacity_reservation_preference": "open",
                "capacity_reservation_target": []
              }
            ],
            "cpu_core_count": 1,
            "cpu_options": [
              {
                "amd_sev_snp": "",
                "core_count": 1,
                "threads_per_core": 2
              }
            ],
            "cpu_threads_per_core": 2,
            "credit_specification": [
              {
                "cpu_credits": "unlimited"
              }
            ],
            "disable_api_stop": false,
            "disable_api_termination": false,
            "ebs_block_device": [],
            "ebs_optimized": false,
            "enclave_options": [
              {
                "enabled": false
              }
            ],
            "ephemeral_block_device": [],
            "get_password_data": false,
            "hibernation": false,
            "host_id": "",
            "host_resource_group_arn": null,
            "iam_instance_profile": "",
            "id": "i-07107c32320b0eb39",
            "instance_initiated_shutdown_behavior": "stop",
            "instance_lifecycle": "",
            "instance_market_options": [],
            "instance_state": "running",
            "instance_type": "t3.micro",
            "ipv6_address_count": 0,
            "ipv6_addresses": [],
            "key_name": "paystream-bastion",
            "launch_template": [],
            "maintenance_options": [
              {
                "auto_recovery": "default"
              }
            ],
            "metadata_options": [
              {
                "http_endpoint": "enabled",
                "http_protocol_ipv6": "disabled",
                "http_put_response_hop_limit": 1,
                "http_tokens": "optional",
                "instance_metadata_tags": "disabled"
              }
            ],
            "monitoring": false,
            "network_interface": [],
            "outpost_arn": "",
            "password_data": "",
            "placement_group": "",
            "placement_partition_number": 0,
            "primary_network_interface_id": "eni-031f05b08bec23873",
            "private_dns": "ip-10-0-1-197.eu-north-1.compute.internal",
            "private_dns_name_options": [
              {
                "enable_resource_name_dns_a_record": false,
                "enable_resource_name_dns_aaaa_record": false,
                "hostname_type": "ip-name"
              }
            ],
            "private_ip": "10.0.1.197",
            "public_dns": "ec2-56-228-74-219.eu-north-1.compute.amazonaws.com",
            "public_ip": "56.228.74.219",
            "root_block_device": [
              {
                "delete_on_termination": true,
                "device_name": "/dev/xvda",
                "encrypted": false,
                "iops": 100,
                "kms_key_id": "",
                "tags": {},
                "tags_all": {
                  "Environment": "dev",
                  "ManagedBy": "terraform",
                  "Project": "paystream"
                },
                "throughput": 0,
                "volume_id": "vol-0f886ba757bbc2615",
                "volume_size": 8,
                "volume_type": "gp2"
              }
            ],
            "secondary_private_ips": [],
            "security_groups": [],
            "source_dest_check": true,
            "spot_instance_request_id": "",
            "subnet_id": "subnet-0179cbba789e8feaf",
            "tags": {
              "Name": "paystream-bastion"
            },
            "tags_all": {
              "Environment": "dev",
              "ManagedBy": "terraform",
              "Name": "paystream-bastion",
              "Project": "paystream"
            },
            "tenancy": "default",
            "timeouts": null,
            "user_data": null,
            "user_data_base64": null,
            "user_data_replace_on_change": false,
            "volume_tags": null,
            "vpc_security_group_ids": [
              "sg-00c4bc406e428f29b"
            ]
          },
          "sensitive_attributes": [],
          "private": "eyJlMmJmYjczMC1lY2FhLTExZTYtOGY4OC0zNDM2M2JjN2M0YzAiOnsiY3JlYXRlIjo2MDAwMDAwMDAwMDAsImRlbGV0ZSI6MTIwMDAwMDAwMDAwMCwicmVhZCI6OTAwMDAwMDAwMDAwLCJ1cGRhdGUiOjYwMDAwMDAwMDAwMH0sInNjaGVtYV92ZXJzaW9uIjoiMSJ9",
          "dependencies": [
            "module.bastion.data.aws_ami.amazon_linux_2",
            "module.vpc.aws_security_group.bastion",
            "module.vpc.aws_subnet.public_1a",
            "module.vpc.aws_vpc.main"
          ]
        }
      ]
    },
    {
      "module": "module.bastion",
      "mode": "managed",
      "type": "aws_key_pair",
      "name": "bastion",
      "provider": "provider[\"registry.terraform.io/hashicorp/aws\"]",
      "instances": [
        {
          "schema_version": 1,
          "attributes": {
            "arn": "arn:aws:ec2:eu-north-1:061664787519:key-pair/paystream-bastion",
            "fingerprint": "8d:f0:df:a3:77:78:b8:cb:cc:8b:75:fc:d3:fe:ac:6b",
            "id": "paystream-bastion",
            "key_name": "paystream-bastion",
            "key_name_prefix": "",
            "key_pair_id": "key-0c0e1ae3a7cb145b8",
            "key_type": "rsa",
            "public_key": "ssh-rsa AAAAB3NzaC1yc2EAAAADAQABAAACAQDO8nmMhXgwbdJ/TSnSFkAFPXLzcfvib8wCF0Dnk23notp8c6jlPMBKro8AOf15+ZZtRaEPheabWbAg27Fh1qmbh96CXX5+k7KZ/yOuBGp5IT+mI4Ef1ID1xREzRFwPIIUeR1VvxqFfu0pF1OZ3A/U4yglkmmed0kSVeMbZAODyMDPY7h8pxFZoazvKHMFi77MO7aDSFJVNDe+NuzSxT2xWGCzGJMXzajnj4m9R8GfGdUNQ3jtYGt29ccltiwEWoKijIgrJ+yccYgWnRuzM5DcY6+xjCY6wJT7lE6HavJ7i7R9AE0R54hMlX2KZYGkfOHtdkqMwJkK99tZfHFY+GjVUPC3jiC3IEeQd9aLPmeJ3GYA1cInH16hYhX5zYf5O0Fz44hJS8sAZGMIFj3mPUh+iIoQsfgBc09tVjA+tfa0HavE6Ib08P8r0LW2Up/Mp+bi+MLPfigIeNFcnud5jLFQHAqjNwL++tFwNJotn1Aj4IiSbeBa+LJsTYgTGJO2dPUgdXzT9I8+WNL4xKNUdXHjG3HZf6t0uSSxZuAmrCLentRKHcF8zpZaxTmVDggA7N74OZSoccK4qw/oMIhhJY2SN92yKSyS/zbWzRAHJrWzWz6IV+PnSNTdhHXi3qARU956vkJqPu/9vIbq84rMAuc5wtaVB+M6SlfSC8FPClApdMQ==",
            "tags": {
              "Name": "paystream-bastion-key"
            },
            "tags_all": {
              "Environment": "dev",
              "ManagedBy": "terraform",
              "Name": "paystream-bastion-key",
              "Project": "paystream"
            }
          },
          "sensitive_attributes": [],
          "private": "eyJzY2hlbWFfdmVyc2lvbiI6IjEifQ==",
          "dependencies": [
            "module.bastion.tls_private_key.bastion"
          ]
        }
      ]
    },
    {
      "module": "module.bastion",
      "mode": "managed",
      "type": "tls_private_key",
      "name": "bastion",
      "provider": "provider[\"registry.terraform.io/hashicorp/tls\"]",
      "instances": [
        {
          "schema_version": 1,
          "attributes": {
            "algorithm": "RSA",
            "ecdsa_curve": "P224",
            "id": "92eff4bf0a86adef000debed795601fca0d151aa",
            "private_key_openssh": "-----BEGIN OPENSSH PRIVATE KEY-----\nb3BlbnNzaC1rZXktdjEAAAAABG5vbmUAAAAEbm9uZQAAAAAAAAABAAACFwAAAAdz\nc2gtcnNhAAAAAwEAAQAAAgEAzvJ5jIV4MG3Sf00p0hZABT1y83H74m/MAhdA55Nt\n56LafHOo5TzASq6PADn9efmWbUWhD4Xmm1mwINuxYdapm4fegl1+fpOymf8jrgRq\neSE/piOBH9SA9cURM0RcDyCFHkdVb8ahX7tKRdTmdwP1OMoJZJpnndJElXjG2QDg\n8jAz2O4fKcRWaGs7yhzBYu+zDu2g0hSVTQ3vjbs0sU9sVhgsxiTF82o54+JvUfBn\nxnVDUN47WBrdvXHJbYsBFqCooyIKyfsnHGIFp0bszOQ3GOvsYwmOsCU+5ROh2rye\n4u0fQBNEeeITJV9imWBpHzh7XZKjMCZCvfbWXxxWPho1VDwt44gtyBHkHfWiz5ni\ndxmANXCJx9eoWIV+c2H+TtBc+OISUvLAGRjCBY95j1IfoiKELH4AXNPbVYwPrX2t\nB2rxOiG9PD/K9C1tlKfzKfm4vjCz34oCHjRXJ7neYyxUBwKozcC/vrRcDSaLZ9QI\n+CIkm3gWviybE2IExiTtnT1IHV80/SPPljS+MSjVHVx4xtx2X+rdLkksWbgJqwi3\np7USh3BfM6WWsU5lQ4IAOze+DmUqHHCuKsP6DCIYSWNkjfdsikskv821s0QBya1s\n1s+iFfj50jU3YR14t6gEVPeer5Caj7v/byG6vOKzALnOcLWlQfjOkpX0gvBTwpQK\nXTEAAAc4VFn4GVRZ+BkAAAAHc3NoLXJzYQAAAgEAzvJ5jIV4MG3Sf00p0hZABT1y\n83H74m/MAhdA55Nt56LafHOo5TzASq6PADn9efmWbUWhD4Xmm1mwINuxYdapm4fe\ngl1+fpOymf8jrgRqeSE/piOBH9SA9cURM0RcDyCFHkdVb8ahX7tKRdTmdwP1OMoJ\nZJpnndJElXjG2QDg8jAz2O4fKcRWaGs7yhzBYu+zDu2g0hSVTQ3vjbs0sU9sVhgs\nxiTF82o54+JvUfBnxnVDUN47WBrdvXHJbYsBFqCooyIKyfsnHGIFp0bszOQ3GOvs\nYwmOsCU+5ROh2rye4u0fQBNEeeITJV9imWBpHzh7XZKjMCZCvfbWXxxWPho1VDwt\n44gtyBHkHfWiz5nidxmANXCJx9eoWIV+c2H+TtBc+OISUvLAGRjCBY95j1IfoiKE\nLH4AXNPbVYwPrX2tB2rxOiG9PD/K9C1tlKfzKfm4vjCz34oCHjRXJ7neYyxUBwKo\nzcC/vrRcDSaLZ9QI+CIkm3gWviybE2IExiTtnT1IHV80/SPPljS+MSjVHVx4xtx2\nX+rdLkksWbgJqwi3p7USh3BfM6WWsU5lQ4IAOze+DmUqHHCuKsP6DCIYSWNkjfds\nikskv821s0QBya1s1s+iFfj50jU3YR14t6gEVPeer5Caj7v/byG6vOKzALnOcLWl\nQfjOkpX0gvBTwpQKXTEAAAADAQABAAACADbctTh5kblVA/7XmASn/WTmO3kqeJo5\nBR5wx7YcsYA8/isMBnRvPJMP370xom8ZqbViRiZ1WwNILZcoZsgHPoOK64QoAQbR\nZQHKT80sQoXGOLd0piCoF2AQVFUBBF7GQkQaqR2uzM0yO6hznn1iwTnC5eaTwHBo\nc+IkWKLixr+t47DYv840zKt18i3Mnb/6x79nY8ENz97TmPQ78uYmphPU6NnGmevD\n94DgYJ6aWwiTwbrIj3b1+F7msX2m4iz7fnlw5udQ+7dcjR8hgFl5Dto+gTZoLDmq\nRhg4sino4z5JmoVEFl0xf93igaMjmfq64ImX/EchfYQa0g341ywzintGQbAOG0x3\nabxo7bO1CbsNW49hEoLBF40R7ko+6HrKjcRUg0PQI6nt/rkdbfNd1gxtgvtlhTPh\n60IF54iwNPG6+mk6sMupZsynnBCW2LPd/5W9KB/nUweotAf1CghPvp0vgHYTcX2X\nCulGIIIiSo82Om4Xfr9NpLaXrgYaPsAtHry172+egWq3OoR53WuIFIOZZCG6N5Hw\nXiBY1g5TpKdoRFqFNYJP6kO1gcQ+R4iFFrnDGKZTCd9bERJSzJP7/QWpffMbVSRF\nqj0H1S90KywC7+E5tJ94Eyv7PbKgZFUMDBd/HNLfVb9QCzDBbGkx3Y1bWGwT8pzl\nL6p3N3cPJyK5AAABAQCtjfhBSHi06YslOqpOd7Od0IYwhOynqiyIO1DJaYAFXo0v\n+nicgb3jViu4ytfiFJhN3pH/R8HnriejnNstfh02400ycszANjY2DW0YbgM9YKMg\nEL7KGdUjqO6/O/TTFUhJVEa4kNTOTS5vfT1wOJRBmLQDc1sRfmzSu4vqhIovoYJ+\ns1XeED4fg8BrJ6c7Lzshw1sk/tR8qu5RqxOkZl7W3UEkm/v1GHDVXxfqCAooraa5\nluTERMeUDoK7SAYw62w+HohHrGkGtbSWNmSyz507uKJKNT+VnKf8ILh/QZK+A3C2\nIbqstqRqFU6+47Us0kvauoFvRE4p7LOxUiq1uFyVAAABAQDiBEpMRyCltXYTCT6t\nn1WvoEd5KQDI1BXHZ1NI9zf/nOl8GDgjc9bF6RMCu2sez8z1iamp2Qdc3aBoxHxK\nECe7Lp2RDq06M5wbHMKFVSYGVe93yzjPYSovAjxmdQWx/gHV8toRDTO5dzYufSoL\nh50i82W5+6m4lUpnXENocA+l1EItyH4KFpsnUhruZngtPoIXCyD6AQ6X3b5drFwb\nDACjdWnY4z1mDNZctNuouElvHm2Ns21H5tJpBdVTKoRVY8IoEQ7dhhGbqyXML/P4\nvideH1yoM4dxp/tUUhXdXRpMgFiHBoqBMm+NYhzaNSvDwfJUHpPuRS0ehi86ljaG\nSF5fAAABAQDqZpDlrutHqrHdjxhaXi6ZjAyL0Q7o9OGAXI1w1ejE5TU7myZXTnff\n2TnN6cYUHMm39u6PqHoqxD5FXeV/rbOhjcysHhC+LiNBqYzPWO3Hiy8xpYi1ONpi\n7kwd5Tv5e4VdT5TqFSHL0vJ6X0cznbZXEzSYKpk07bSFib939jG81e7AM1UjFBx9\nmAAe4UKlfMGTPJRWev2Y9uVG/0i2/Y/VWjz0Gxpx7CuibKFBGtCuM1/7eBPrZCVF\nZ9TLleF0bHPlOrQULUJEVYqyZsiDV2yL4yUmXtZhF/yxKugxR9/tQqclkcBjE4JH\nbIFRLNdQib/v3b2f/rOIof3pZrJp585vAAAAAAEC\n-----END OPENSSH PRIVATE KEY-----\n",
            "private_key_pem": "-----BEGIN RSA PRIVATE KEY-----\nMIIJKQIBAAKCAgEAzvJ5jIV4MG3Sf00p0hZABT1y83H74m/MAhdA55Nt56LafHOo\n5TzASq6PADn9efmWbUWhD4Xmm1mwINuxYdapm4fegl1+fpOymf8jrgRqeSE/piOB\nH9SA9cURM0RcDyCFHkdVb8ahX7tKRdTmdwP1OMoJZJpnndJElXjG2QDg8jAz2O4f\nKcRWaGs7yhzBYu+zDu2g0hSVTQ3vjbs0sU9sVhgsxiTF82o54+JvUfBnxnVDUN47\nWBrdvXHJbYsBFqCooyIKyfsnHGIFp0bszOQ3GOvsYwmOsCU+5ROh2rye4u0fQBNE\neeITJV9imWBpHzh7XZKjMCZCvfbWXxxWPho1VDwt44gtyBHkHfWiz5nidxmANXCJ\nx9eoWIV+c2H+TtBc+OISUvLAGRjCBY95j1IfoiKELH4AXNPbVYwPrX2tB2rxOiG9\nPD/K9C1tlKfzKfm4vjCz34oCHjRXJ7neYyxUBwKozcC/vrRcDSaLZ9QI+CIkm3gW\nviybE2IExiTtnT1IHV80/SPPljS+MSjVHVx4xtx2X+rdLkksWbgJqwi3p7USh3Bf\nM6WWsU5lQ4IAOze+DmUqHHCuKsP6DCIYSWNkjfdsikskv821s0QBya1s1s+iFfj5\n0jU3YR14t6gEVPeer5Caj7v/byG6vOKzALnOcLWlQfjOkpX0gvBTwpQKXTECAwEA\nAQKCAgA23LU4eZG5VQP+15gEp/1k5jt5KniaOQUecMe2HLGAPP4rDAZ0bzyTD9+9\nMaJvGam1YkYmdVsDSC2XKGbIBz6DiuuEKAEG0WUByk/NLEKFxji3dKYgqBdgEFRV\nAQRexkJEGqkdrszNMjuoc559YsE5wuXmk8BwaHPiJFii4sa/reOw2L/ONMyrdfIt\nzJ2/+se/Z2PBDc/e05j0O/LmJqYT1OjZxpnrw/eA4GCemlsIk8G6yI929fhe5rF9\npuIs+355cObnUPu3XI0fIYBZeQ7aPoE2aCw5qkYYOLIp6OM+SZqFRBZdMX/d4oGj\nI5n6uuCJl/xHIX2EGtIN+NcsM4p7RkGwDhtMd2m8aO2ztQm7DVuPYRKCwReNEe5K\nPuh6yo3EVIND0COp7f65HW3zXdYMbYL7ZYUz4etCBeeIsDTxuvppOrDLqWbMp5wQ\nltiz3f+VvSgf51MHqLQH9QoIT76dL4B2E3F9lwrpRiCCIkqPNjpuF36/TaS2l64G\nGj7ALR68te9vnoFqtzqEed1riBSDmWQhujeR8F4gWNYOU6SnaERahTWCT+pDtYHE\nPkeIhRa5wximUwnfWxESUsyT+/0FqX3zG1UkRao9B9UvdCssAu/hObSfeBMr+z2y\noGRVDAwXfxzS31W/UAswwWxpMd2NW1hsE/Kc5S+qdzd3DyciuQKCAQEA4gRKTEcg\npbV2Ewk+rZ9Vr6BHeSkAyNQVx2dTSPc3/5zpfBg4I3PWxekTArtrHs/M9YmpqdkH\nXN2gaMR8ShAnuy6dkQ6tOjOcGxzChVUmBlXvd8s4z2EqLwI8ZnUFsf4B1fLaEQ0z\nuXc2Ln0qC4edIvNlufupuJVKZ1xDaHAPpdRCLch+ChabJ1Ia7mZ4LT6CFwsg+gEO\nl92+XaxcGwwAo3Vp2OM9ZgzWXLTbqLhJbx5tjbNtR+bSaQXVUyqEVWPCKBEO3YYR\nm6slzC/z+L4nXh9cqDOHcaf7VFIV3V0aTIBYhwaKgTJvjWIc2jUrw8HyVB6T7kUt\nHoYvOpY2hkheXwKCAQEA6maQ5a7rR6qx3Y8YWl4umYwMi9EO6PThgFyNcNXoxOU1\nO5smV05339k5zenGFBzJt/buj6h6KsQ+RV3lf62zoY3MrB4Qvi4jQamMz1jtx4sv\nMaWItTjaYu5MHeU7+XuFXU+U6hUhy9Lyel9HM522VxM0mCqZNO20hYm/d/YxvNXu\nwDNVIxQcfZgAHuFCpXzBkzyUVnr9mPblRv9Itv2P1Vo89BsacewromyhQRrQrjNf\n+3gT62QlRWfUy5XhdGxz5Tq0FC1CRFWKsmbIg1dsi+MlJl7WYRf8sSroMUff7UKn\nJZHAYxOCR2yBUSzXUIm/7929n/6ziKH96WayaefObwKCAQEAtQu8vEdJlpO6Bluk\nco2spKdeOWan8zc4Tuespkkp+T6nJTl9VqDHDPe7u7eHgkHwq0rftmdb5368rM+f\nw/AW83DO1NCN4I5Q4MLz6rwfXnnd/fazBiOOF+PRoDzjGAYhUFFdbsVFhq5An5Kx\naFT0gXe5J/a4qFwmIo+ci38gebSCYow0sj4TgLbbTdaVM6Dbsju+6aSJHQuKHx0f\nFqdRp5448HxuxV1JJS/WuNsOL82O8jAlPLBgIbKDhEANix0C/PdVEgv/9NNuzpYm\n9zzS6ilzHmVQfLGTuKKcUxruIxO4VkjeD8nn47gQ5pYq/X9RbyKjWvzcvJO+J08G\nVCCKPwKCAQAEpHdmNSqvxq+zJaxjzc26eM2ez0suTftRYYPjojjz/V4qig4eWI2D\nP3gnneOwbkmIfTmIWtvgkPZyxUNQXg5ausY8+nN2cM9982+4g5hiBV2v7AljHXcl\n0nZreSjQ7iNcD8FxSW3b7Zej2NM+MHd2DglSojVamQKkSnAiXhvqE4qg/+NFyJYv\n3pzR/8AkKu5ijiaZ9+Gh7/HmkBPOnAMHRLxEUW0aqITMuL4Q3gkYCihygJRUay1Z\nzI6oYZWPir5Y4erDI4pWdCNFGUgLYeXid2M6+VHhpmn40FK89yF2P4Wz9skKrU49\nP+bnxq2VCMVmaMviqVbA9ARlZQVPl6m9AoIBAQCtjfhBSHi06YslOqpOd7Od0IYw\nhOynqiyIO1DJaYAFXo0v+nicgb3jViu4ytfiFJhN3pH/R8HnriejnNstfh02400y\ncszANjY2DW0YbgM9YKMgEL7KGdUjqO6/O/TTFUhJVEa4kNTOTS5vfT1wOJRBmLQD\nc1sRfmzSu4vqhIovoYJ+s1XeED4fg8BrJ6c7Lzshw1sk/tR8qu5RqxOkZl7W3UEk\nm/v1GHDVXxfqCAooraa5luTERMeUDoK7SAYw62w+HohHrGkGtbSWNmSyz507uKJK\nNT+VnKf8ILh/QZK+A3C2IbqstqRqFU6+47Us0kvauoFvRE4p7LOxUiq1uFyV\n-----END RSA PRIVATE KEY-----\n",
            "private_key_pem_pkcs8": "-----BEGIN PRIVATE KEY-----\nMIIJQwIBADANBgkqhkiG9w0BAQEFAASCCS0wggkpAgEAAoICAQDO8nmMhXgwbdJ/\nTSnSFkAFPXLzcfvib8wCF0Dnk23notp8c6jlPMBKro8AOf15+ZZtRaEPheabWbAg\n27Fh1qmbh96CXX5+k7KZ/yOuBGp5IT+mI4Ef1ID1xREzRFwPIIUeR1VvxqFfu0pF\n1OZ3A/U4yglkmmed0kSVeMbZAODyMDPY7h8pxFZoazvKHMFi77MO7aDSFJVNDe+N\nuzSxT2xWGCzGJMXzajnj4m9R8GfGdUNQ3jtYGt29ccltiwEWoKijIgrJ+yccYgWn\nRuzM5DcY6+xjCY6wJT7lE6HavJ7i7R9AE0R54hMlX2KZYGkfOHtdkqMwJkK99tZf\nHFY+GjVUPC3jiC3IEeQd9aLPmeJ3GYA1cInH16hYhX5zYf5O0Fz44hJS8sAZGMIF\nj3mPUh+iIoQsfgBc09tVjA+tfa0HavE6Ib08P8r0LW2Up/Mp+bi+MLPfigIeNFcn\nud5jLFQHAqjNwL++tFwNJotn1Aj4IiSbeBa+LJsTYgTGJO2dPUgdXzT9I8+WNL4x\nKNUdXHjG3HZf6t0uSSxZuAmrCLentRKHcF8zpZaxTmVDggA7N74OZSoccK4qw/oM\nIhhJY2SN92yKSyS/zbWzRAHJrWzWz6IV+PnSNTdhHXi3qARU956vkJqPu/9vIbq8\n4rMAuc5wtaVB+M6SlfSC8FPClApdMQIDAQABAoICADbctTh5kblVA/7XmASn/WTm\nO3kqeJo5BR5wx7YcsYA8/isMBnRvPJMP370xom8ZqbViRiZ1WwNILZcoZsgHPoOK\n64QoAQbRZQHKT80sQoXGOLd0piCoF2AQVFUBBF7GQkQaqR2uzM0yO6hznn1iwTnC\n5eaTwHBoc+IkWKLixr+t47DYv840zKt18i3Mnb/6x79nY8ENz97TmPQ78uYmphPU\n6NnGmevD94DgYJ6aWwiTwbrIj3b1+F7msX2m4iz7fnlw5udQ+7dcjR8hgFl5Dto+\ngTZoLDmqRhg4sino4z5JmoVEFl0xf93igaMjmfq64ImX/EchfYQa0g341ywzintG\nQbAOG0x3abxo7bO1CbsNW49hEoLBF40R7ko+6HrKjcRUg0PQI6nt/rkdbfNd1gxt\ngvtlhTPh60IF54iwNPG6+mk6sMupZsynnBCW2LPd/5W9KB/nUweotAf1CghPvp0v\ngHYTcX2XCulGIIIiSo82Om4Xfr9NpLaXrgYaPsAtHry172+egWq3OoR53WuIFIOZ\nZCG6N5HwXiBY1g5TpKdoRFqFNYJP6kO1gcQ+R4iFFrnDGKZTCd9bERJSzJP7/QWp\nffMbVSRFqj0H1S90KywC7+E5tJ94Eyv7PbKgZFUMDBd/HNLfVb9QCzDBbGkx3Y1b\nWGwT8pzlL6p3N3cPJyK5AoIBAQDiBEpMRyCltXYTCT6tn1WvoEd5KQDI1BXHZ1NI\n9zf/nOl8GDgjc9bF6RMCu2sez8z1iamp2Qdc3aBoxHxKECe7Lp2RDq06M5wbHMKF\nVSYGVe93yzjPYSovAjxmdQWx/gHV8toRDTO5dzYufSoLh50i82W5+6m4lUpnXENo\ncA+l1EItyH4KFpsnUhruZngtPoIXCyD6AQ6X3b5drFwbDACjdWnY4z1mDNZctNuo\nuElvHm2Ns21H5tJpBdVTKoRVY8IoEQ7dhhGbqyXML/P4videH1yoM4dxp/tUUhXd\nXRpMgFiHBoqBMm+NYhzaNSvDwfJUHpPuRS0ehi86ljaGSF5fAoIBAQDqZpDlrutH\nqrHdjxhaXi6ZjAyL0Q7o9OGAXI1w1ejE5TU7myZXTnff2TnN6cYUHMm39u6PqHoq\nxD5FXeV/rbOhjcysHhC+LiNBqYzPWO3Hiy8xpYi1ONpi7kwd5Tv5e4VdT5TqFSHL\n0vJ6X0cznbZXEzSYKpk07bSFib939jG81e7AM1UjFBx9mAAe4UKlfMGTPJRWev2Y\n9uVG/0i2/Y/VWjz0Gxpx7CuibKFBGtCuM1/7eBPrZCVFZ9TLleF0bHPlOrQULUJE\nVYqyZsiDV2yL4yUmXtZhF/yxKugxR9/tQqclkcBjE4JHbIFRLNdQib/v3b2f/rOI\nof3pZrJp585vAoIBAQC1C7y8R0mWk7oGW6Ryjaykp145ZqfzNzhO56ymSSn5Pqcl\nOX1WoMcM97u7t4eCQfCrSt+2Z1vnfrysz5/D8BbzcM7U0I3gjlDgwvPqvB9eed39\n9rMGI44X49GgPOMYBiFQUV1uxUWGrkCfkrFoVPSBd7kn9rioXCYij5yLfyB5tIJi\njDSyPhOAtttN1pUzoNuyO77ppIkdC4ofHR8Wp1GnnjjwfG7FXUklL9a42w4vzY7y\nMCU8sGAhsoOEQA2LHQL891USC//0027Olib3PNLqKXMeZVB8sZO4opxTGu4jE7hW\nSN4PyefjuBDmlir9f1FvIqNa/Ny8k74nTwZUIIo/AoIBAASkd2Y1Kq/Gr7MlrGPN\nzbp4zZ7PSy5N+1Fhg+OiOPP9XiqKDh5YjYM/eCed47BuSYh9OYha2+CQ9nLFQ1Be\nDlq6xjz6c3Zwz33zb7iDmGIFXa/sCWMddyXSdmt5KNDuI1wPwXFJbdvtl6PY0z4w\nd3YOCVKiNVqZAqRKcCJeG+oTiqD/40XIli/enNH/wCQq7mKOJpn34aHv8eaQE86c\nAwdEvERRbRqohMy4vhDeCRgKKHKAlFRrLVnMjqhhlY+Kvljh6sMjilZ0I0UZSAth\n5eJ3Yzr5UeGmafjQUrz3IXY/hbP2yQqtTj0/5ufGrZUIxWZoy+KpVsD0BGVlBU+X\nqb0CggEBAK2N+EFIeLTpiyU6qk53s53QhjCE7KeqLIg7UMlpgAVejS/6eJyBveNW\nK7jK1+IUmE3ekf9HweeuJ6Oc2y1+HTbjTTJyzMA2NjYNbRhuAz1goyAQvsoZ1SOo\n7r879NMVSElURriQ1M5NLm99PXA4lEGYtANzWxF+bNK7i+qEii+hgn6zVd4QPh+D\nwGsnpzsvOyHDWyT+1Hyq7lGrE6RmXtbdQSSb+/UYcNVfF+oICiitprmW5MREx5QO\ngrtIBjDrbD4eiEesaQa1tJY2ZLLPnTu4oko1P5Wcp/wguH9Bkr4DcLYhuqy2pGoV\nTr7jtSzSS9q6gW9ETinss7FSKrW4XJU=\n-----END PRIVATE KEY-----\n",
            "public_key_fingerprint_md5": "95:f8:21:9c:fc:57:b8:9e:d2:7d:71:0a:ce:9a:07:4a",
            "public_key_fingerprint_sha256": "SHA256:vUUi5qhUAaCH/WGLx4YvBW01HtG+KpXOYEKnnteb9Y4",
            "public_key_openssh": "ssh-rsa AAAAB3NzaC1yc2EAAAADAQABAAACAQDO8nmMhXgwbdJ/TSnSFkAFPXLzcfvib8wCF0Dnk23notp8c6jlPMBKro8AOf15+ZZtRaEPheabWbAg27Fh1qmbh96CXX5+k7KZ/yOuBGp5IT+mI4Ef1ID1xREzRFwPIIUeR1VvxqFfu0pF1OZ3A/U4yglkmmed0kSVeMbZAODyMDPY7h8pxFZoazvKHMFi77MO7aDSFJVNDe+NuzSxT2xWGCzGJMXzajnj4m9R8GfGdUNQ3jtYGt29ccltiwEWoKijIgrJ+yccYgWnRuzM5DcY6+xjCY6wJT7lE6HavJ7i7R9AE0R54hMlX2KZYGkfOHtdkqMwJkK99tZfHFY+GjVUPC3jiC3IEeQd9aLPmeJ3GYA1cInH16hYhX5zYf5O0Fz44hJS8sAZGMIFj3mPUh+iIoQsfgBc09tVjA+tfa0HavE6Ib08P8r0LW2Up/Mp+bi+MLPfigIeNFcnud5jLFQHAqjNwL++tFwNJotn1Aj4IiSbeBa+LJsTYgTGJO2dPUgdXzT9I8+WNL4xKNUdXHjG3HZf6t0uSSxZuAmrCLentRKHcF8zpZaxTmVDggA7N74OZSoccK4qw/oMIhhJY2SN92yKSyS/zbWzRAHJrWzWz6IV+PnSNTdhHXi3qARU956vkJqPu/9vIbq84rMAuc5wtaVB+M6SlfSC8FPClApdMQ==\n",
            "public_key_pem": "-----BEGIN PUBLIC KEY-----\nMIICIjANBgkqhkiG9w0BAQEFAAOCAg8AMIICCgKCAgEAzvJ5jIV4MG3Sf00p0hZA\nBT1y83H74m/MAhdA55Nt56LafHOo5TzASq6PADn9efmWbUWhD4Xmm1mwINuxYdap\nm4fegl1+fpOymf8jrgRqeSE/piOBH9SA9cURM0RcDyCFHkdVb8ahX7tKRdTmdwP1\nOMoJZJpnndJElXjG2QDg8jAz2O4fKcRWaGs7yhzBYu+zDu2g0hSVTQ3vjbs0sU9s\nVhgsxiTF82o54+JvUfBnxnVDUN47WBrdvXHJbYsBFqCooyIKyfsnHGIFp0bszOQ3\nGOvsYwmOsCU+5ROh2rye4u0fQBNEeeITJV9imWBpHzh7XZKjMCZCvfbWXxxWPho1\nVDwt44gtyBHkHfWiz5nidxmANXCJx9eoWIV+c2H+TtBc+OISUvLAGRjCBY95j1If\noiKELH4AXNPbVYwPrX2tB2rxOiG9PD/K9C1tlKfzKfm4vjCz34oCHjRXJ7neYyxU\nBwKozcC/vrRcDSaLZ9QI+CIkm3gWviybE2IExiTtnT1IHV80/SPPljS+MSjVHVx4\nxtx2X+rdLkksWbgJqwi3p7USh3BfM6WWsU5lQ4IAOze+DmUqHHCuKsP6DCIYSWNk\njfdsikskv821s0QBya1s1s+iFfj50jU3YR14t6gEVPeer5Caj7v/byG6vOKzALnO\ncLWlQfjOkpX0gvBTwpQKXTECAwEAAQ==\n-----END PUBLIC KEY-----\n",
            "rsa_bits": 4096
          },
          "sensitive_attributes": []
        }
      ]
    },
    {
      "module": "module.clickhouse",
      "mode": "data",
      "type": "aws_ami",
      "name": "amazon_linux_2",
      "provider": "provider[\"registry.terraform.io/hashicorp/aws\"]",
      "instances": [
        {
          "schema_version": 0,
          "attributes": {
            "architecture": "x86_64",
            "arn": "arn:aws:ec2:eu-north-1::image/ami-037688ecd92e8611e",
            "block_device_mappings": [
              {
                "device_name": "/dev/xvda",
                "ebs": {
                  "delete_on_termination": "true",
                  "encrypted": "false",
                  "iops": "0",
                  "snapshot_id": "snap-03933ec0898227bc3",
                  "throughput": "0",
                  "volume_size": "8",
                  "volume_type": "gp2"
                },
                "no_device": "",
                "virtual_name": ""
              }
            ],
            "boot_mode": "",
            "creation_date": "2026-02-26T18:36:39.000Z",
            "deprecation_time": "2026-05-27T18:42:00.000Z",
            "description": "Amazon Linux 2 AMI 2.0.20260302.0 x86_64 HVM gp2",
            "ena_support": true,
            "executable_users": null,
            "filter": [
              {
                "name": "name",
                "values": [
                  "amzn2-ami-hvm-*-x86_64-gp2"
                ]
              },
              {
                "name": "virtualization-type",
                "values": [
                  "hvm"
                ]
              }
            ],
            "hypervisor": "xen",
            "id": "ami-037688ecd92e8611e",
            "image_id": "ami-037688ecd92e8611e",
            "image_location": "amazon/amzn2-ami-hvm-2.0.20260302.0-x86_64-gp2",
            "image_owner_alias": "amazon",
            "image_type": "machine",
            "imds_support": "",
            "include_deprecated": false,
            "kernel_id": "",
            "most_recent": true,
            "name": "amzn2-ami-hvm-2.0.20260302.0-x86_64-gp2",
            "name_regex": null,
            "owner_id": "137112412989",
            "owners": [
              "amazon"
            ],
            "platform": "",
            "platform_details": "Linux/UNIX",
            "product_codes": [],
            "public": true,
            "ramdisk_id": "",
            "root_device_name": "/dev/xvda",
            "root_device_type": "ebs",
            "root_snapshot_id": "snap-03933ec0898227bc3",
            "sriov_net_support": "simple",
            "state": "available",
            "state_reason": {
              "code": "UNSET",
              "message": "UNSET"
            },
            "tags": {},
            "timeouts": null,
            "tpm_support": "",
            "usage_operation": "RunInstances",
            "virtualization_type": "hvm"
          },
          "sensitive_attributes": []
        }
      ]
    },
    {
      "module": "module.clickhouse",
      "mode": "managed",
      "type": "aws_instance",
      "name": "clickhouse",
      "provider": "provider[\"registry.terraform.io/hashicorp/aws\"]",
      "instances": [
        {
          "schema_version": 1,
          "attributes": {
            "ami": "ami-037688ecd92e8611e",
            "arn": "arn:aws:ec2:eu-north-1:061664787519:instance/i-07b7815430fb60427",
            "associate_public_ip_address": false,
            "availability_zone": "eu-north-1a",
            "capacity_reservation_specification": [
              {
                "capacity_reservation_preference": "open",
                "capacity_reservation_target": []
              }
            ],
            "cpu_core_count": 1,
            "cpu_options": [
              {
                "amd_sev_snp": "",
                "core_count": 1,
                "threads_per_core": 2
              }
            ],
            "cpu_threads_per_core": 2,
            "credit_specification": [],
            "disable_api_stop": false,
            "disable_api_termination": false,
            "ebs_block_device": [],
            "ebs_optimized": false,
            "enclave_options": [
              {
                "enabled": false
              }
            ],
            "ephemeral_block_device": [],
            "get_password_data": false,
            "hibernation": false,
            "host_id": "",
            "host_resource_group_arn": null,
            "iam_instance_profile": "",
            "id": "i-07b7815430fb60427",
            "instance_initiated_shutdown_behavior": "stop",
            "instance_lifecycle": "",
            "instance_market_options": [],
            "instance_state": "running",
            "instance_type": "r6i.large",
            "ipv6_address_count": 0,
            "ipv6_addresses": [],
            "key_name": "paystream-bastion",
            "launch_template": [],
            "maintenance_options": [
              {
                "auto_recovery": "default"
              }
            ],
            "metadata_options": [
              {
                "http_endpoint": "enabled",
                "http_protocol_ipv6": "disabled",
                "http_put_response_hop_limit": 1,
                "http_tokens": "optional",
                "instance_metadata_tags": "disabled"
              }
            ],
            "monitoring": false,
            "network_interface": [],
            "outpost_arn": "",
            "password_data": "",
            "placement_group": "",
            "placement_partition_number": 0,
            "primary_network_interface_id": "eni-0e9936ce45199c678",
            "private_dns": "ip-10-0-10-70.eu-north-1.compute.internal",
            "private_dns_name_options": [
              {
                "enable_resource_name_dns_a_record": false,
                "enable_resource_name_dns_aaaa_record": false,
                "hostname_type": "ip-name"
              }
            ],
            "private_ip": "10.0.10.70",
            "public_dns": "",
            "public_ip": "",
            "root_block_device": [
              {
                "delete_on_termination": true,
                "device_name": "/dev/xvda",
                "encrypted": true,
                "iops": 3000,
                "kms_key_id": "arn:aws:kms:eu-north-1:061664787519:key/d6dd351d-f7dc-419e-a426-11eaf2d75ad4",
                "tags": {},
                "tags_all": {
                  "Environment": "dev",
                  "ManagedBy": "terraform",
                  "Project": "paystream"
                },
                "throughput": 125,
                "volume_id": "vol-07b2d195da2cab215",
                "volume_size": 100,
                "volume_type": "gp3"
              }
            ],
            "secondary_private_ips": [],
            "security_groups": [],
            "source_dest_check": true,
            "spot_instance_request_id": "",
            "subnet_id": "subnet-07142df521e0eb4b2",
            "tags": {
              "Name": "paystream-clickhouse"
            },
            "tags_all": {
              "Environment": "dev",
              "ManagedBy": "terraform",
              "Name": "paystream-clickhouse",
              "Project": "paystream"
            },
            "tenancy": "default",
            "timeouts": null,
            "user_data": "5b24d5e9e5c140f7f0d1a3c46b38de4d2586ad8c",
            "user_data_base64": null,
            "user_data_replace_on_change": false,
            "volume_tags": null,
            "vpc_security_group_ids": [
              "sg-05c78261c1584e77a",
              "sg-0e23ef6f10f4f6940"
            ]
          },
          "sensitive_attributes": [],
          "private": "eyJlMmJmYjczMC1lY2FhLTExZTYtOGY4OC0zNDM2M2JjN2M0YzAiOnsiY3JlYXRlIjo2MDAwMDAwMDAwMDAsImRlbGV0ZSI6MTIwMDAwMDAwMDAwMCwicmVhZCI6OTAwMDAwMDAwMDAwLCJ1cGRhdGUiOjYwMDAwMDAwMDAwMH0sInNjaGVtYV92ZXJzaW9uIjoiMSJ9",
          "dependencies": [
            "module.clickhouse.data.aws_ami.amazon_linux_2",
            "module.vpc.aws_security_group.bastion",
            "module.vpc.aws_security_group.clickhouse",
            "module.vpc.aws_security_group.private",
            "module.vpc.aws_subnet.private_1a",
            "module.vpc.aws_vpc.main"
          ]
        }
      ]
    },
    {
      "module": "module.documentdb",
      "mode": "managed",
      "type": "aws_docdb_cluster",
      "name": "main",
      "provider": "provider[\"registry.terraform.io/hashicorp/aws\"]",
      "instances": [
        {
          "schema_version": 0,
          "attributes": {
            "allow_major_version_upgrade": null,
            "apply_immediately": null,
            "arn": "arn:aws:rds:eu-north-1:061664787519:cluster:paystream-docdb",
            "availability_zones": [
              "eu-north-1a",
              "eu-north-1b",
              "eu-north-1c"
            ],
            "backup_retention_period": 1,
            "cluster_identifier": "paystream-docdb",
            "cluster_identifier_prefix": "",
            "cluster_members": [
              "paystream-docdb-instance-1"
            ],
            "cluster_resource_id": "cluster-IMFMA3PBEVMLSK4SHDR3U4LSTM",
            "db_cluster_parameter_group_name": "paystream-docdb-params",
            "db_subnet_group_name": "paystream-docdb-subnet",
            "deletion_protection": false,
            "enabled_cloudwatch_logs_exports": [],
            "endpoint": "paystream-docdb.cluster-c7464guo8csy.eu-north-1.docdb.amazonaws.com",
            "engine": "docdb",
            "engine_version": "5.0.0",
            "final_snapshot_identifier": null,
            "global_cluster_identifier": "",
            "hosted_zone_id": "Z06493632YE631AVAUSFT",
            "id": "paystream-docdb",
            "kms_key_id": "arn:aws:kms:eu-north-1:061664787519:key/47837e7f-9d34-4469-a661-67c4bb5e6432",
            "master_password": "78PFAW05LhwPpiaLZHtNnfCtKWJ9c2Rh",
            "master_username": "paystream_admin",
            "port": 27017,
            "preferred_backup_window": "23:34-00:04",
            "preferred_maintenance_window": "fri:02:12-fri:02:42",
            "reader_endpoint": "paystream-docdb.cluster-ro-c7464guo8csy.eu-north-1.docdb.amazonaws.com",
            "skip_final_snapshot": true,
            "snapshot_identifier": null,
            "storage_encrypted": true,
            "storage_type": "",
            "tags": {
              "Name": "paystream-docdb"
            },
            "tags_all": {
              "Environment": "dev",
              "ManagedBy": "terraform",
              "Name": "paystream-docdb",
              "Project": "paystream"
            },
            "timeouts": null,
            "vpc_security_group_ids": [
              "sg-0599e0ebeba73a28e"
            ]
          },
          "sensitive_attributes": [
            [
              {
                "type": "get_attr",
                "value": "master_password"
              }
            ]
          ],
          "private": "eyJlMmJmYjczMC1lY2FhLTExZTYtOGY4OC0zNDM2M2JjN2M0YzAiOnsiY3JlYXRlIjo3MjAwMDAwMDAwMDAwLCJkZWxldGUiOjcyMDAwMDAwMDAwMDAsInVwZGF0ZSI6NzIwMDAwMDAwMDAwMH19",
          "dependencies": [
            "module.documentdb.aws_docdb_cluster_parameter_group.main",
            "module.documentdb.aws_docdb_subnet_group.main",
            "module.documentdb.random_password.docdb_master",
            "module.vpc.aws_security_group.bastion",
            "module.vpc.aws_security_group.docdb",
            "module.vpc.aws_security_group.private",
            "module.vpc.aws_subnet.private_1a",
            "module.vpc.aws_subnet.private_1b",
            "module.vpc.aws_vpc.main"
          ]
        }
      ]
    },
    {
      "module": "module.documentdb",
      "mode": "managed",
      "type": "aws_docdb_cluster_instance",
      "name": "main",
      "provider": "provider[\"registry.terraform.io/hashicorp/aws\"]",
      "instances": [
        {
          "schema_version": 0,
          "attributes": {
            "apply_immediately": null,
            "arn": "arn:aws:rds:eu-north-1:061664787519:db:paystream-docdb-instance-1",
            "auto_minor_version_upgrade": true,
            "availability_zone": "eu-north-1b",
            "ca_cert_identifier": "rds-ca-rsa2048-g1",
            "cluster_identifier": "paystream-docdb",
            "copy_tags_to_snapshot": false,
            "db_subnet_group_name": "paystream-docdb-subnet",
            "dbi_resource_id": "db-DT52LUYZIG7JZI2K2TW3ZY37NM",
            "enable_performance_insights": null,
            "endpoint": "paystream-docdb-instance-1.c7464guo8csy.eu-north-1.docdb.amazonaws.com",
            "engine": "docdb",
            "engine_version": "5.0.0",
            "id": "paystream-docdb-instance-1",
            "identifier": "paystream-docdb-instance-1",
            "identifier_prefix": "",
            "instance_class": "db.t3.medium",
            "kms_key_id": "arn:aws:kms:eu-north-1:061664787519:key/47837e7f-9d34-4469-a661-67c4bb5e6432",
            "performance_insights_kms_key_id": null,
            "port": 27017,
            "preferred_backup_window": "23:34-00:04",
            "preferred_maintenance_window": "mon:02:25-mon:02:55",
            "promotion_tier": 0,
            "publicly_accessible": false,
            "storage_encrypted": true,
            "tags": {
              "Name": "paystream-docdb-instance-1"
            },
            "tags_all": {
              "Environment": "dev",
              "ManagedBy": "terraform",
              "Name": "paystream-docdb-instance-1",
              "Project": "paystream"
            },
            "timeouts": null,
            "writer": true
          },
          "sensitive_attributes": [],
          "private": "eyJlMmJmYjczMC1lY2FhLTExZTYtOGY4OC0zNDM2M2JjN2M0YzAiOnsiY3JlYXRlIjo1NDAwMDAwMDAwMDAwLCJkZWxldGUiOjU0MDAwMDAwMDAwMDAsInVwZGF0ZSI6NTQwMDAwMDAwMDAwMH19",
          "dependencies": [
            "module.documentdb.aws_docdb_cluster.main",
            "module.documentdb.aws_docdb_cluster_parameter_group.main",
            "module.documentdb.aws_docdb_subnet_group.main",
            "module.documentdb.random_password.docdb_master",
            "module.vpc.aws_security_group.bastion",
            "module.vpc.aws_security_group.docdb",
            "module.vpc.aws_security_group.private",
            "module.vpc.aws_subnet.private_1a",
            "module.vpc.aws_subnet.private_1b",
            "module.vpc.aws_vpc.main"
          ]
        }
      ]
    },
    {
      "module": "module.documentdb",
      "mode": "managed",
      "type": "aws_docdb_cluster_parameter_group",
      "name": "main",
      "provider": "provider[\"registry.terraform.io/hashicorp/aws\"]",
      "instances": [
        {
          "schema_version": 0,
          "attributes": {
            "arn": "arn:aws:rds:eu-north-1:061664787519:cluster-pg:paystream-docdb-params",
            "description": "Managed by Terraform",
            "family": "docdb5.0",
            "id": "paystream-docdb-params",
            "name": "paystream-docdb-params",
            "name_prefix": "",
            "parameter": [
              {
                "apply_method": "pending-reboot",
                "name": "change_stream_log_retention_duration",
                "value": "86400"
              }
            ],
            "tags": {
              "Name": "paystream-docdb-params"
            },
            "tags_all": {
              "Environment": "dev",
              "ManagedBy": "terraform",
              "Name": "paystream-docdb-params",
              "Project": "paystream"
            }
          },
          "sensitive_attributes": [],
          "private": "bnVsbA=="
        }
      ]
    },
    {
      "module": "module.documentdb",
      "mode": "managed",
      "type": "aws_docdb_subnet_group",
      "name": "main",
      "provider": "provider[\"registry.terraform.io/hashicorp/aws\"]",
      "instances": [
        {
          "schema_version": 0,
          "attributes": {
            "arn": "arn:aws:rds:eu-north-1:061664787519:subgrp:paystream-docdb-subnet",
            "description": "Managed by Terraform",
            "id": "paystream-docdb-subnet",
            "name": "paystream-docdb-subnet",
            "name_prefix": "",
            "subnet_ids": [
              "subnet-061557984ee3fac94",
              "subnet-07142df521e0eb4b2"
            ],
            "tags": {
              "Name": "paystream-docdb-subnet"
            },
            "tags_all": {
              "Environment": "dev",
              "ManagedBy": "terraform",
              "Name": "paystream-docdb-subnet",
              "Project": "paystream"
            }
          },
          "sensitive_attributes": [],
          "private": "bnVsbA==",
          "dependencies": [
            "module.vpc.aws_subnet.private_1a",
            "module.vpc.aws_subnet.private_1b",
            "module.vpc.aws_vpc.main"
          ]
        }
      ]
    },
    {
      "module": "module.documentdb",
      "mode": "managed",
      "type": "aws_secretsmanager_secret",
      "name": "docdb_master",
      "provider": "provider[\"registry.terraform.io/hashicorp/aws\"]",
      "instances": [
        {
          "schema_version": 0,
          "attributes": {
            "arn": "arn:aws:secretsmanager:eu-north-1:061664787519:secret:paystream-docdb-master-dev-ZGIoc9",
            "description": "",
            "force_overwrite_replica_secret": false,
            "id": "arn:aws:secretsmanager:eu-north-1:061664787519:secret:paystream-docdb-master-dev-ZGIoc9",
            "kms_key_id": "",
            "name": "paystream-docdb-master-dev",
            "name_prefix": "",
            "policy": "",
            "recovery_window_in_days": 0,
            "replica": [],
            "tags": {
              "Name": "paystream-docdb-master"
            },
            "tags_all": {
              "Environment": "dev",
              "ManagedBy": "terraform",
              "Name": "paystream-docdb-master",
              "Project": "paystream"
            }
          },
          "sensitive_attributes": [],
          "private": "bnVsbA=="
        }
      ]
    },
    {
      "module": "module.documentdb",
      "mode": "managed",
      "type": "aws_secretsmanager_secret_version",
      "name": "docdb_master",
      "provider": "provider[\"registry.terraform.io/hashicorp/aws\"]",
      "instances": [
        {
          "schema_version": 0,
          "attributes": {
            "arn": "arn:aws:secretsmanager:eu-north-1:061664787519:secret:paystream-docdb-master-dev-ZGIoc9",
            "id": "arn:aws:secretsmanager:eu-north-1:061664787519:secret:paystream-docdb-master-dev-ZGIoc9|terraform-20260328211135858200000002",
            "secret_binary": "",
            "secret_id": "arn:aws:secretsmanager:eu-north-1:061664787519:secret:paystream-docdb-master-dev-ZGIoc9",
            "secret_string": "{\"engine\":\"docdb\",\"host\":\"paystream-docdb.cluster-c7464guo8csy.eu-north-1.docdb.amazonaws.com\",\"password\":\"78PFAW05LhwPpiaLZHtNnfCtKWJ9c2Rh\",\"port\":27017,\"username\":\"paystream_admin\"}",
            "version_id": "terraform-20260328211135858200000002",
            "version_stages": [
              "AWSCURRENT"
            ]
          },
          "sensitive_attributes": [
            [
              {
                "type": "get_attr",
                "value": "secret_string"
              }
            ]
          ],
          "private": "bnVsbA==",
          "dependencies": [
            "module.documentdb.aws_docdb_cluster.main",
            "module.documentdb.aws_docdb_cluster_parameter_group.main",
            "module.documentdb.aws_docdb_subnet_group.main",
            "module.documentdb.aws_secretsmanager_secret.docdb_master",
            "module.documentdb.random_password.docdb_master",
            "module.vpc.aws_security_group.bastion",
            "module.vpc.aws_security_group.docdb",
            "module.vpc.aws_security_group.private",
            "module.vpc.aws_subnet.private_1a",
            "module.vpc.aws_subnet.private_1b",
            "module.vpc.aws_vpc.main"
          ]
        }
      ]
    },
    {
      "module": "module.documentdb",
      "mode": "managed",
      "type": "random_password",
      "name": "docdb_master",
      "provider": "provider[\"registry.terraform.io/hashicorp/random\"]",
      "instances": [
        {
          "schema_version": 3,
          "attributes": {
            "bcrypt_hash": "$2a$10$wk4btbjXaLllbiDmyo2SD.lo39F7AGfMeIV/zCNjjUWgr5SBtT3p.",
            "id": "none",
            "keepers": null,
            "length": 32,
            "lower": true,
            "min_lower": 0,
            "min_numeric": 0,
            "min_special": 0,
            "min_upper": 0,
            "number": true,
            "numeric": true,
            "override_special": null,
            "result": "78PFAW05LhwPpiaLZHtNnfCtKWJ9c2Rh",
            "special": false,
            "upper": true
          },
          "sensitive_attributes": []
        }
      ]
    },
    {
      "module": "module.ecs",
      "mode": "managed",
      "type": "aws_cloudwatch_log_group",
      "name": "debezium_mongo",
      "provider": "provider[\"registry.terraform.io/hashicorp/aws\"]",
      "instances": [
        {
          "schema_version": 0,
          "attributes": {
            "arn": "arn:aws:logs:eu-north-1:061664787519:log-group:/ecs/paystream/debezium-mongo",
            "id": "/ecs/paystream/debezium-mongo",
            "kms_key_id": "",
            "log_group_class": "STANDARD",
            "name": "/ecs/paystream/debezium-mongo",
            "name_prefix": "",
            "retention_in_days": 7,
            "skip_destroy": false,
            "tags": {
              "Name": "paystream-debezium-mongo-logs"
            },
            "tags_all": {
              "Environment": "dev",
              "ManagedBy": "terraform",
              "Name": "paystream-debezium-mongo-logs",
              "Project": "paystream"
            }
          },
          "sensitive_attributes": [],
          "private": "bnVsbA=="
        }
      ]
    },
    {
      "module": "module.ecs",
      "mode": "managed",
      "type": "aws_cloudwatch_log_group",
      "name": "debezium_pg",
      "provider": "provider[\"registry.terraform.io/hashicorp/aws\"]",
      "instances": [
        {
          "schema_version": 0,
          "attributes": {
            "arn": "arn:aws:logs:eu-north-1:061664787519:log-group:/ecs/paystream/debezium-pg",
            "id": "/ecs/paystream/debezium-pg",
            "kms_key_id": "",
            "log_group_class": "STANDARD",
            "name": "/ecs/paystream/debezium-pg",
            "name_prefix": "",
            "retention_in_days": 7,
            "skip_destroy": false,
            "tags": {
              "Name": "paystream-debezium-pg-logs"
            },
            "tags_all": {
              "Environment": "dev",
              "ManagedBy": "terraform",
              "Name": "paystream-debezium-pg-logs",
              "Project": "paystream"
            }
          },
          "sensitive_attributes": [],
          "private": "bnVsbA=="
        }
      ]
    },
    {
      "module": "module.ecs",
      "mode": "managed",
      "type": "aws_cloudwatch_log_group",
      "name": "schema_registry",
      "provider": "provider[\"registry.terraform.io/hashicorp/aws\"]",
      "instances": [
        {
          "schema_version": 0,
          "attributes": {
            "arn": "arn:aws:logs:eu-north-1:061664787519:log-group:/ecs/paystream/schema-registry",
            "id": "/ecs/paystream/schema-registry",
            "kms_key_id": "",
            "log_group_class": "STANDARD",
            "name": "/ecs/paystream/schema-registry",
            "name_prefix": "",
            "retention_in_days": 7,
            "skip_destroy": false,
            "tags": {
              "Name": "paystream-schema-registry-logs"
            },
            "tags_all": {
              "Environment": "dev",
              "ManagedBy": "terraform",
              "Name": "paystream-schema-registry-logs",
              "Project": "paystream"
            }
          },
          "sensitive_attributes": [],
          "private": "bnVsbA=="
        }
      ]
    },
    {
      "module": "module.ecs",
      "mode": "managed",
      "type": "aws_ecr_repository",
      "name": "debezium_mongo",
      "provider": "provider[\"registry.terraform.io/hashicorp/aws\"]",
      "instances": [
        {
          "schema_version": 0,
          "attributes": {
            "arn": "arn:aws:ecr:eu-north-1:061664787519:repository/paystream-debezium-mongo",
            "encryption_configuration": [
              {
                "encryption_type": "AES256",
                "kms_key": ""
              }
            ],
            "force_delete": true,
            "id": "paystream-debezium-mongo",
            "image_scanning_configuration": [
              {
                "scan_on_push": false
              }
            ],
            "image_tag_mutability": "MUTABLE",
            "name": "paystream-debezium-mongo",
            "registry_id": "061664787519",
            "repository_url": "061664787519.dkr.ecr.eu-north-1.amazonaws.com/paystream-debezium-mongo",
            "tags": {
              "Name": "paystream-debezium-mongo"
            },
            "tags_all": {
              "Environment": "dev",
              "ManagedBy": "terraform",
              "Name": "paystream-debezium-mongo",
              "Project": "paystream"
            },
            "timeouts": null
          },
          "sensitive_attributes": [],
          "private": "eyJlMmJmYjczMC1lY2FhLTExZTYtOGY4OC0zNDM2M2JjN2M0YzAiOnsiZGVsZXRlIjoxMjAwMDAwMDAwMDAwfX0="
        }
      ]
    },
    {
      "module": "module.ecs",
      "mode": "managed",
      "type": "aws_ecr_repository",
      "name": "debezium_pg",
      "provider": "provider[\"registry.terraform.io/hashicorp/aws\"]",
      "instances": [
        {
          "schema_version": 0,
          "attributes": {
            "arn": "arn:aws:ecr:eu-north-1:061664787519:repository/paystream-debezium-pg",
            "encryption_configuration": [
              {
                "encryption_type": "AES256",
                "kms_key": ""
              }
            ],
            "force_delete": true,
            "id": "paystream-debezium-pg",
            "image_scanning_configuration": [
              {
                "scan_on_push": false
              }
            ],
            "image_tag_mutability": "MUTABLE",
            "name": "paystream-debezium-pg",
            "registry_id": "061664787519",
            "repository_url": "061664787519.dkr.ecr.eu-north-1.amazonaws.com/paystream-debezium-pg",
            "tags": {
              "Name": "paystream-debezium-pg"
            },
            "tags_all": {
              "Environment": "dev",
              "ManagedBy": "terraform",
              "Name": "paystream-debezium-pg",
              "Project": "paystream"
            },
            "timeouts": null
          },
          "sensitive_attributes": [],
          "private": "eyJlMmJmYjczMC1lY2FhLTExZTYtOGY4OC0zNDM2M2JjN2M0YzAiOnsiZGVsZXRlIjoxMjAwMDAwMDAwMDAwfX0="
        }
      ]
    },
    {
      "module": "module.ecs",
      "mode": "managed",
      "type": "aws_ecs_cluster",
      "name": "main",
      "provider": "provider[\"registry.terraform.io/hashicorp/aws\"]",
      "instances": [
        {
          "schema_version": 0,
          "attributes": {
            "arn": "arn:aws:ecs:eu-north-1:061664787519:cluster/paystream-ecs",
            "configuration": [],
            "id": "arn:aws:ecs:eu-north-1:061664787519:cluster/paystream-ecs",
            "name": "paystream-ecs",
            "service_connect_defaults": [],
            "setting": [
              {
                "name": "containerInsights",
                "value": "enabled"
              }
            ],
            "tags": {
              "Name": "paystream-ecs"
            },
            "tags_all": {
              "Environment": "dev",
              "ManagedBy": "terraform",
              "Name": "paystream-ecs",
              "Project": "paystream"
            }
          },
          "sensitive_attributes": [],
          "private": "bnVsbA=="
        }
      ]
    },
    {
      "module": "module.ecs",
      "mode": "managed",
      "type": "aws_ecs_service",
      "name": "debezium_mongo",
      "provider": "provider[\"registry.terraform.io/hashicorp/aws\"]",
      "instances": [
        {
          "schema_version": 0,
          "attributes": {
            "alarms": [],
            "capacity_provider_strategy": [],
            "cluster": "arn:aws:ecs:eu-north-1:061664787519:cluster/paystream-ecs",
            "deployment_circuit_breaker": [
              {
                "enable": false,
                "rollback": false
              }
            ],
            "deployment_controller": [
              {
                "type": "ECS"
              }
            ],
            "deployment_maximum_percent": 200,
            "deployment_minimum_healthy_percent": 100,
            "desired_count": 1,
            "enable_ecs_managed_tags": false,
            "enable_execute_command": false,
            "force_new_deployment": null,
            "health_check_grace_period_seconds": 0,
            "iam_role": "/aws-service-role/ecs.amazonaws.com/AWSServiceRoleForECS",
            "id": "arn:aws:ecs:eu-north-1:061664787519:service/paystream-ecs/paystream-debezium-mongo",
            "launch_type": "FARGATE",
            "load_balancer": [],
            "name": "paystream-debezium-mongo",
            "network_configuration": [
              {
                "assign_public_ip": false,
                "security_groups": [
                  "sg-033c9adf7ec082f30"
                ],
                "subnets": [
                  "subnet-07142df521e0eb4b2"
                ]
              }
            ],
            "ordered_placement_strategy": [],
            "placement_constraints": [],
            "platform_version": "LATEST",
            "propagate_tags": "NONE",
            "scheduling_strategy": "REPLICA",
            "service_connect_configuration": [],
            "service_registries": [],
            "tags": {
              "Name": "paystream-debezium-mongo"
            },
            "tags_all": {
              "Environment": "dev",
              "ManagedBy": "terraform",
              "Name": "paystream-debezium-mongo",
              "Project": "paystream"
            },
            "task_definition": "arn:aws:ecs:eu-north-1:061664787519:task-definition/paystream-debezium-mongo:1",
            "timeouts": null,
            "triggers": {},
            "wait_for_steady_state": false
          },
          "sensitive_attributes": [],
          "private": "eyJlMmJmYjczMC1lY2FhLTExZTYtOGY4OC0zNDM2M2JjN2M0YzAiOnsiY3JlYXRlIjoxMjAwMDAwMDAwMDAwLCJkZWxldGUiOjEyMDAwMDAwMDAwMDAsInVwZGF0ZSI6MTIwMDAwMDAwMDAwMH19",
          "dependencies": [
            "module.ecs.aws_ecr_repository.debezium_mongo",
            "module.ecs.aws_ecs_cluster.main",
            "module.ecs.aws_ecs_task_definition.debezium_mongo",
            "module.iam.aws_iam_role.ecs_debezium_mongo",
            "module.iam.aws_iam_role.ecs_execution",
            "module.msk.aws_msk_serverless_cluster.main",
            "module.vpc.aws_security_group.bastion",
            "module.vpc.aws_security_group.ecs",
            "module.vpc.aws_security_group.msk",
            "module.vpc.aws_security_group.private",
            "module.vpc.aws_subnet.private_1a",
            "module.vpc.aws_subnet.private_1b",
            "module.vpc.aws_vpc.main"
          ]
        }
      ]
    },
    {
      "module": "module.ecs",
      "mode": "managed",
      "type": "aws_ecs_service",
      "name": "debezium_pg",
      "provider": "provider[\"registry.terraform.io/hashicorp/aws\"]",
      "instances": [
        {
          "schema_version": 0,
          "attributes": {
            "alarms": [],
            "capacity_provider_strategy": [],
            "cluster": "arn:aws:ecs:eu-north-1:061664787519:cluster/paystream-ecs",
            "deployment_circuit_breaker": [
              {
                "enable": false,
                "rollback": false
              }
            ],
            "deployment_controller": [
              {
                "type": "ECS"
              }
            ],
            "deployment_maximum_percent": 200,
            "deployment_minimum_healthy_percent": 100,
            "desired_count": 1,
            "enable_ecs_managed_tags": false,
            "enable_execute_command": false,
            "force_new_deployment": null,
            "health_check_grace_period_seconds": 0,
            "iam_role": "/aws-service-role/ecs.amazonaws.com/AWSServiceRoleForECS",
            "id": "arn:aws:ecs:eu-north-1:061664787519:service/paystream-ecs/paystream-debezium-pg",
            "launch_type": "FARGATE",
            "load_balancer": [],
            "name": "paystream-debezium-pg",
            "network_configuration": [
              {
                "assign_public_ip": false,
                "security_groups": [
                  "sg-033c9adf7ec082f30"
                ],
                "subnets": [
                  "subnet-07142df521e0eb4b2"
                ]
              }
            ],
            "ordered_placement_strategy": [],
            "placement_constraints": [],
            "platform_version": "LATEST",
            "propagate_tags": "NONE",
            "scheduling_strategy": "REPLICA",
            "service_connect_configuration": [],
            "service_registries": [],
            "tags": {
              "Name": "paystream-debezium-pg"
            },
            "tags_all": {
              "Environment": "dev",
              "ManagedBy": "terraform",
              "Name": "paystream-debezium-pg",
              "Project": "paystream"
            },
            "task_definition": "arn:aws:ecs:eu-north-1:061664787519:task-definition/paystream-debezium-pg:1",
            "timeouts": null,
            "triggers": {},
            "wait_for_steady_state": false
          },
          "sensitive_attributes": [],
          "private": "eyJlMmJmYjczMC1lY2FhLTExZTYtOGY4OC0zNDM2M2JjN2M0YzAiOnsiY3JlYXRlIjoxMjAwMDAwMDAwMDAwLCJkZWxldGUiOjEyMDAwMDAwMDAwMDAsInVwZGF0ZSI6MTIwMDAwMDAwMDAwMH19",
          "dependencies": [
            "module.ecs.aws_ecr_repository.debezium_pg",
            "module.ecs.aws_ecs_cluster.main",
            "module.ecs.aws_ecs_task_definition.debezium_pg",
            "module.iam.aws_iam_role.ecs_debezium_pg",
            "module.iam.aws_iam_role.ecs_execution",
            "module.msk.aws_msk_serverless_cluster.main",
            "module.vpc.aws_security_group.bastion",
            "module.vpc.aws_security_group.ecs",
            "module.vpc.aws_security_group.msk",
            "module.vpc.aws_security_group.private",
            "module.vpc.aws_subnet.private_1a",
            "module.vpc.aws_subnet.private_1b",
            "module.vpc.aws_vpc.main"
          ]
        }
      ]
    },
    {
      "module": "module.ecs",
      "mode": "managed",
      "type": "aws_ecs_service",
      "name": "schema_registry",
      "provider": "provider[\"registry.terraform.io/hashicorp/aws\"]",
      "instances": [
        {
          "schema_version": 0,
          "attributes": {
            "alarms": [],
            "capacity_provider_strategy": [],
            "cluster": "arn:aws:ecs:eu-north-1:061664787519:cluster/paystream-ecs",
            "deployment_circuit_breaker": [
              {
                "enable": false,
                "rollback": false
              }
            ],
            "deployment_controller": [
              {
                "type": "ECS"
              }
            ],
            "deployment_maximum_percent": 200,
            "deployment_minimum_healthy_percent": 100,
            "desired_count": 1,
            "enable_ecs_managed_tags": false,
            "enable_execute_command": false,
            "force_new_deployment": null,
            "health_check_grace_period_seconds": 0,
            "iam_role": "/aws-service-role/ecs.amazonaws.com/AWSServiceRoleForECS",
            "id": "arn:aws:ecs:eu-north-1:061664787519:service/paystream-ecs/paystream-schema-registry",
            "launch_type": "FARGATE",
            "load_balancer": [],
            "name": "paystream-schema-registry",
            "network_configuration": [
              {
                "assign_public_ip": false,
                "security_groups": [
                  "sg-033c9adf7ec082f30"
                ],
                "subnets": [
                  "subnet-07142df521e0eb4b2"
                ]
              }
            ],
            "ordered_placement_strategy": [],
            "placement_constraints": [],
            "platform_version": "LATEST",
            "propagate_tags": "NONE",
            "scheduling_strategy": "REPLICA",
            "service_connect_configuration": [],
            "service_registries": [
              {
                "container_name": "",
                "container_port": 0,
                "port": 0,
                "registry_arn": "arn:aws:servicediscovery:eu-north-1:061664787519:service/srv-heyjpwlmm5s3gaey"
              }
            ],
            "tags": {
              "Name": "paystream-schema-registry"
            },
            "tags_all": {
              "Environment": "dev",
              "ManagedBy": "terraform",
              "Name": "paystream-schema-registry",
              "Project": "paystream"
            },
            "task_definition": "arn:aws:ecs:eu-north-1:061664787519:task-definition/paystream-schema-registry:1",
            "timeouts": null,
            "triggers": {},
            "wait_for_steady_state": false
          },
          "sensitive_attributes": [],
          "private": "eyJlMmJmYjczMC1lY2FhLTExZTYtOGY4OC0zNDM2M2JjN2M0YzAiOnsiY3JlYXRlIjoxMjAwMDAwMDAwMDAwLCJkZWxldGUiOjEyMDAwMDAwMDAwMDAsInVwZGF0ZSI6MTIwMDAwMDAwMDAwMH19",
          "dependencies": [
            "module.ecs.aws_ecs_cluster.main",
            "module.ecs.aws_ecs_task_definition.schema_registry",
            "module.ecs.aws_service_discovery_private_dns_namespace.main",
            "module.ecs.aws_service_discovery_service.schema_registry",
            "module.iam.aws_iam_role.ecs_execution",
            "module.iam.aws_iam_role.ecs_schema_registry",
            "module.msk.aws_msk_serverless_cluster.main",
            "module.vpc.aws_security_group.bastion",
            "module.vpc.aws_security_group.ecs",
            "module.vpc.aws_security_group.msk",
            "module.vpc.aws_security_group.private",
            "module.vpc.aws_subnet.private_1a",
            "module.vpc.aws_subnet.private_1b",
            "module.vpc.aws_vpc.main"
          ]
        }
      ]
    },
    {
      "module": "module.ecs",
      "mode": "managed",
      "type": "aws_ecs_task_definition",
      "name": "debezium_mongo",
      "provider": "provider[\"registry.terraform.io/hashicorp/aws\"]",
      "instances": [
        {
          "schema_version": 1,
          "attributes": {
            "arn": "arn:aws:ecs:eu-north-1:061664787519:task-definition/paystream-debezium-mongo:1",
            "arn_without_revision": "arn:aws:ecs:eu-north-1:061664787519:task-definition/paystream-debezium-mongo",
            "container_definitions": "[{\"cpu\":0,\"environment\":[{\"name\":\"BOOTSTRAP_SERVERS\",\"value\":\"9fad09fe-f092-4473-9398-e514f518a3f5-s1\"},{\"name\":\"CONFIG_STORAGE_TOPIC\",\"value\":\"paystream.debezium.mongo.configs\"},{\"name\":\"CONNECT_PRODUCER_SASL_CLIENT_CALLBACK_HANDLER_CLASS\",\"value\":\"software.amazon.msk.auth.iam.IAMClientCallbackHandler\"},{\"name\":\"CONNECT_PRODUCER_SASL_JAAS_CONFIG\",\"value\":\"software.amazon.msk.auth.iam.IAMLoginModule required;\"},{\"name\":\"CONNECT_PRODUCER_SASL_MECHANISM\",\"value\":\"AWS_MSK_IAM\"},{\"name\":\"CONNECT_PRODUCER_SECURITY_PROTOCOL\",\"value\":\"SASL_SSL\"},{\"name\":\"CONNECT_SASL_CLIENT_CALLBACK_HANDLER_CLASS\",\"value\":\"software.amazon.msk.auth.iam.IAMClientCallbackHandler\"},{\"name\":\"CONNECT_SASL_JAAS_CONFIG\",\"value\":\"software.amazon.msk.auth.iam.IAMLoginModule required;\"},{\"name\":\"CONNECT_SASL_MECHANISM\",\"value\":\"AWS_MSK_IAM\"},{\"name\":\"CONNECT_SECURITY_PROTOCOL\",\"value\":\"SASL_SSL\"},{\"name\":\"GROUP_ID\",\"value\":\"paystream-debezium-mongo\"},{\"name\":\"OFFSET_STORAGE_TOPIC\",\"value\":\"paystream.debezium.mongo.offsets\"},{\"name\":\"STATUS_STORAGE_TOPIC\",\"value\":\"paystream.debezium.mongo.status\"}],\"essential\":true,\"image\":\"061664787519.dkr.ecr.eu-north-1.amazonaws.com/paystream-debezium-mongo:latest\",\"logConfiguration\":{\"logDriver\":\"awslogs\",\"options\":{\"awslogs-group\":\"/ecs/paystream/debezium-mongo\",\"awslogs-region\":\"eu-north-1\",\"awslogs-stream-prefix\":\"debezium-mongo\"}},\"mountPoints\":[],\"name\":\"debezium-mongo\",\"portMappings\":[{\"containerPort\":8083,\"hostPort\":8083,\"protocol\":\"tcp\"}],\"systemControls\":[],\"volumesFrom\":[]}]",
            "cpu": "512",
            "ephemeral_storage": [],
            "execution_role_arn": "arn:aws:iam::061664787519:role/paystream-ecs-execution-role",
            "family": "paystream-debezium-mongo",
            "id": "paystream-debezium-mongo",
            "inference_accelerator": [],
            "ipc_mode": "",
            "memory": "1024",
            "network_mode": "awsvpc",
            "pid_mode": "",
            "placement_constraints": [],
            "proxy_configuration": [],
            "requires_compatibilities": [
              "FARGATE"
            ],
            "revision": 1,
            "runtime_platform": [],
            "skip_destroy": false,
            "tags": {
              "Name": "paystream-debezium-mongo"
            },
            "tags_all": {
              "Environment": "dev",
              "ManagedBy": "terraform",
              "Name": "paystream-debezium-mongo",
              "Project": "paystream"
            },
            "task_role_arn": "arn:aws:iam::061664787519:role/paystream-debezium-mongo-role",
            "track_latest": false,
            "volume": []
          },
          "sensitive_attributes": [],
          "private": "eyJzY2hlbWFfdmVyc2lvbiI6IjEifQ==",
          "dependencies": [
            "module.ecs.aws_ecr_repository.debezium_mongo",
            "module.iam.aws_iam_role.ecs_debezium_mongo",
            "module.iam.aws_iam_role.ecs_execution",
            "module.msk.aws_msk_serverless_cluster.main",
            "module.vpc.aws_security_group.msk",
            "module.vpc.aws_security_group.private",
            "module.vpc.aws_subnet.private_1a",
            "module.vpc.aws_subnet.private_1b",
            "module.vpc.aws_vpc.main"
          ]
        }
      ]
    },
    {
      "module": "module.ecs",
      "mode": "managed",
      "type": "aws_ecs_task_definition",
      "name": "debezium_pg",
      "provider": "provider[\"registry.terraform.io/hashicorp/aws\"]",
      "instances": [
        {
          "schema_version": 1,
          "attributes": {
            "arn": "arn:aws:ecs:eu-north-1:061664787519:task-definition/paystream-debezium-pg:1",
            "arn_without_revision": "arn:aws:ecs:eu-north-1:061664787519:task-definition/paystream-debezium-pg",
            "container_definitions": "[{\"cpu\":0,\"environment\":[{\"name\":\"BOOTSTRAP_SERVERS\",\"value\":\"9fad09fe-f092-4473-9398-e514f518a3f5-s1\"},{\"name\":\"CONFIG_STORAGE_TOPIC\",\"value\":\"paystream.debezium.pg.configs\"},{\"name\":\"CONNECT_PRODUCER_SASL_CLIENT_CALLBACK_HANDLER_CLASS\",\"value\":\"software.amazon.msk.auth.iam.IAMClientCallbackHandler\"},{\"name\":\"CONNECT_PRODUCER_SASL_JAAS_CONFIG\",\"value\":\"software.amazon.msk.auth.iam.IAMLoginModule required;\"},{\"name\":\"CONNECT_PRODUCER_SASL_MECHANISM\",\"value\":\"AWS_MSK_IAM\"},{\"name\":\"CONNECT_PRODUCER_SECURITY_PROTOCOL\",\"value\":\"SASL_SSL\"},{\"name\":\"CONNECT_SASL_CLIENT_CALLBACK_HANDLER_CLASS\",\"value\":\"software.amazon.msk.auth.iam.IAMClientCallbackHandler\"},{\"name\":\"CONNECT_SASL_JAAS_CONFIG\",\"value\":\"software.amazon.msk.auth.iam.IAMLoginModule required;\"},{\"name\":\"CONNECT_SASL_MECHANISM\",\"value\":\"AWS_MSK_IAM\"},{\"name\":\"CONNECT_SECURITY_PROTOCOL\",\"value\":\"SASL_SSL\"},{\"name\":\"GROUP_ID\",\"value\":\"paystream-debezium-pg\"},{\"name\":\"OFFSET_STORAGE_TOPIC\",\"value\":\"paystream.debezium.pg.offsets\"},{\"name\":\"STATUS_STORAGE_TOPIC\",\"value\":\"paystream.debezium.pg.status\"}],\"essential\":true,\"image\":\"061664787519.dkr.ecr.eu-north-1.amazonaws.com/paystream-debezium-pg:latest\",\"logConfiguration\":{\"logDriver\":\"awslogs\",\"options\":{\"awslogs-group\":\"/ecs/paystream/debezium-pg\",\"awslogs-region\":\"eu-north-1\",\"awslogs-stream-prefix\":\"debezium-pg\"}},\"mountPoints\":[],\"name\":\"debezium-pg\",\"portMappings\":[{\"containerPort\":8083,\"hostPort\":8083,\"protocol\":\"tcp\"}],\"systemControls\":[],\"volumesFrom\":[]}]",
            "cpu": "1024",
            "ephemeral_storage": [],
            "execution_role_arn": "arn:aws:iam::061664787519:role/paystream-ecs-execution-role",
            "family": "paystream-debezium-pg",
            "id": "paystream-debezium-pg",
            "inference_accelerator": [],
            "ipc_mode": "",
            "memory": "2048",
            "network_mode": "awsvpc",
            "pid_mode": "",
            "placement_constraints": [],
            "proxy_configuration": [],
            "requires_compatibilities": [
              "FARGATE"
            ],
            "revision": 1,
            "runtime_platform": [],
            "skip_destroy": false,
            "tags": {
              "Name": "paystream-debezium-pg"
            },
            "tags_all": {
              "Environment": "dev",
              "ManagedBy": "terraform",
              "Name": "paystream-debezium-pg",
              "Project": "paystream"
            },
            "task_role_arn": "arn:aws:iam::061664787519:role/paystream-debezium-pg-role",
            "track_latest": false,
            "volume": []
          },
          "sensitive_attributes": [],
          "private": "eyJzY2hlbWFfdmVyc2lvbiI6IjEifQ==",
          "dependencies": [
            "module.ecs.aws_ecr_repository.debezium_pg",
            "module.iam.aws_iam_role.ecs_debezium_pg",
            "module.iam.aws_iam_role.ecs_execution",
            "module.msk.aws_msk_serverless_cluster.main",
            "module.vpc.aws_security_group.msk",
            "module.vpc.aws_security_group.private",
            "module.vpc.aws_subnet.private_1a",
            "module.vpc.aws_subnet.private_1b",
            "module.vpc.aws_vpc.main"
          ]
        }
      ]
    },
    {
      "module": "module.ecs",
      "mode": "managed",
      "type": "aws_ecs_task_definition",
      "name": "schema_registry",
      "provider": "provider[\"registry.terraform.io/hashicorp/aws\"]",
      "instances": [
        {
          "schema_version": 1,
          "attributes": {
            "arn": "arn:aws:ecs:eu-north-1:061664787519:task-definition/paystream-schema-registry:1",
            "arn_without_revision": "arn:aws:ecs:eu-north-1:061664787519:task-definition/paystream-schema-registry",
            "container_definitions": "[{\"cpu\":0,\"environment\":[{\"name\":\"SCHEMA_REGISTRY_HOST_NAME\",\"value\":\"0.0.0.0\"},{\"name\":\"SCHEMA_REGISTRY_KAFKASTORE_BOOTSTRAP_SERVERS\",\"value\":\"9fad09fe-f092-4473-9398-e514f518a3f5-s1\"},{\"name\":\"SCHEMA_REGISTRY_KAFKASTORE_SASL_CLIENT_CALLBACK_HANDLER_CLASS\",\"value\":\"software.amazon.msk.auth.iam.IAMClientCallbackHandler\"},{\"name\":\"SCHEMA_REGISTRY_KAFKASTORE_SASL_JAAS_CONFIG\",\"value\":\"software.amazon.msk.auth.iam.IAMLoginModule required;\"},{\"name\":\"SCHEMA_REGISTRY_KAFKASTORE_SASL_MECHANISM\",\"value\":\"AWS_MSK_IAM\"},{\"name\":\"SCHEMA_REGISTRY_KAFKASTORE_SECURITY_PROTOCOL\",\"value\":\"SASL_SSL\"},{\"name\":\"SCHEMA_REGISTRY_LISTENERS\",\"value\":\"http://0.0.0.0:8081\"}],\"essential\":true,\"image\":\"confluentinc/cp-schema-registry:7.6.1\",\"logConfiguration\":{\"logDriver\":\"awslogs\",\"options\":{\"awslogs-group\":\"/ecs/paystream/schema-registry\",\"awslogs-region\":\"eu-north-1\",\"awslogs-stream-prefix\":\"schema-registry\"}},\"mountPoints\":[],\"name\":\"schema-registry\",\"portMappings\":[{\"containerPort\":8081,\"hostPort\":8081,\"protocol\":\"tcp\"}],\"systemControls\":[],\"volumesFrom\":[]}]",
            "cpu": "512",
            "ephemeral_storage": [],
            "execution_role_arn": "arn:aws:iam::061664787519:role/paystream-ecs-execution-role",
            "family": "paystream-schema-registry",
            "id": "paystream-schema-registry",
            "inference_accelerator": [],
            "ipc_mode": "",
            "memory": "1024",
            "network_mode": "awsvpc",
            "pid_mode": "",
            "placement_constraints": [],
            "proxy_configuration": [],
            "requires_compatibilities": [
              "FARGATE"
            ],
            "revision": 1,
            "runtime_platform": [],
            "skip_destroy": false,
            "tags": {
              "Name": "paystream-schema-registry"
            },
            "tags_all": {
              "Environment": "dev",
              "ManagedBy": "terraform",
              "Name": "paystream-schema-registry",
              "Project": "paystream"
            },
            "task_role_arn": "arn:aws:iam::061664787519:role/paystream-schema-registry-role",
            "track_latest": false,
            "volume": []
          },
          "sensitive_attributes": [],
          "private": "eyJzY2hlbWFfdmVyc2lvbiI6IjEifQ==",
          "dependencies": [
            "module.iam.aws_iam_role.ecs_execution",
            "module.iam.aws_iam_role.ecs_schema_registry",
            "module.msk.aws_msk_serverless_cluster.main",
            "module.vpc.aws_security_group.msk",
            "module.vpc.aws_security_group.private",
            "module.vpc.aws_subnet.private_1a",
            "module.vpc.aws_subnet.private_1b",
            "module.vpc.aws_vpc.main"
          ]
        }
      ]
    },
    {
      "module": "module.ecs",
      "mode": "managed",
      "type": "aws_service_discovery_private_dns_namespace",
      "name": "main",
      "provider": "provider[\"registry.terraform.io/hashicorp/aws\"]",
      "instances": [
        {
          "schema_version": 0,
          "attributes": {
            "arn": "arn:aws:servicediscovery:eu-north-1:061664787519:namespace/ns-4kaayj6mqn5fsbia",
            "description": "",
            "hosted_zone": "Z01254073TGN7F398DWJH",
            "id": "ns-4kaayj6mqn5fsbia",
            "name": "paystream.local",
            "tags": {
              "Name": "paystream-service-discovery"
            },
            "tags_all": {
              "Environment": "dev",
              "ManagedBy": "terraform",
              "Name": "paystream-service-discovery",
              "Project": "paystream"
            },
            "vpc": "vpc-0dd288ca056935049"
          },
          "sensitive_attributes": [],
          "private": "bnVsbA==",
          "dependencies": [
            "module.vpc.aws_vpc.main"
          ]
        }
      ]
    },
    {
      "module": "module.ecs",
      "mode": "managed",
      "type": "aws_service_discovery_service",
      "name": "schema_registry",
      "provider": "provider[\"registry.terraform.io/hashicorp/aws\"]",
      "instances": [
        {
          "schema_version": 0,
          "attributes": {
            "arn": "arn:aws:servicediscovery:eu-north-1:061664787519:service/srv-heyjpwlmm5s3gaey",
            "description": "",
            "dns_config": [
              {
                "dns_records": [
                  {
                    "ttl": 10,
                    "type": "A"
                  }
                ],
                "namespace_id": "ns-4kaayj6mqn5fsbia",
                "routing_policy": "MULTIVALUE"
              }
            ],
            "force_destroy": false,
            "health_check_config": [],
            "health_check_custom_config": [
              {
                "failure_threshold": 1
              }
            ],
            "id": "srv-heyjpwlmm5s3gaey",
            "name": "schema-registry",
            "namespace_id": "ns-4kaayj6mqn5fsbia",
            "tags": {},
            "tags_all": {
              "Environment": "dev",
              "ManagedBy": "terraform",
              "Project": "paystream"
            },
            "type": "DNS_HTTP"
          },
          "sensitive_attributes": [],
          "private": "bnVsbA==",
          "dependencies": [
            "module.ecs.aws_service_discovery_private_dns_namespace.main",
            "module.vpc.aws_vpc.main"
          ]
        }
      ]
    },
    {
      "module": "module.emr",
      "mode": "managed",
      "type": "aws_emrserverless_application",
      "name": "main",
      "provider": "provider[\"registry.terraform.io/hashicorp/aws\"]",
      "instances": [
        {
          "schema_version": 0,
          "attributes": {
            "architecture": "X86_64",
            "arn": "arn:aws:emr-serverless:eu-north-1:061664787519:/applications/00g4gf50q62nb51d",
            "auto_start_configuration": [
              {
                "enabled": true
              }
            ],
            "auto_stop_configuration": [
              {
                "enabled": true,
                "idle_timeout_minutes": 5
              }
            ],
            "id": "00g4gf50q62nb51d",
            "image_configuration": [],
            "initial_capacity": [
              {
                "initial_capacity_config": [
                  {
                    "worker_configuration": [
                      {
                        "cpu": "2 vCPU",
                        "disk": "20 GB",
                        "memory": "4 GB"
                      }
                    ],
                    "worker_count": 1
                  }
                ],
                "initial_capacity_type": "Driver"
              }
            ],
            "maximum_capacity": [
              {
                "cpu": "8 vCPU",
                "disk": "100 GB",
                "memory": "32 GB"
              }
            ],
            "name": "paystream-spark",
            "network_configuration": [
              {
                "security_group_ids": [
                  "sg-05c78261c1584e77a"
                ],
                "subnet_ids": [
                  "subnet-07142df521e0eb4b2"
                ]
              }
            ],
            "release_label": "emr-7.0.0",
            "tags": {
              "Name": "paystream-spark"
            },
            "tags_all": {
              "Environment": "dev",
              "ManagedBy": "terraform",
              "Name": "paystream-spark",
              "Project": "paystream"
            },
            "type": "spark"
          },
          "sensitive_attributes": [],
          "private": "bnVsbA==",
          "dependencies": [
            "module.vpc.aws_security_group.private",
            "module.vpc.aws_subnet.private_1a",
            "module.vpc.aws_vpc.main"
          ]
        }
      ]
    },
    {
      "module": "module.iam",
      "mode": "managed",
      "type": "aws_iam_policy",
      "name": "emr_s3_access",
      "provider": "provider[\"registry.terraform.io/hashicorp/aws\"]",
      "instances": [
        {
          "schema_version": 0,
          "attributes": {
            "arn": "arn:aws:iam::061664787519:policy/paystream-emr-s3-access",
            "description": "",
            "id": "arn:aws:iam::061664787519:policy/paystream-emr-s3-access",
            "name": "paystream-emr-s3-access",
            "name_prefix": "",
            "path": "/",
            "policy": "{\"Statement\":[{\"Action\":[\"s3:GetObject\",\"s3:PutObject\",\"s3:DeleteObject\",\"s3:ListBucket\"],\"Effect\":\"Allow\",\"Resource\":[\"arn:aws:s3:::paystream-bronze-dev\",\"arn:aws:s3:::paystream-bronze-dev/*\",\"arn:aws:s3:::paystream-silver-dev\",\"arn:aws:s3:::paystream-silver-dev/*\",\"arn:aws:s3:::paystream-gold-dev\",\"arn:aws:s3:::paystream-gold-dev/*\",\"arn:aws:s3:::paystream-features-dev\",\"arn:aws:s3:::paystream-features-dev/*\",\"arn:aws:s3:::paystream-delta-dev\",\"arn:aws:s3:::paystream-delta-dev/*\",\"arn:aws:s3:::paystream-mwaa-dags-dev\",\"arn:aws:s3:::paystream-mwaa-dags-dev/*\"]}],\"Version\":\"2012-10-17\"}",
            "policy_id": "ANPAQ4W4B7Q7ZPUB5XN3S",
            "tags": {
              "Name": "paystream-emr-s3-access"
            },
            "tags_all": {
              "Environment": "dev",
              "ManagedBy": "terraform",
              "Name": "paystream-emr-s3-access",
              "Project": "paystream"
            }
          },
          "sensitive_attributes": [],
          "private": "bnVsbA==",
          "dependencies": [
            "module.s3.aws_s3_bucket.buckets"
          ]
        }
      ]
    },
    {
      "module": "module.iam",
      "mode": "managed",
      "type": "aws_iam_policy",
      "name": "msk_iam_auth",
      "provider": "provider[\"registry.terraform.io/hashicorp/aws\"]",
      "instances": [
        {
          "schema_version": 0,
          "attributes": {
            "arn": "arn:aws:iam::061664787519:policy/paystream-msk-iam-auth",
            "description": "",
            "id": "arn:aws:iam::061664787519:policy/paystream-msk-iam-auth",
            "name": "paystream-msk-iam-auth",
            "name_prefix": "",
            "path": "/",
            "policy": "{\"Statement\":[{\"Action\":[\"kafka-cluster:Connect\",\"kafka-cluster:DescribeCluster\",\"kafka-cluster:AlterCluster\",\"kafka-cluster:DescribeTopic\",\"kafka-cluster:CreateTopic\",\"kafka-cluster:AlterTopic\",\"kafka-cluster:WriteData\",\"kafka-cluster:ReadData\",\"kafka-cluster:DescribeGroup\",\"kafka-cluster:AlterGroup\"],\"Effect\":\"Allow\",\"Resource\":[\"arn:aws:kafka:eu-north-1:061664787519:cluster/paystream-msk/9fad09fe-f092-4473-9398-e514f518a3f5-s1\",\"arn:aws:kafka:eu-north-1:061664787519:cluster/paystream-msk/9fad09fe-f092-4473-9398-e514f518a3f5-s1/*\"]}],\"Version\":\"2012-10-17\"}",
            "policy_id": "ANPAQ4W4B7Q7XFNXWHIZV",
            "tags": {
              "Name": "paystream-msk-iam-auth"
            },
            "tags_all": {
              "Environment": "dev",
              "ManagedBy": "terraform",
              "Name": "paystream-msk-iam-auth",
              "Project": "paystream"
            }
          },
          "sensitive_attributes": [],
          "private": "bnVsbA==",
          "dependencies": [
            "module.msk.aws_msk_serverless_cluster.main",
            "module.vpc.aws_security_group.msk",
            "module.vpc.aws_security_group.private",
            "module.vpc.aws_subnet.private_1a",
            "module.vpc.aws_subnet.private_1b",
            "module.vpc.aws_vpc.main"
          ]
        }
      ]
    },
    {
      "module": "module.iam",
      "mode": "managed",
      "type": "aws_iam_policy",
      "name": "mwaa_base",
      "provider": "provider[\"registry.terraform.io/hashicorp/aws\"]",
      "instances": [
        {
          "schema_version": 0,
          "attributes": {
            "arn": "arn:aws:iam::061664787519:policy/paystream-mwaa-base",
            "description": "",
            "id": "arn:aws:iam::061664787519:policy/paystream-mwaa-base",
            "name": "paystream-mwaa-base",
            "name_prefix": "",
            "path": "/",
            "policy": "{\"Statement\":[{\"Action\":[\"logs:CreateLogStream\",\"logs:CreateLogGroup\",\"logs:PutLogEvents\",\"logs:GetLogEvents\",\"logs:GetLogRecord\",\"logs:GetLogGroupFields\",\"logs:GetQueryResults\"],\"Effect\":\"Allow\",\"Resource\":\"arn:aws:logs:eu-north-1:*:log-group:airflow-*\"},{\"Action\":[\"sqs:ChangeMessageVisibility\",\"sqs:DeleteMessage\",\"sqs:GetQueueAttributes\",\"sqs:GetQueueUrl\",\"sqs:ReceiveMessage\",\"sqs:SendMessage\"],\"Effect\":\"Allow\",\"Resource\":\"arn:aws:sqs:eu-north-1:*:airflow-celery-*\"},{\"Action\":\"airflow:PublishMetrics\",\"Effect\":\"Allow\",\"Resource\":\"arn:aws:airflow:eu-north-1:*:environment/*\"},{\"Action\":[\"kms:Decrypt\",\"kms:DescribeKey\",\"kms:GenerateDataKey*\",\"kms:Encrypt\"],\"Condition\":{\"StringLike\":{\"kms:ViaService\":\"sqs.eu-north-1.amazonaws.com\"}},\"Effect\":\"Allow\",\"Resource\":\"*\"}],\"Version\":\"2012-10-17\"}",
            "policy_id": "ANPAQ4W4B7Q7SEZDYZU4H",
            "tags": {
              "Name": "paystream-mwaa-base"
            },
            "tags_all": {
              "Environment": "dev",
              "ManagedBy": "terraform",
              "Name": "paystream-mwaa-base",
              "Project": "paystream"
            }
          },
          "sensitive_attributes": [],
          "private": "bnVsbA=="
        }
      ]
    },
    {
      "module": "module.iam",
      "mode": "managed",
      "type": "aws_iam_policy",
      "name": "mwaa_s3_access",
      "provider": "provider[\"registry.terraform.io/hashicorp/aws\"]",
      "instances": [
        {
          "schema_version": 0,
          "attributes": {
            "arn": "arn:aws:iam::061664787519:policy/paystream-mwaa-s3-access",
            "description": "",
            "id": "arn:aws:iam::061664787519:policy/paystream-mwaa-s3-access",
            "name": "paystream-mwaa-s3-access",
            "name_prefix": "",
            "path": "/",
            "policy": "{\"Statement\":[{\"Action\":[\"s3:GetObject\",\"s3:ListBucket\",\"s3:GetBucketLocation\",\"s3:GetBucketPublicAccessBlock\",\"s3:GetBucketVersioning\",\"s3:GetEncryptionConfiguration\"],\"Effect\":\"Allow\",\"Resource\":[\"arn:aws:s3:::paystream-bronze-dev\",\"arn:aws:s3:::paystream-bronze-dev/*\",\"arn:aws:s3:::paystream-silver-dev\",\"arn:aws:s3:::paystream-silver-dev/*\",\"arn:aws:s3:::paystream-gold-dev\",\"arn:aws:s3:::paystream-gold-dev/*\",\"arn:aws:s3:::paystream-features-dev\",\"arn:aws:s3:::paystream-features-dev/*\",\"arn:aws:s3:::paystream-delta-dev\",\"arn:aws:s3:::paystream-delta-dev/*\",\"arn:aws:s3:::paystream-mwaa-dags-dev\",\"arn:aws:s3:::paystream-mwaa-dags-dev/*\"]},{\"Action\":[\"s3:GetAccountPublicAccessBlock\"],\"Effect\":\"Allow\",\"Resource\":\"*\"}],\"Version\":\"2012-10-17\"}",
            "policy_id": "ANPAQ4W4B7Q72EPRVF5FM",
            "tags": {
              "Name": "paystream-mwaa-s3-access"
            },
            "tags_all": {
              "Environment": "dev",
              "ManagedBy": "terraform",
              "Name": "paystream-mwaa-s3-access",
              "Project": "paystream"
            }
          },
          "sensitive_attributes": [],
          "private": "bnVsbA==",
          "dependencies": [
            "module.s3.aws_s3_bucket.buckets"
          ]
        }
      ]
    },
    {
      "module": "module.iam",
      "mode": "managed",
      "type": "aws_iam_role",
      "name": "ecs_debezium_mongo",
      "provider": "provider[\"registry.terraform.io/hashicorp/aws\"]",
      "instances": [
        {
          "schema_version": 0,
          "attributes": {
            "arn": "arn:aws:iam::061664787519:role/paystream-debezium-mongo-role",
            "assume_role_policy": "{\"Statement\":[{\"Action\":\"sts:AssumeRole\",\"Effect\":\"Allow\",\"Principal\":{\"Service\":\"ecs-tasks.amazonaws.com\"}}],\"Version\":\"2012-10-17\"}",
            "create_date": "2026-03-28T20:55:27Z",
            "description": "",
            "force_detach_policies": false,
            "id": "paystream-debezium-mongo-role",
            "inline_policy": [],
            "managed_policy_arns": [
              "arn:aws:iam::061664787519:policy/paystream-msk-iam-auth"
            ],
            "max_session_duration": 3600,
            "name": "paystream-debezium-mongo-role",
            "name_prefix": "",
            "path": "/",
            "permissions_boundary": "",
            "tags": {
              "Name": "paystream-debezium-mongo-role"
            },
            "tags_all": {
              "Environment": "dev",
              "ManagedBy": "terraform",
              "Name": "paystream-debezium-mongo-role",
              "Project": "paystream"
            },
            "unique_id": "AROAQ4W4B7Q7ZHQMFE7FC"
          },
          "sensitive_attributes": [],
          "private": "bnVsbA=="
        }
      ]
    },
    {
      "module": "module.iam",
      "mode": "managed",
      "type": "aws_iam_role",
      "name": "ecs_debezium_pg",
      "provider": "provider[\"registry.terraform.io/hashicorp/aws\"]",
      "instances": [
        {
          "schema_version": 0,
          "attributes": {
            "arn": "arn:aws:iam::061664787519:role/paystream-debezium-pg-role",
            "assume_role_policy": "{\"Statement\":[{\"Action\":\"sts:AssumeRole\",\"Effect\":\"Allow\",\"Principal\":{\"Service\":\"ecs-tasks.amazonaws.com\"}}],\"Version\":\"2012-10-17\"}",
            "create_date": "2026-03-28T20:55:26Z",
            "description": "",
            "force_detach_policies": false,
            "id": "paystream-debezium-pg-role",
            "inline_policy": [],
            "managed_policy_arns": [
              "arn:aws:iam::061664787519:policy/paystream-msk-iam-auth"
            ],
            "max_session_duration": 3600,
            "name": "paystream-debezium-pg-role",
            "name_prefix": "",
            "path": "/",
            "permissions_boundary": "",
            "tags": {
              "Name": "paystream-debezium-pg-role"
            },
            "tags_all": {
              "Environment": "dev",
              "ManagedBy": "terraform",
              "Name": "paystream-debezium-pg-role",
              "Project": "paystream"
            },
            "unique_id": "AROAQ4W4B7Q7W2R2E6SLB"
          },
          "sensitive_attributes": [],
          "private": "bnVsbA=="
        }
      ]
    },
    {
      "module": "module.iam",
      "mode": "managed",
      "type": "aws_iam_role",
      "name": "ecs_execution",
      "provider": "provider[\"registry.terraform.io/hashicorp/aws\"]",
      "instances": [
        {
          "schema_version": 0,
          "attributes": {
            "arn": "arn:aws:iam::061664787519:role/paystream-ecs-execution-role",
            "assume_role_policy": "{\"Statement\":[{\"Action\":\"sts:AssumeRole\",\"Effect\":\"Allow\",\"Principal\":{\"Service\":\"ecs-tasks.amazonaws.com\"}}],\"Version\":\"2012-10-17\"}",
            "create_date": "2026-03-28T20:55:27Z",
            "description": "",
            "force_detach_policies": false,
            "id": "paystream-ecs-execution-role",
            "inline_policy": [
              {
                "name": "paystream-ecs-execution-secrets",
                "policy": "{\"Version\":\"2012-10-17\",\"Statement\":[{\"Action\":[\"secretsmanager:GetSecretValue\"],\"Effect\":\"Allow\",\"Resource\":\"*\"}]}"
              }
            ],
            "managed_policy_arns": [
              "arn:aws:iam::aws:policy/service-role/AmazonECSTaskExecutionRolePolicy"
            ],
            "max_session_duration": 3600,
            "name": "paystream-ecs-execution-role",
            "name_prefix": "",
            "path": "/",
            "permissions_boundary": "",
            "tags": {
              "Name": "paystream-ecs-execution-role"
            },
            "tags_all": {
              "Environment": "dev",
              "ManagedBy": "terraform",
              "Name": "paystream-ecs-execution-role",
              "Project": "paystream"
            },
            "unique_id": "AROAQ4W4B7Q75LLNBCIHF"
          },
          "sensitive_attributes": [],
          "private": "bnVsbA=="
        }
      ]
    },
    {
      "module": "module.iam",
      "mode": "managed",
      "type": "aws_iam_role",
      "name": "ecs_schema_registry",
      "provider": "provider[\"registry.terraform.io/hashicorp/aws\"]",
      "instances": [
        {
          "schema_version": 0,
          "attributes": {
            "arn": "arn:aws:iam::061664787519:role/paystream-schema-registry-role",
            "assume_role_policy": "{\"Statement\":[{\"Action\":\"sts:AssumeRole\",\"Effect\":\"Allow\",\"Principal\":{\"Service\":\"ecs-tasks.amazonaws.com\"}}],\"Version\":\"2012-10-17\"}",
            "create_date": "2026-03-28T20:55:26Z",
            "description": "",
            "force_detach_policies": false,
            "id": "paystream-schema-registry-role",
            "inline_policy": [],
            "managed_policy_arns": [
              "arn:aws:iam::061664787519:policy/paystream-msk-iam-auth"
            ],
            "max_session_duration": 3600,
            "name": "paystream-schema-registry-role",
            "name_prefix": "",
            "path": "/",
            "permissions_boundary": "",
            "tags": {
              "Name": "paystream-schema-registry-role"
            },
            "tags_all": {
              "Environment": "dev",
              "ManagedBy": "terraform",
              "Name": "paystream-schema-registry-role",
              "Project": "paystream"
            },
            "unique_id": "AROAQ4W4B7Q73Q34LW3IB"
          },
          "sensitive_attributes": [],
          "private": "bnVsbA=="
        }
      ]
    },
    {
      "module": "module.iam",
      "mode": "managed",
      "type": "aws_iam_role",
      "name": "emr_execution",
      "provider": "provider[\"registry.terraform.io/hashicorp/aws\"]",
      "instances": [
        {
          "schema_version": 0,
          "attributes": {
            "arn": "arn:aws:iam::061664787519:role/paystream-emr-execution-role",
            "assume_role_policy": "{\"Statement\":[{\"Action\":\"sts:AssumeRole\",\"Effect\":\"Allow\",\"Principal\":{\"Service\":\"emr-serverless.amazonaws.com\"}}],\"Version\":\"2012-10-17\"}",
            "create_date": "2026-03-28T20:55:26Z",
            "description": "",
            "force_detach_policies": false,
            "id": "paystream-emr-execution-role",
            "inline_policy": [],
            "managed_policy_arns": [
              "arn:aws:iam::061664787519:policy/paystream-emr-s3-access"
            ],
            "max_session_duration": 3600,
            "name": "paystream-emr-execution-role",
            "name_prefix": "",
            "path": "/",
            "permissions_boundary": "",
            "tags": {
              "Name": "paystream-emr-execution-role"
            },
            "tags_all": {
              "Environment": "dev",
              "ManagedBy": "terraform",
              "Name": "paystream-emr-execution-role",
              "Project": "paystream"
            },
            "unique_id": "AROAQ4W4B7Q7SCMNCXNB3"
          },
          "sensitive_attributes": [],
          "private": "bnVsbA=="
        }
      ]
    },
    {
      "module": "module.iam",
      "mode": "managed",
      "type": "aws_iam_role",
      "name": "mwaa_execution",
      "provider": "provider[\"registry.terraform.io/hashicorp/aws\"]",
      "instances": [
        {
          "schema_version": 0,
          "attributes": {
            "arn": "arn:aws:iam::061664787519:role/paystream-mwaa-execution-role",
            "assume_role_policy": "{\"Statement\":[{\"Action\":\"sts:AssumeRole\",\"Effect\":\"Allow\",\"Principal\":{\"Service\":[\"airflow.amazonaws.com\",\"airflow-env.amazonaws.com\"]}}],\"Version\":\"2012-10-17\"}",
            "create_date": "2026-03-28T20:55:28Z",
            "description": "",
            "force_detach_policies": false,
            "id": "paystream-mwaa-execution-role",
            "inline_policy": [],
            "managed_policy_arns": [
              "arn:aws:iam::061664787519:policy/paystream-mwaa-base",
              "arn:aws:iam::061664787519:policy/paystream-mwaa-s3-access"
            ],
            "max_session_duration": 3600,
            "name": "paystream-mwaa-execution-role",
            "name_prefix": "",
            "path": "/",
            "permissions_boundary": "",
            "tags": {
              "Name": "paystream-mwaa-execution-role"
            },
            "tags_all": {
              "Environment": "dev",
              "ManagedBy": "terraform",
              "Name": "paystream-mwaa-execution-role",
              "Project": "paystream"
            },
            "unique_id": "AROAQ4W4B7Q7XQAW2M5BG"
          },
          "sensitive_attributes": [],
          "private": "bnVsbA=="
        }
      ]
    },
    {
      "module": "module.iam",
      "mode": "managed",
      "type": "aws_iam_role_policy",
      "name": "ecs_execution_secrets",
      "provider": "provider[\"registry.terraform.io/hashicorp/aws\"]",
      "instances": [
        {
          "schema_version": 0,
          "attributes": {
            "id": "paystream-ecs-execution-role:paystream-ecs-execution-secrets",
            "name": "paystream-ecs-execution-secrets",
            "name_prefix": "",
            "policy": "{\"Version\":\"2012-10-17\",\"Statement\":[{\"Action\":[\"secretsmanager:GetSecretValue\"],\"Effect\":\"Allow\",\"Resource\":\"*\"}]}",
            "role": "paystream-ecs-execution-role"
          },
          "sensitive_attributes": [],
          "private": "bnVsbA==",
          "dependencies": [
            "module.iam.aws_iam_role.ecs_execution"
          ]
        }
      ]
    },
    {
      "module": "module.iam",
      "mode": "managed",
      "type": "aws_iam_role_policy_attachment",
      "name": "debezium_mongo_msk",
      "provider": "provider[\"registry.terraform.io/hashicorp/aws\"]",
      "instances": [
        {
          "schema_version": 0,
          "attributes": {
            "id": "paystream-debezium-mongo-role-20260328210507661600000007",
            "policy_arn": "arn:aws:iam::061664787519:policy/paystream-msk-iam-auth",
            "role": "paystream-debezium-mongo-role"
          },
          "sensitive_attributes": [],
          "private": "bnVsbA==",
          "dependencies": [
            "module.iam.aws_iam_policy.msk_iam_auth",
            "module.iam.aws_iam_role.ecs_debezium_mongo",
            "module.msk.aws_msk_serverless_cluster.main",
            "module.vpc.aws_security_group.msk",
            "module.vpc.aws_security_group.private",
            "module.vpc.aws_subnet.private_1a",
            "module.vpc.aws_subnet.private_1b",
            "module.vpc.aws_vpc.main"
          ]
        }
      ]
    },
    {
      "module": "module.iam",
      "mode": "managed",
      "type": "aws_iam_role_policy_attachment",
      "name": "debezium_pg_msk",
      "provider": "provider[\"registry.terraform.io/hashicorp/aws\"]",
      "instances": [
        {
          "schema_version": 0,
          "attributes": {
            "id": "paystream-debezium-pg-role-20260328210507419000000006",
            "policy_arn": "arn:aws:iam::061664787519:policy/paystream-msk-iam-auth",
            "role": "paystream-debezium-pg-role"
          },
          "sensitive_attributes": [],
          "private": "bnVsbA==",
          "dependencies": [
            "module.iam.aws_iam_policy.msk_iam_auth",
            "module.iam.aws_iam_role.ecs_debezium_pg",
            "module.msk.aws_msk_serverless_cluster.main",
            "module.vpc.aws_security_group.msk",
            "module.vpc.aws_security_group.private",
            "module.vpc.aws_subnet.private_1a",
            "module.vpc.aws_subnet.private_1b",
            "module.vpc.aws_vpc.main"
          ]
        }
      ]
    },
    {
      "module": "module.iam",
      "mode": "managed",
      "type": "aws_iam_role_policy_attachment",
      "name": "ecs_execution",
      "provider": "provider[\"registry.terraform.io/hashicorp/aws\"]",
      "instances": [
        {
          "schema_version": 0,
          "attributes": {
            "id": "paystream-ecs-execution-role-20260328205530920300000006",
            "policy_arn": "arn:aws:iam::aws:policy/service-role/AmazonECSTaskExecutionRolePolicy",
            "role": "paystream-ecs-execution-role"
          },
          "sensitive_attributes": [],
          "private": "bnVsbA==",
          "dependencies": [
            "module.iam.aws_iam_role.ecs_execution"
          ]
        }
      ]
    },
    {
      "module": "module.iam",
      "mode": "managed",
      "type": "aws_iam_role_policy_attachment",
      "name": "emr_s3",
      "provider": "provider[\"registry.terraform.io/hashicorp/aws\"]",
      "instances": [
        {
          "schema_version": 0,
          "attributes": {
            "id": "paystream-emr-execution-role-20260328205538400500000008",
            "policy_arn": "arn:aws:iam::061664787519:policy/paystream-emr-s3-access",
            "role": "paystream-emr-execution-role"
          },
          "sensitive_attributes": [],
          "private": "bnVsbA==",
          "dependencies": [
            "module.iam.aws_iam_policy.emr_s3_access",
            "module.iam.aws_iam_role.emr_execution",
            "module.s3.aws_s3_bucket.buckets"
          ]
        }
      ]
    },
    {
      "module": "module.iam",
      "mode": "managed",
      "type": "aws_iam_role_policy_attachment",
      "name": "mwaa_base",
      "provider": "provider[\"registry.terraform.io/hashicorp/aws\"]",
      "instances": [
        {
          "schema_version": 0,
          "attributes": {
            "id": "paystream-mwaa-execution-role-20260328205531396900000007",
            "policy_arn": "arn:aws:iam::061664787519:policy/paystream-mwaa-base",
            "role": "paystream-mwaa-execution-role"
          },
          "sensitive_attributes": [],
          "private": "bnVsbA==",
          "dependencies": [
            "module.iam.aws_iam_policy.mwaa_base",
            "module.iam.aws_iam_role.mwaa_execution"
          ]
        }
      ]
    },
    {
      "module": "module.iam",
      "mode": "managed",
      "type": "aws_iam_role_policy_attachment",
      "name": "mwaa_s3",
      "provider": "provider[\"registry.terraform.io/hashicorp/aws\"]",
      "instances": [
        {
          "schema_version": 0,
          "attributes": {
            "id": "paystream-mwaa-execution-role-20260328205538619800000009",
            "policy_arn": "arn:aws:iam::061664787519:policy/paystream-mwaa-s3-access",
            "role": "paystream-mwaa-execution-role"
          },
          "sensitive_attributes": [],
          "private": "bnVsbA==",
          "dependencies": [
            "module.iam.aws_iam_policy.mwaa_s3_access",
            "module.iam.aws_iam_role.mwaa_execution",
            "module.s3.aws_s3_bucket.buckets"
          ]
        }
      ]
    },
    {
      "module": "module.iam",
      "mode": "managed",
      "type": "aws_iam_role_policy_attachment",
      "name": "schema_registry_msk",
      "provider": "provider[\"registry.terraform.io/hashicorp/aws\"]",
      "instances": [
        {
          "schema_version": 0,
          "attributes": {
            "id": "paystream-schema-registry-role-20260328210507916500000008",
            "policy_arn": "arn:aws:iam::061664787519:policy/paystream-msk-iam-auth",
            "role": "paystream-schema-registry-role"
          },
          "sensitive_attributes": [],
          "private": "bnVsbA==",
          "dependencies": [
            "module.iam.aws_iam_policy.msk_iam_auth",
            "module.iam.aws_iam_role.ecs_schema_registry",
            "module.msk.aws_msk_serverless_cluster.main",
            "module.vpc.aws_security_group.msk",
            "module.vpc.aws_security_group.private",
            "module.vpc.aws_subnet.private_1a",
            "module.vpc.aws_subnet.private_1b",
            "module.vpc.aws_vpc.main"
          ]
        }
      ]
    },
    {
      "module": "module.msk",
      "mode": "managed",
      "type": "aws_msk_serverless_cluster",
      "name": "main",
      "provider": "provider[\"registry.terraform.io/hashicorp/aws\"]",
      "instances": [
        {
          "schema_version": 0,
          "attributes": {
            "arn": "arn:aws:kafka:eu-north-1:061664787519:cluster/paystream-msk/9fad09fe-f092-4473-9398-e514f518a3f5-s1",
            "client_authentication": [
              {
                "sasl": [
                  {
                    "iam": [
                      {
                        "enabled": true
                      }
                    ]
                  }
                ]
              }
            ],
            "cluster_name": "paystream-msk",
            "cluster_uuid": "9fad09fe-f092-4473-9398-e514f518a3f5-s1",
            "id": "arn:aws:kafka:eu-north-1:061664787519:cluster/paystream-msk/9fad09fe-f092-4473-9398-e514f518a3f5-s1",
            "tags": {
              "Name": "paystream-msk"
            },
            "tags_all": {
              "Environment": "dev",
              "ManagedBy": "terraform",
              "Name": "paystream-msk",
              "Project": "paystream"
            },
            "timeouts": null,
            "vpc_config": [
              {
                "security_group_ids": [
                  "sg-0a40fbedb671b3251"
                ],
                "subnet_ids": [
                  "subnet-061557984ee3fac94",
                  "subnet-07142df521e0eb4b2"
                ]
              }
            ]
          },
          "sensitive_attributes": [],
          "private": "eyJlMmJmYjczMC1lY2FhLTExZTYtOGY4OC0zNDM2M2JjN2M0YzAiOnsiY3JlYXRlIjo3MjAwMDAwMDAwMDAwLCJkZWxldGUiOjcyMDAwMDAwMDAwMDB9fQ==",
          "dependencies": [
            "module.vpc.aws_security_group.msk",
            "module.vpc.aws_security_group.private",
            "module.vpc.aws_subnet.private_1a",
            "module.vpc.aws_subnet.private_1b",
            "module.vpc.aws_vpc.main"
          ]
        }
      ]
    },
    {
      "module": "module.msk",
      "mode": "managed",
      "type": "aws_secretsmanager_secret",
      "name": "msk_scram",
      "provider": "provider[\"registry.terraform.io/hashicorp/aws\"]",
      "instances": [
        {
          "schema_version": 0,
          "attributes": {
            "arn": "arn:aws:secretsmanager:eu-north-1:061664787519:secret:AmazonMSK_paystream_clickhouse-wvALB3",
            "description": "",
            "force_overwrite_replica_secret": false,
            "id": "arn:aws:secretsmanager:eu-north-1:061664787519:secret:AmazonMSK_paystream_clickhouse-wvALB3",
            "kms_key_id": "",
            "name": "AmazonMSK_paystream_clickhouse",
            "name_prefix": "",
            "policy": "",
            "recovery_window_in_days": 0,
            "replica": [],
            "tags": {
              "Name": "AmazonMSK_paystream_clickhouse"
            },
            "tags_all": {
              "Environment": "dev",
              "ManagedBy": "terraform",
              "Name": "AmazonMSK_paystream_clickhouse",
              "Project": "paystream"
            }
          },
          "sensitive_attributes": [],
          "private": "bnVsbA=="
        }
      ]
    },
    {
      "module": "module.msk",
      "mode": "managed",
      "type": "aws_secretsmanager_secret_version",
      "name": "msk_scram",
      "provider": "provider[\"registry.terraform.io/hashicorp/aws\"]",
      "instances": [
        {
          "schema_version": 0,
          "attributes": {
            "arn": "arn:aws:secretsmanager:eu-north-1:061664787519:secret:AmazonMSK_paystream_clickhouse-wvALB3",
            "id": "arn:aws:secretsmanager:eu-north-1:061664787519:secret:AmazonMSK_paystream_clickhouse-wvALB3|terraform-20260328205529229800000004",
            "secret_binary": "",
            "secret_id": "arn:aws:secretsmanager:eu-north-1:061664787519:secret:AmazonMSK_paystream_clickhouse-wvALB3",
            "secret_string": "{\"password\":\"RpOkFYfBixoYT72Z3kdYK18oDenybcD8\",\"username\":\"clickhouse\"}",
            "version_id": "terraform-20260328205529229800000004",
            "version_stages": [
              "AWSCURRENT"
            ]
          },
          "sensitive_attributes": [
            [
              {
                "type": "get_attr",
                "value": "secret_string"
              }
            ]
          ],
          "private": "bnVsbA==",
          "dependencies": [
            "module.msk.aws_secretsmanager_secret.msk_scram",
            "module.msk.random_password.msk_scram"
          ]
        }
      ]
    },
    {
      "module": "module.msk",
      "mode": "managed",
      "type": "random_password",
      "name": "msk_scram",
      "provider": "provider[\"registry.terraform.io/hashicorp/random\"]",
      "instances": [
        {
          "schema_version": 3,
          "attributes": {
            "bcrypt_hash": "$2a$10$LDRbCvzVVcZ43obNtKzd.OD1uTXw57x4ihoSJWEtFbswxDPDhZZTu",
            "id": "none",
            "keepers": null,
            "length": 32,
            "lower": true,
            "min_lower": 0,
            "min_numeric": 0,
            "min_special": 0,
            "min_upper": 0,
            "number": true,
            "numeric": true,
            "override_special": null,
            "result": "RpOkFYfBixoYT72Z3kdYK18oDenybcD8",
            "special": false,
            "upper": true
          },
          "sensitive_attributes": []
        }
      ]
    },
    {
      "module": "module.mwaa",
      "mode": "managed",
      "type": "aws_mwaa_environment",
      "name": "main",
      "provider": "provider[\"registry.terraform.io/hashicorp/aws\"]",
      "instances": [
        {
          "schema_version": 0,
          "attributes": {
            "airflow_configuration_options": {},
            "airflow_version": "2.10.1",
            "arn": "arn:aws:airflow:eu-north-1:061664787519:environment/paystream-mwaa",
            "created_at": "2026-03-28 21:08:51 +0000 UTC",
            "dag_s3_path": "dags/",
            "endpoint_management": "SERVICE",
            "environment_class": "mw1.small",
            "execution_role_arn": "arn:aws:iam::061664787519:role/paystream-mwaa-execution-role",
            "id": "paystream-mwaa",
            "kms_key": "",
            "last_updated": [
              {
                "created_at": "2026-03-28 21:08:51 +0000 UTC",
                "error": [],
                "status": "PENDING"
              }
            ],
            "logging_configuration": [
              {
                "dag_processing_logs": [
                  {
                    "cloud_watch_log_group_arn": "",
                    "enabled": true,
                    "log_level": "INFO"
                  }
                ],
                "scheduler_logs": [
                  {
                    "cloud_watch_log_group_arn": "",
                    "enabled": true,
                    "log_level": "INFO"
                  }
                ],
                "task_logs": [
                  {
                    "cloud_watch_log_group_arn": "",
                    "enabled": true,
                    "log_level": "INFO"
                  }
                ],
                "webserver_logs": [
                  {
                    "cloud_watch_log_group_arn": "",
                    "enabled": true,
                    "log_level": "INFO"
                  }
                ],
                "worker_logs": [
                  {
                    "cloud_watch_log_group_arn": "",
                    "enabled": true,
                    "log_level": "INFO"
                  }
                ]
              }
            ],
            "max_workers": 2,
            "min_workers": 1,
            "name": "paystream-mwaa",
            "network_configuration": [
              {
                "security_group_ids": [
                  "sg-05c78261c1584e77a"
                ],
                "subnet_ids": [
                  "subnet-061557984ee3fac94",
                  "subnet-07142df521e0eb4b2"
                ]
              }
            ],
            "plugins_s3_object_version": "",
            "plugins_s3_path": "",
            "requirements_s3_object_version": "null",
            "requirements_s3_path": "requirements.txt",
            "schedulers": 2,
            "service_role_arn": "arn:aws:iam::061664787519:role/aws-service-role/airflow.amazonaws.com/AWSServiceRoleForAmazonMWAA",
            "source_bucket_arn": "arn:aws:s3:::paystream-mwaa-dags-dev",
            "startup_script_s3_object_version": "",
            "startup_script_s3_path": "",
            "status": "CREATING",
            "tags": {
              "Name": "paystream-mwaa"
            },
            "tags_all": {
              "Environment": "dev",
              "ManagedBy": "terraform",
              "Name": "paystream-mwaa",
              "Project": "paystream"
            },
            "timeouts": null,
            "webserver_access_mode": "PRIVATE_ONLY",
            "webserver_url": "",
            "weekly_maintenance_window_start": "SAT:04:30"
          },
          "sensitive_attributes": [],
          "private": "eyJlMmJmYjczMC1lY2FhLTExZTYtOGY4OC0zNDM2M2JjN2M0YzAiOnsiY3JlYXRlIjo3MjAwMDAwMDAwMDAwLCJkZWxldGUiOjU0MDAwMDAwMDAwMDAsInVwZGF0ZSI6NTQwMDAwMDAwMDAwMH0sInNjaGVtYV92ZXJzaW9uIjoiMCJ9",
          "dependencies": [
            "module.iam.aws_iam_role.mwaa_execution",
            "module.s3.aws_s3_bucket.buckets",
            "module.vpc.aws_security_group.private",
            "module.vpc.aws_subnet.private_1a",
            "module.vpc.aws_subnet.private_1b",
            "module.vpc.aws_vpc.main"
          ]
        }
      ]
    },
    {
      "module": "module.observability",
      "mode": "managed",
      "type": "aws_iam_role",
      "name": "grafana",
      "provider": "provider[\"registry.terraform.io/hashicorp/aws\"]",
      "instances": [
        {
          "schema_version": 0,
          "attributes": {
            "arn": "arn:aws:iam::061664787519:role/paystream-grafana-role",
            "assume_role_policy": "{\"Statement\":[{\"Action\":\"sts:AssumeRole\",\"Effect\":\"Allow\",\"Principal\":{\"Service\":\"grafana.amazonaws.com\"}}],\"Version\":\"2012-10-17\"}",
            "create_date": "2026-03-28T20:55:26Z",
            "description": "",
            "force_detach_policies": false,
            "id": "paystream-grafana-role",
            "inline_policy": [],
            "managed_policy_arns": [],
            "max_session_duration": 3600,
            "name": "paystream-grafana-role",
            "name_prefix": "",
            "path": "/",
            "permissions_boundary": "",
            "tags": {
              "Name": "paystream-grafana-role"
            },
            "tags_all": {
              "Environment": "dev",
              "ManagedBy": "terraform",
              "Name": "paystream-grafana-role",
              "Project": "paystream"
            },
            "unique_id": "AROAQ4W4B7Q755CQ7CMLY"
          },
          "sensitive_attributes": [],
          "private": "bnVsbA=="
        }
      ]
    },
    {
      "module": "module.observability",
      "mode": "managed",
      "type": "aws_prometheus_workspace",
      "name": "main",
      "provider": "provider[\"registry.terraform.io/hashicorp/aws\"]",
      "instances": [
        {
          "schema_version": 0,
          "attributes": {
            "alias": "paystream-prometheus",
            "arn": "arn:aws:aps:eu-north-1:061664787519:workspace/ws-0e518953-9d8b-492d-a249-d7c5ee64eaa6",
            "id": "ws-0e518953-9d8b-492d-a249-d7c5ee64eaa6",
            "kms_key_arn": "",
            "logging_configuration": [],
            "prometheus_endpoint": "https://aps-workspaces.eu-north-1.amazonaws.com/workspaces/ws-0e518953-9d8b-492d-a249-d7c5ee64eaa6/",
            "tags": {
              "Name": "paystream-prometheus"
            },
            "tags_all": {
              "Environment": "dev",
              "ManagedBy": "terraform",
              "Name": "paystream-prometheus",
              "Project": "paystream"
            }
          },
          "sensitive_attributes": [],
          "private": "bnVsbA=="
        }
      ]
    },
    {
      "module": "module.rds",
      "mode": "managed",
      "type": "aws_db_instance",
      "name": "main",
      "provider": "provider[\"registry.terraform.io/hashicorp/aws\"]",
      "instances": [
        {
          "schema_version": 2,
          "attributes": {
            "address": "paystream-rds.c7464guo8csy.eu-north-1.rds.amazonaws.com",
            "allocated_storage": 20,
            "allow_major_version_upgrade": null,
            "apply_immediately": false,
            "arn": "arn:aws:rds:eu-north-1:061664787519:db:paystream-rds",
            "auto_minor_version_upgrade": true,
            "availability_zone": "eu-north-1a",
            "backup_retention_period": 1,
            "backup_target": "region",
            "backup_window": "03:15-03:45",
            "blue_green_update": [],
            "ca_cert_identifier": "rds-ca-rsa2048-g1",
            "character_set_name": "",
            "copy_tags_to_snapshot": false,
            "custom_iam_instance_profile": "",
            "customer_owned_ip_enabled": false,
            "db_name": "paystream",
            "db_subnet_group_name": "paystream-rds-subnet",
            "delete_automated_backups": true,
            "deletion_protection": false,
            "domain": "",
            "domain_auth_secret_arn": "",
            "domain_dns_ips": [],
            "domain_fqdn": "",
            "domain_iam_role_name": "",
            "domain_ou": "",
            "enabled_cloudwatch_logs_exports": [],
            "endpoint": "paystream-rds.c7464guo8csy.eu-north-1.rds.amazonaws.com:5432",
            "engine": "postgres",
            "engine_version": "15",
            "engine_version_actual": "15.14",
            "final_snapshot_identifier": null,
            "hosted_zone_id": "Z3MPDEQW7KHUGY",
            "iam_database_authentication_enabled": false,
            "id": "db-7WJXEXM47CEUQ4QRUIYTUDVNUI",
            "identifier": "paystream-rds",
            "identifier_prefix": "",
            "instance_class": "db.t3.medium",
            "iops": 3000,
            "kms_key_id": "arn:aws:kms:eu-north-1:061664787519:key/47837e7f-9d34-4469-a661-67c4bb5e6432",
            "latest_restorable_time": "2026-03-28T21:41:54Z",
            "license_model": "postgresql-license",
            "listener_endpoint": [],
            "maintenance_window": "tue:03:53-tue:04:23",
            "manage_master_user_password": null,
            "master_user_secret": [],
            "master_user_secret_kms_key_id": null,
            "max_allocated_storage": 0,
            "monitoring_interval": 0,
            "monitoring_role_arn": "",
            "multi_az": false,
            "nchar_character_set_name": "",
            "network_type": "IPV4",
            "option_group_name": "default:postgres-15",
            "parameter_group_name": "paystream-pg15-params",
            "password": "TiK7LXTeALvQapEGrDLIUel5FKVJex7P",
            "performance_insights_enabled": false,
            "performance_insights_kms_key_id": "",
            "performance_insights_retention_period": 0,
            "port": 5432,
            "publicly_accessible": false,
            "replica_mode": "",
            "replicas": [],
            "replicate_source_db": "",
            "resource_id": "db-7WJXEXM47CEUQ4QRUIYTUDVNUI",
            "restore_to_point_in_time": [],
            "s3_import": [],
            "skip_final_snapshot": true,
            "snapshot_identifier": null,
            "status": "available",
            "storage_encrypted": true,
            "storage_throughput": 125,
            "storage_type": "gp3",
            "tags": {
              "Name": "paystream-rds"
            },
            "tags_all": {
              "Environment": "dev",
              "ManagedBy": "terraform",
              "Name": "paystream-rds",
              "Project": "paystream"
            },
            "timeouts": null,
            "timezone": "",
            "username": "paystream_admin",
            "vpc_security_group_ids": [
              "sg-05de93cdc3ac6273c"
            ]
          },
          "sensitive_attributes": [
            [
              {
                "type": "get_attr",
                "value": "password"
              }
            ]
          ],
          "private": "eyJlMmJmYjczMC1lY2FhLTExZTYtOGY4OC0zNDM2M2JjN2M0YzAiOnsiY3JlYXRlIjoyNDAwMDAwMDAwMDAwLCJkZWxldGUiOjM2MDAwMDAwMDAwMDAsInVwZGF0ZSI6NDgwMDAwMDAwMDAwMH0sInNjaGVtYV92ZXJzaW9uIjoiMiJ9",
          "dependencies": [
            "module.rds.aws_db_parameter_group.main",
            "module.rds.aws_db_subnet_group.main",
            "module.rds.random_password.rds_master",
            "module.vpc.aws_security_group.bastion",
            "module.vpc.aws_security_group.private",
            "module.vpc.aws_security_group.rds",
            "module.vpc.aws_subnet.private_1a",
            "module.vpc.aws_subnet.private_1b",
            "module.vpc.aws_vpc.main"
          ]
        }
      ]
    },
    {
      "module": "module.rds",
      "mode": "managed",
      "type": "aws_db_parameter_group",
      "name": "main",
      "provider": "provider[\"registry.terraform.io/hashicorp/aws\"]",
      "instances": [
        {
          "schema_version": 0,
          "attributes": {
            "arn": "arn:aws:rds:eu-north-1:061664787519:pg:paystream-pg15-params",
            "description": "Managed by Terraform",
            "family": "postgres15",
            "id": "paystream-pg15-params",
            "name": "paystream-pg15-params",
            "name_prefix": null,
            "parameter": [
              {
                "apply_method": "pending-reboot",
                "name": "rds.logical_replication",
                "value": "1"
              }
            ],
            "tags": {
              "Name": "paystream-pg15-params"
            },
            "tags_all": {
              "Environment": "dev",
              "ManagedBy": "terraform",
              "Name": "paystream-pg15-params",
              "Project": "paystream"
            }
          },
          "sensitive_attributes": [],
          "private": "bnVsbA=="
        }
      ]
    },
    {
      "module": "module.rds",
      "mode": "managed",
      "type": "aws_db_subnet_group",
      "name": "main",
      "provider": "provider[\"registry.terraform.io/hashicorp/aws\"]",
      "instances": [
        {
          "schema_version": 0,
          "attributes": {
            "arn": "arn:aws:rds:eu-north-1:061664787519:subgrp:paystream-rds-subnet",
            "description": "Managed by Terraform",
            "id": "paystream-rds-subnet",
            "name": "paystream-rds-subnet",
            "name_prefix": "",
            "subnet_ids": [
              "subnet-061557984ee3fac94",
              "subnet-07142df521e0eb4b2"
            ],
            "supported_network_types": [
              "IPV4"
            ],
            "tags": {
              "Name": "paystream-rds-subnet"
            },
            "tags_all": {
              "Environment": "dev",
              "ManagedBy": "terraform",
              "Name": "paystream-rds-subnet",
              "Project": "paystream"
            },
            "vpc_id": "vpc-0dd288ca056935049"
          },
          "sensitive_attributes": [],
          "private": "bnVsbA==",
          "dependencies": [
            "module.vpc.aws_subnet.private_1a",
            "module.vpc.aws_subnet.private_1b",
            "module.vpc.aws_vpc.main"
          ]
        }
      ]
    },
    {
      "module": "module.rds",
      "mode": "managed",
      "type": "aws_secretsmanager_secret",
      "name": "rds_master",
      "provider": "provider[\"registry.terraform.io/hashicorp/aws\"]",
      "instances": [
        {
          "schema_version": 0,
          "attributes": {
            "arn": "arn:aws:secretsmanager:eu-north-1:061664787519:secret:paystream-rds-master-dev-6obCLF",
            "description": "",
            "force_overwrite_replica_secret": false,
            "id": "arn:aws:secretsmanager:eu-north-1:061664787519:secret:paystream-rds-master-dev-6obCLF",
            "kms_key_id": "",
            "name": "paystream-rds-master-dev",
            "name_prefix": "",
            "policy": "",
            "recovery_window_in_days": 0,
            "replica": [],
            "tags": {
              "Name": "paystream-rds-master"
            },
            "tags_all": {
              "Environment": "dev",
              "ManagedBy": "terraform",
              "Name": "paystream-rds-master",
              "Project": "paystream"
            }
          },
          "sensitive_attributes": [],
          "private": "bnVsbA=="
        }
      ]
    },
    {
      "module": "module.rds",
      "mode": "managed",
      "type": "aws_secretsmanager_secret_version",
      "name": "rds_master",
      "provider": "provider[\"registry.terraform.io/hashicorp/aws\"]",
      "instances": [
        {
          "schema_version": 0,
          "attributes": {
            "arn": "arn:aws:secretsmanager:eu-north-1:061664787519:secret:paystream-rds-master-dev-6obCLF",
            "id": "arn:aws:secretsmanager:eu-north-1:061664787519:secret:paystream-rds-master-dev-6obCLF|terraform-20260328211104531300000001",
            "secret_binary": "",
            "secret_id": "arn:aws:secretsmanager:eu-north-1:061664787519:secret:paystream-rds-master-dev-6obCLF",
            "secret_string": "{\"dbname\":\"paystream\",\"engine\":\"postgres\",\"host\":\"paystream-rds.c7464guo8csy.eu-north-1.rds.amazonaws.com\",\"password\":\"TiK7LXTeALvQapEGrDLIUel5FKVJex7P\",\"port\":5432,\"username\":\"paystream_admin\"}",
            "version_id": "terraform-20260328211104531300000001",
            "version_stages": [
              "AWSCURRENT"
            ]
          },
          "sensitive_attributes": [
            [
              {
                "type": "get_attr",
                "value": "secret_string"
              }
            ]
          ],
          "private": "bnVsbA==",
          "dependencies": [
            "module.rds.aws_db_instance.main",
            "module.rds.aws_db_parameter_group.main",
            "module.rds.aws_db_subnet_group.main",
            "module.rds.aws_secretsmanager_secret.rds_master",
            "module.rds.random_password.rds_master",
            "module.vpc.aws_security_group.bastion",
            "module.vpc.aws_security_group.private",
            "module.vpc.aws_security_group.rds",
            "module.vpc.aws_subnet.private_1a",
            "module.vpc.aws_subnet.private_1b",
            "module.vpc.aws_vpc.main"
          ]
        }
      ]
    },
    {
      "module": "module.rds",
      "mode": "managed",
      "type": "random_password",
      "name": "rds_master",
      "provider": "provider[\"registry.terraform.io/hashicorp/random\"]",
      "instances": [
        {
          "schema_version": 3,
          "attributes": {
            "bcrypt_hash": "$2a$10$/4eh99bH85V3wrAKFiOUW.EvgAA5t5AQLiECJTH7WX2V324UB4gVy",
            "id": "none",
            "keepers": null,
            "length": 32,
            "lower": true,
            "min_lower": 0,
            "min_numeric": 0,
            "min_special": 0,
            "min_upper": 0,
            "number": true,
            "numeric": true,
            "override_special": null,
            "result": "TiK7LXTeALvQapEGrDLIUel5FKVJex7P",
            "special": false,
            "upper": true
          },
          "sensitive_attributes": []
        }
      ]
    },
    {
      "module": "module.s3",
      "mode": "managed",
      "type": "aws_s3_bucket",
      "name": "buckets",
      "provider": "provider[\"registry.terraform.io/hashicorp/aws\"]",
      "instances": [
        {
          "index_key": 0,
          "schema_version": 0,
          "attributes": {
            "acceleration_status": "",
            "acl": null,
            "arn": "arn:aws:s3:::paystream-bronze-dev",
            "bucket": "paystream-bronze-dev",
            "bucket_domain_name": "paystream-bronze-dev.s3.amazonaws.com",
            "bucket_prefix": "",
            "bucket_regional_domain_name": "paystream-bronze-dev.s3.eu-north-1.amazonaws.com",
            "cors_rule": [],
            "force_destroy": true,
            "grant": [
              {
                "id": "baf133e9ef1d5e2ee68d21f8aef5185a5bbeb09378568eee1f9b25f50551be14",
                "permissions": [
                  "FULL_CONTROL"
                ],
                "type": "CanonicalUser",
                "uri": ""
              }
            ],
            "hosted_zone_id": "Z3BAZG2TWCNX0D",
            "id": "paystream-bronze-dev",
            "lifecycle_rule": [],
            "logging": [],
            "object_lock_configuration": [],
            "object_lock_enabled": false,
            "policy": "",
            "region": "eu-north-1",
            "replication_configuration": [],
            "request_payer": "BucketOwner",
            "server_side_encryption_configuration": [
              {
                "rule": [
                  {
                    "apply_server_side_encryption_by_default": [
                      {
                        "kms_master_key_id": "",
                        "sse_algorithm": "AES256"
                      }
                    ],
                    "bucket_key_enabled": false
                  }
                ]
              }
            ],
            "tags": {
              "Name": "paystream-bronze-dev"
            },
            "tags_all": {
              "Environment": "dev",
              "ManagedBy": "terraform",
              "Name": "paystream-bronze-dev",
              "Project": "paystream"
            },
            "timeouts": null,
            "versioning": [
              {
                "enabled": true,
                "mfa_delete": false
              }
            ],
            "website": [],
            "website_domain": null,
            "website_endpoint": null
          },
          "sensitive_attributes": [],
          "private": "eyJlMmJmYjczMC1lY2FhLTExZTYtOGY4OC0zNDM2M2JjN2M0YzAiOnsiY3JlYXRlIjoxMjAwMDAwMDAwMDAwLCJkZWxldGUiOjM2MDAwMDAwMDAwMDAsInJlYWQiOjEyMDAwMDAwMDAwMDAsInVwZGF0ZSI6MTIwMDAwMDAwMDAwMH19"
        },
        {
          "index_key": 1,
          "schema_version": 0,
          "attributes": {
            "acceleration_status": "",
            "acl": null,
            "arn": "arn:aws:s3:::paystream-silver-dev",
            "bucket": "paystream-silver-dev",
            "bucket_domain_name": "paystream-silver-dev.s3.amazonaws.com",
            "bucket_prefix": "",
            "bucket_regional_domain_name": "paystream-silver-dev.s3.eu-north-1.amazonaws.com",
            "cors_rule": [],
            "force_destroy": true,
            "grant": [
              {
                "id": "baf133e9ef1d5e2ee68d21f8aef5185a5bbeb09378568eee1f9b25f50551be14",
                "permissions": [
                  "FULL_CONTROL"
                ],
                "type": "CanonicalUser",
                "uri": ""
              }
            ],
            "hosted_zone_id": "Z3BAZG2TWCNX0D",
            "id": "paystream-silver-dev",
            "lifecycle_rule": [],
            "logging": [],
            "object_lock_configuration": [],
            "object_lock_enabled": false,
            "policy": "",
            "region": "eu-north-1",
            "replication_configuration": [],
            "request_payer": "BucketOwner",
            "server_side_encryption_configuration": [
              {
                "rule": [
                  {
                    "apply_server_side_encryption_by_default": [
                      {
                        "kms_master_key_id": "",
                        "sse_algorithm": "AES256"
                      }
                    ],
                    "bucket_key_enabled": false
                  }
                ]
              }
            ],
            "tags": {
              "Name": "paystream-silver-dev"
            },
            "tags_all": {
              "Environment": "dev",
              "ManagedBy": "terraform",
              "Name": "paystream-silver-dev",
              "Project": "paystream"
            },
            "timeouts": null,
            "versioning": [
              {
                "enabled": true,
                "mfa_delete": false
              }
            ],
            "website": [],
            "website_domain": null,
            "website_endpoint": null
          },
          "sensitive_attributes": [],
          "private": "eyJlMmJmYjczMC1lY2FhLTExZTYtOGY4OC0zNDM2M2JjN2M0YzAiOnsiY3JlYXRlIjoxMjAwMDAwMDAwMDAwLCJkZWxldGUiOjM2MDAwMDAwMDAwMDAsInJlYWQiOjEyMDAwMDAwMDAwMDAsInVwZGF0ZSI6MTIwMDAwMDAwMDAwMH19"
        },
        {
          "index_key": 2,
          "schema_version": 0,
          "attributes": {
            "acceleration_status": "",
            "acl": null,
            "arn": "arn:aws:s3:::paystream-gold-dev",
            "bucket": "paystream-gold-dev",
            "bucket_domain_name": "paystream-gold-dev.s3.amazonaws.com",
            "bucket_prefix": "",
            "bucket_regional_domain_name": "paystream-gold-dev.s3.eu-north-1.amazonaws.com",
            "cors_rule": [],
            "force_destroy": true,
            "grant": [
              {
                "id": "baf133e9ef1d5e2ee68d21f8aef5185a5bbeb09378568eee1f9b25f50551be14",
                "permissions": [
                  "FULL_CONTROL"
                ],
                "type": "CanonicalUser",
                "uri": ""
              }
            ],
            "hosted_zone_id": "Z3BAZG2TWCNX0D",
            "id": "paystream-gold-dev",
            "lifecycle_rule": [],
            "logging": [],
            "object_lock_configuration": [],
            "object_lock_enabled": false,
            "policy": "",
            "region": "eu-north-1",
            "replication_configuration": [],
            "request_payer": "BucketOwner",
            "server_side_encryption_configuration": [
              {
                "rule": [
                  {
                    "apply_server_side_encryption_by_default": [
                      {
                        "kms_master_key_id": "",
                        "sse_algorithm": "AES256"
                      }
                    ],
                    "bucket_key_enabled": false
                  }
                ]
              }
            ],
            "tags": {
              "Name": "paystream-gold-dev"
            },
            "tags_all": {
              "Environment": "dev",
              "ManagedBy": "terraform",
              "Name": "paystream-gold-dev",
              "Project": "paystream"
            },
            "timeouts": null,
            "versioning": [
              {
                "enabled": true,
                "mfa_delete": false
              }
            ],
            "website": [],
            "website_domain": null,
            "website_endpoint": null
          },
          "sensitive_attributes": [],
          "private": "eyJlMmJmYjczMC1lY2FhLTExZTYtOGY4OC0zNDM2M2JjN2M0YzAiOnsiY3JlYXRlIjoxMjAwMDAwMDAwMDAwLCJkZWxldGUiOjM2MDAwMDAwMDAwMDAsInJlYWQiOjEyMDAwMDAwMDAwMDAsInVwZGF0ZSI6MTIwMDAwMDAwMDAwMH19"
        },
        {
          "index_key": 3,
          "schema_version": 0,
          "attributes": {
            "acceleration_status": "",
            "acl": null,
            "arn": "arn:aws:s3:::paystream-features-dev",
            "bucket": "paystream-features-dev",
            "bucket_domain_name": "paystream-features-dev.s3.amazonaws.com",
            "bucket_prefix": "",
            "bucket_regional_domain_name": "paystream-features-dev.s3.eu-north-1.amazonaws.com",
            "cors_rule": [],
            "force_destroy": true,
            "grant": [
              {
                "id": "baf133e9ef1d5e2ee68d21f8aef5185a5bbeb09378568eee1f9b25f50551be14",
                "permissions": [
                  "FULL_CONTROL"
                ],
                "type": "CanonicalUser",
                "uri": ""
              }
            ],
            "hosted_zone_id": "Z3BAZG2TWCNX0D",
            "id": "paystream-features-dev",
            "lifecycle_rule": [],
            "logging": [],
            "object_lock_configuration": [],
            "object_lock_enabled": false,
            "policy": "",
            "region": "eu-north-1",
            "replication_configuration": [],
            "request_payer": "BucketOwner",
            "server_side_encryption_configuration": [
              {
                "rule": [
                  {
                    "apply_server_side_encryption_by_default": [
                      {
                        "kms_master_key_id": "",
                        "sse_algorithm": "AES256"
                      }
                    ],
                    "bucket_key_enabled": false
                  }
                ]
              }
            ],
            "tags": {
              "Name": "paystream-features-dev"
            },
            "tags_all": {
              "Environment": "dev",
              "ManagedBy": "terraform",
              "Name": "paystream-features-dev",
              "Project": "paystream"
            },
            "timeouts": null,
            "versioning": [
              {
                "enabled": true,
                "mfa_delete": false
              }
            ],
            "website": [],
            "website_domain": null,
            "website_endpoint": null
          },
          "sensitive_attributes": [],
          "private": "eyJlMmJmYjczMC1lY2FhLTExZTYtOGY4OC0zNDM2M2JjN2M0YzAiOnsiY3JlYXRlIjoxMjAwMDAwMDAwMDAwLCJkZWxldGUiOjM2MDAwMDAwMDAwMDAsInJlYWQiOjEyMDAwMDAwMDAwMDAsInVwZGF0ZSI6MTIwMDAwMDAwMDAwMH19"
        },
        {
          "index_key": 4,
          "schema_version": 0,
          "attributes": {
            "acceleration_status": "",
            "acl": null,
            "arn": "arn:aws:s3:::paystream-delta-dev",
            "bucket": "paystream-delta-dev",
            "bucket_domain_name": "paystream-delta-dev.s3.amazonaws.com",
            "bucket_prefix": "",
            "bucket_regional_domain_name": "paystream-delta-dev.s3.eu-north-1.amazonaws.com",
            "cors_rule": [],
            "force_destroy": true,
            "grant": [
              {
                "id": "baf133e9ef1d5e2ee68d21f8aef5185a5bbeb09378568eee1f9b25f50551be14",
                "permissions": [
                  "FULL_CONTROL"
                ],
                "type": "CanonicalUser",
                "uri": ""
              }
            ],
            "hosted_zone_id": "Z3BAZG2TWCNX0D",
            "id": "paystream-delta-dev",
            "lifecycle_rule": [],
            "logging": [],
            "object_lock_configuration": [],
            "object_lock_enabled": false,
            "policy": "",
            "region": "eu-north-1",
            "replication_configuration": [],
            "request_payer": "BucketOwner",
            "server_side_encryption_configuration": [
              {
                "rule": [
                  {
                    "apply_server_side_encryption_by_default": [
                      {
                        "kms_master_key_id": "",
                        "sse_algorithm": "AES256"
                      }
                    ],
                    "bucket_key_enabled": false
                  }
                ]
              }
            ],
            "tags": {
              "Name": "paystream-delta-dev"
            },
            "tags_all": {
              "Environment": "dev",
              "ManagedBy": "terraform",
              "Name": "paystream-delta-dev",
              "Project": "paystream"
            },
            "timeouts": null,
            "versioning": [
              {
                "enabled": true,
                "mfa_delete": false
              }
            ],
            "website": [],
            "website_domain": null,
            "website_endpoint": null
          },
          "sensitive_attributes": [],
          "private": "eyJlMmJmYjczMC1lY2FhLTExZTYtOGY4OC0zNDM2M2JjN2M0YzAiOnsiY3JlYXRlIjoxMjAwMDAwMDAwMDAwLCJkZWxldGUiOjM2MDAwMDAwMDAwMDAsInJlYWQiOjEyMDAwMDAwMDAwMDAsInVwZGF0ZSI6MTIwMDAwMDAwMDAwMH19"
        },
        {
          "index_key": 5,
          "schema_version": 0,
          "attributes": {
            "acceleration_status": "",
            "acl": null,
            "arn": "arn:aws:s3:::paystream-mwaa-dags-dev",
            "bucket": "paystream-mwaa-dags-dev",
            "bucket_domain_name": "paystream-mwaa-dags-dev.s3.amazonaws.com",
            "bucket_prefix": "",
            "bucket_regional_domain_name": "paystream-mwaa-dags-dev.s3.eu-north-1.amazonaws.com",
            "cors_rule": [],
            "force_destroy": true,
            "grant": [
              {
                "id": "baf133e9ef1d5e2ee68d21f8aef5185a5bbeb09378568eee1f9b25f50551be14",
                "permissions": [
                  "FULL_CONTROL"
                ],
                "type": "CanonicalUser",
                "uri": ""
              }
            ],
            "hosted_zone_id": "Z3BAZG2TWCNX0D",
            "id": "paystream-mwaa-dags-dev",
            "lifecycle_rule": [],
            "logging": [],
            "object_lock_configuration": [],
            "object_lock_enabled": false,
            "policy": "",
            "region": "eu-north-1",
            "replication_configuration": [],
            "request_payer": "BucketOwner",
            "server_side_encryption_configuration": [
              {
                "rule": [
                  {
                    "apply_server_side_encryption_by_default": [
                      {
                        "kms_master_key_id": "",
                        "sse_algorithm": "AES256"
                      }
                    ],
                    "bucket_key_enabled": false
                  }
                ]
              }
            ],
            "tags": {
              "Name": "paystream-mwaa-dags-dev"
            },
            "tags_all": {
              "Environment": "dev",
              "ManagedBy": "terraform",
              "Name": "paystream-mwaa-dags-dev",
              "Project": "paystream"
            },
            "timeouts": null,
            "versioning": [
              {
                "enabled": true,
                "mfa_delete": false
              }
            ],
            "website": [],
            "website_domain": null,
            "website_endpoint": null
          },
          "sensitive_attributes": [],
          "private": "eyJlMmJmYjczMC1lY2FhLTExZTYtOGY4OC0zNDM2M2JjN2M0YzAiOnsiY3JlYXRlIjoxMjAwMDAwMDAwMDAwLCJkZWxldGUiOjM2MDAwMDAwMDAwMDAsInJlYWQiOjEyMDAwMDAwMDAwMDAsInVwZGF0ZSI6MTIwMDAwMDAwMDAwMH19"
        }
      ]
    },
    {
      "module": "module.s3",
      "mode": "managed",
      "type": "aws_s3_bucket_public_access_block",
      "name": "buckets",
      "provider": "provider[\"registry.terraform.io/hashicorp/aws\"]",
      "instances": [
        {
          "index_key": 0,
          "schema_version": 0,
          "attributes": {
            "block_public_acls": true,
            "block_public_policy": true,
            "bucket": "paystream-bronze-dev",
            "id": "paystream-bronze-dev",
            "ignore_public_acls": true,
            "restrict_public_buckets": true
          },
          "sensitive_attributes": [],
          "private": "bnVsbA==",
          "dependencies": [
            "module.s3.aws_s3_bucket.buckets"
          ]
        },
        {
          "index_key": 1,
          "schema_version": 0,
          "attributes": {
            "block_public_acls": true,
            "block_public_policy": true,
            "bucket": "paystream-silver-dev",
            "id": "paystream-silver-dev",
            "ignore_public_acls": true,
            "restrict_public_buckets": true
          },
          "sensitive_attributes": [],
          "private": "bnVsbA==",
          "dependencies": [
            "module.s3.aws_s3_bucket.buckets"
          ]
        },
        {
          "index_key": 2,
          "schema_version": 0,
          "attributes": {
            "block_public_acls": true,
            "block_public_policy": true,
            "bucket": "paystream-gold-dev",
            "id": "paystream-gold-dev",
            "ignore_public_acls": true,
            "restrict_public_buckets": true
          },
          "sensitive_attributes": [],
          "private": "bnVsbA==",
          "dependencies": [
            "module.s3.aws_s3_bucket.buckets"
          ]
        },
        {
          "index_key": 3,
          "schema_version": 0,
          "attributes": {
            "block_public_acls": true,
            "block_public_policy": true,
            "bucket": "paystream-features-dev",
            "id": "paystream-features-dev",
            "ignore_public_acls": true,
            "restrict_public_buckets": true
          },
          "sensitive_attributes": [],
          "private": "bnVsbA==",
          "dependencies": [
            "module.s3.aws_s3_bucket.buckets"
          ]
        },
        {
          "index_key": 4,
          "schema_version": 0,
          "attributes": {
            "block_public_acls": true,
            "block_public_policy": true,
            "bucket": "paystream-delta-dev",
            "id": "paystream-delta-dev",
            "ignore_public_acls": true,
            "restrict_public_buckets": true
          },
          "sensitive_attributes": [],
          "private": "bnVsbA==",
          "dependencies": [
            "module.s3.aws_s3_bucket.buckets"
          ]
        },
        {
          "index_key": 5,
          "schema_version": 0,
          "attributes": {
            "block_public_acls": true,
            "block_public_policy": true,
            "bucket": "paystream-mwaa-dags-dev",
            "id": "paystream-mwaa-dags-dev",
            "ignore_public_acls": true,
            "restrict_public_buckets": true
          },
          "sensitive_attributes": [],
          "private": "bnVsbA==",
          "dependencies": [
            "module.s3.aws_s3_bucket.buckets"
          ]
        }
      ]
    },
    {
      "module": "module.s3",
      "mode": "managed",
      "type": "aws_s3_bucket_server_side_encryption_configuration",
      "name": "buckets",
      "provider": "provider[\"registry.terraform.io/hashicorp/aws\"]",
      "instances": [
        {
          "index_key": 0,
          "schema_version": 0,
          "attributes": {
            "bucket": "paystream-bronze-dev",
            "expected_bucket_owner": "",
            "id": "paystream-bronze-dev",
            "rule": [
              {
                "apply_server_side_encryption_by_default": [
                  {
                    "kms_master_key_id": "",
                    "sse_algorithm": "AES256"
                  }
                ],
                "bucket_key_enabled": false
              }
            ]
          },
          "sensitive_attributes": [],
          "private": "bnVsbA==",
          "dependencies": [
            "module.s3.aws_s3_bucket.buckets"
          ]
        },
        {
          "index_key": 1,
          "schema_version": 0,
          "attributes": {
            "bucket": "paystream-silver-dev",
            "expected_bucket_owner": "",
            "id": "paystream-silver-dev",
            "rule": [
              {
                "apply_server_side_encryption_by_default": [
                  {
                    "kms_master_key_id": "",
                    "sse_algorithm": "AES256"
                  }
                ],
                "bucket_key_enabled": false
              }
            ]
          },
          "sensitive_attributes": [],
          "private": "bnVsbA==",
          "dependencies": [
            "module.s3.aws_s3_bucket.buckets"
          ]
        },
        {
          "index_key": 2,
          "schema_version": 0,
          "attributes": {
            "bucket": "paystream-gold-dev",
            "expected_bucket_owner": "",
            "id": "paystream-gold-dev",
            "rule": [
              {
                "apply_server_side_encryption_by_default": [
                  {
                    "kms_master_key_id": "",
                    "sse_algorithm": "AES256"
                  }
                ],
                "bucket_key_enabled": false
              }
            ]
          },
          "sensitive_attributes": [],
          "private": "bnVsbA==",
          "dependencies": [
            "module.s3.aws_s3_bucket.buckets"
          ]
        },
        {
          "index_key": 3,
          "schema_version": 0,
          "attributes": {
            "bucket": "paystream-features-dev",
            "expected_bucket_owner": "",
            "id": "paystream-features-dev",
            "rule": [
              {
                "apply_server_side_encryption_by_default": [
                  {
                    "kms_master_key_id": "",
                    "sse_algorithm": "AES256"
                  }
                ],
                "bucket_key_enabled": false
              }
            ]
          },
          "sensitive_attributes": [],
          "private": "bnVsbA==",
          "dependencies": [
            "module.s3.aws_s3_bucket.buckets"
          ]
        },
        {
          "index_key": 4,
          "schema_version": 0,
          "attributes": {
            "bucket": "paystream-delta-dev",
            "expected_bucket_owner": "",
            "id": "paystream-delta-dev",
            "rule": [
              {
                "apply_server_side_encryption_by_default": [
                  {
                    "kms_master_key_id": "",
                    "sse_algorithm": "AES256"
                  }
                ],
                "bucket_key_enabled": false
              }
            ]
          },
          "sensitive_attributes": [],
          "private": "bnVsbA==",
          "dependencies": [
            "module.s3.aws_s3_bucket.buckets"
          ]
        },
        {
          "index_key": 5,
          "schema_version": 0,
          "attributes": {
            "bucket": "paystream-mwaa-dags-dev",
            "expected_bucket_owner": "",
            "id": "paystream-mwaa-dags-dev",
            "rule": [
              {
                "apply_server_side_encryption_by_default": [
                  {
                    "kms_master_key_id": "",
                    "sse_algorithm": "AES256"
                  }
                ],
                "bucket_key_enabled": false
              }
            ]
          },
          "sensitive_attributes": [],
          "private": "bnVsbA==",
          "dependencies": [
            "module.s3.aws_s3_bucket.buckets"
          ]
        }
      ]
    },
    {
      "module": "module.s3",
      "mode": "managed",
      "type": "aws_s3_bucket_versioning",
      "name": "buckets",
      "provider": "provider[\"registry.terraform.io/hashicorp/aws\"]",
      "instances": [
        {
          "index_key": 0,
          "schema_version": 0,
          "attributes": {
            "bucket": "paystream-bronze-dev",
            "expected_bucket_owner": "",
            "id": "paystream-bronze-dev",
            "mfa": null,
            "versioning_configuration": [
              {
                "mfa_delete": "",
                "status": "Enabled"
              }
            ]
          },
          "sensitive_attributes": [],
          "private": "bnVsbA==",
          "dependencies": [
            "module.s3.aws_s3_bucket.buckets"
          ]
        },
        {
          "index_key": 1,
          "schema_version": 0,
          "attributes": {
            "bucket": "paystream-silver-dev",
            "expected_bucket_owner": "",
            "id": "paystream-silver-dev",
            "mfa": null,
            "versioning_configuration": [
              {
                "mfa_delete": "",
                "status": "Enabled"
              }
            ]
          },
          "sensitive_attributes": [],
          "private": "bnVsbA==",
          "dependencies": [
            "module.s3.aws_s3_bucket.buckets"
          ]
        },
        {
          "index_key": 2,
          "schema_version": 0,
          "attributes": {
            "bucket": "paystream-gold-dev",
            "expected_bucket_owner": "",
            "id": "paystream-gold-dev",
            "mfa": null,
            "versioning_configuration": [
              {
                "mfa_delete": "",
                "status": "Enabled"
              }
            ]
          },
          "sensitive_attributes": [],
          "private": "bnVsbA==",
          "dependencies": [
            "module.s3.aws_s3_bucket.buckets"
          ]
        },
        {
          "index_key": 3,
          "schema_version": 0,
          "attributes": {
            "bucket": "paystream-features-dev",
            "expected_bucket_owner": "",
            "id": "paystream-features-dev",
            "mfa": null,
            "versioning_configuration": [
              {
                "mfa_delete": "",
                "status": "Enabled"
              }
            ]
          },
          "sensitive_attributes": [],
          "private": "bnVsbA==",
          "dependencies": [
            "module.s3.aws_s3_bucket.buckets"
          ]
        },
        {
          "index_key": 4,
          "schema_version": 0,
          "attributes": {
            "bucket": "paystream-delta-dev",
            "expected_bucket_owner": "",
            "id": "paystream-delta-dev",
            "mfa": null,
            "versioning_configuration": [
              {
                "mfa_delete": "",
                "status": "Enabled"
              }
            ]
          },
          "sensitive_attributes": [],
          "private": "bnVsbA==",
          "dependencies": [
            "module.s3.aws_s3_bucket.buckets"
          ]
        },
        {
          "index_key": 5,
          "schema_version": 0,
          "attributes": {
            "bucket": "paystream-mwaa-dags-dev",
            "expected_bucket_owner": "",
            "id": "paystream-mwaa-dags-dev",
            "mfa": null,
            "versioning_configuration": [
              {
                "mfa_delete": "",
                "status": "Enabled"
              }
            ]
          },
          "sensitive_attributes": [],
          "private": "bnVsbA==",
          "dependencies": [
            "module.s3.aws_s3_bucket.buckets"
          ]
        }
      ]
    },
    {
      "module": "module.s3",
      "mode": "managed",
      "type": "aws_s3_object",
      "name": "mwaa_dags_placeholder",
      "provider": "provider[\"registry.terraform.io/hashicorp/aws\"]",
      "instances": [
        {
          "schema_version": 0,
          "attributes": {
            "acl": null,
            "arn": "arn:aws:s3:::paystream-mwaa-dags-dev/dags/.gitkeep",
            "bucket": "paystream-mwaa-dags-dev",
            "bucket_key_enabled": false,
            "cache_control": "",
            "checksum_algorithm": null,
            "checksum_crc32": "",
            "checksum_crc32c": "",
            "checksum_sha1": "",
            "checksum_sha256": "",
            "content": "",
            "content_base64": null,
            "content_disposition": "",
            "content_encoding": "",
            "content_language": "",
            "content_type": "application/octet-stream",
            "etag": "d41d8cd98f00b204e9800998ecf8427e",
            "force_destroy": false,
            "id": "dags/.gitkeep",
            "key": "dags/.gitkeep",
            "kms_key_id": null,
            "metadata": {},
            "object_lock_legal_hold_status": "",
            "object_lock_mode": "",
            "object_lock_retain_until_date": "",
            "override_provider": [],
            "server_side_encryption": "AES256",
            "source": null,
            "source_hash": null,
            "storage_class": "STANDARD",
            "tags": {},
            "tags_all": {
              "Environment": "dev",
              "ManagedBy": "terraform",
              "Project": "paystream"
            },
            "version_id": "null",
            "website_redirect": ""
          },
          "sensitive_attributes": [],
          "private": "bnVsbA==",
          "dependencies": [
            "module.s3.aws_s3_bucket.buckets"
          ]
        }
      ]
    },
    {
      "module": "module.s3",
      "mode": "managed",
      "type": "aws_s3_object",
      "name": "mwaa_requirements",
      "provider": "provider[\"registry.terraform.io/hashicorp/aws\"]",
      "instances": [
        {
          "schema_version": 0,
          "attributes": {
            "acl": null,
            "arn": "arn:aws:s3:::paystream-mwaa-dags-dev/requirements.txt",
            "bucket": "paystream-mwaa-dags-dev",
            "bucket_key_enabled": false,
            "cache_control": "",
            "checksum_algorithm": null,
            "checksum_crc32": "",
            "checksum_crc32c": "",
            "checksum_sha1": "",
            "checksum_sha256": "",
            "content": "# MWAA requirements - populated in Phase 5\n",
            "content_base64": null,
            "content_disposition": "",
            "content_encoding": "",
            "content_language": "",
            "content_type": "application/octet-stream",
            "etag": "c01e60c3f210d59c433e5f925b30a4fd",
            "force_destroy": false,
            "id": "requirements.txt",
            "key": "requirements.txt",
            "kms_key_id": null,
            "metadata": {},
            "object_lock_legal_hold_status": "",
            "object_lock_mode": "",
            "object_lock_retain_until_date": "",
            "override_provider": [],
            "server_side_encryption": "AES256",
            "source": null,
            "source_hash": null,
            "storage_class": "STANDARD",
            "tags": {},
            "tags_all": {
              "Environment": "dev",
              "ManagedBy": "terraform",
              "Project": "paystream"
            },
            "version_id": "null",
            "website_redirect": ""
          },
          "sensitive_attributes": [],
          "private": "bnVsbA==",
          "dependencies": [
            "module.s3.aws_s3_bucket.buckets"
          ]
        }
      ]
    },
    {
      "module": "module.vpc",
      "mode": "managed",
      "type": "aws_eip",
      "name": "nat",
      "provider": "provider[\"registry.terraform.io/hashicorp/aws\"]",
      "instances": [
        {
          "schema_version": 0,
          "attributes": {
            "address": null,
            "allocation_id": "eipalloc-06c24e2f48e7cfe84",
            "associate_with_private_ip": null,
            "association_id": "eipassoc-0a6466954a5d735d2",
            "carrier_ip": "",
            "customer_owned_ip": "",
            "customer_owned_ipv4_pool": "",
            "domain": "vpc",
            "id": "eipalloc-06c24e2f48e7cfe84",
            "instance": "",
            "network_border_group": "eu-north-1",
            "network_interface": "eni-0f3287c04df3088ca",
            "private_dns": "ip-10-0-1-224.eu-north-1.compute.internal",
            "private_ip": "10.0.1.224",
            "public_dns": "ec2-13-61-73-240.eu-north-1.compute.amazonaws.com",
            "public_ip": "13.61.73.240",
            "public_ipv4_pool": "amazon",
            "tags": {
              "Name": "paystream-nat-eip"
            },
            "tags_all": {
              "Environment": "dev",
              "ManagedBy": "terraform",
              "Name": "paystream-nat-eip",
              "Project": "paystream"
            },
            "timeouts": null,
            "vpc": true
          },
          "sensitive_attributes": [],
          "private": "eyJlMmJmYjczMC1lY2FhLTExZTYtOGY4OC0zNDM2M2JjN2M0YzAiOnsiZGVsZXRlIjoxODAwMDAwMDAwMDAsInJlYWQiOjkwMDAwMDAwMDAwMCwidXBkYXRlIjozMDAwMDAwMDAwMDB9fQ=="
        }
      ]
    },
    {
      "module": "module.vpc",
      "mode": "managed",
      "type": "aws_internet_gateway",
      "name": "main",
      "provider": "provider[\"registry.terraform.io/hashicorp/aws\"]",
      "instances": [
        {
          "schema_version": 0,
          "attributes": {
            "arn": "arn:aws:ec2:eu-north-1:061664787519:internet-gateway/igw-0ed21eb1327a34887",
            "id": "igw-0ed21eb1327a34887",
            "owner_id": "061664787519",
            "tags": {
              "Name": "paystream-igw"
            },
            "tags_all": {
              "Environment": "dev",
              "ManagedBy": "terraform",
              "Name": "paystream-igw",
              "Project": "paystream"
            },
            "timeouts": null,
            "vpc_id": "vpc-0dd288ca056935049"
          },
          "sensitive_attributes": [],
          "private": "eyJlMmJmYjczMC1lY2FhLTExZTYtOGY4OC0zNDM2M2JjN2M0YzAiOnsiY3JlYXRlIjoxMjAwMDAwMDAwMDAwLCJkZWxldGUiOjEyMDAwMDAwMDAwMDAsInVwZGF0ZSI6MTIwMDAwMDAwMDAwMH19",
          "dependencies": [
            "module.vpc.aws_vpc.main"
          ]
        }
      ]
    },
    {
      "module": "module.vpc",
      "mode": "managed",
      "type": "aws_nat_gateway",
      "name": "main",
      "provider": "provider[\"registry.terraform.io/hashicorp/aws\"]",
      "instances": [
        {
          "schema_version": 0,
          "attributes": {
            "allocation_id": "eipalloc-06c24e2f48e7cfe84",
            "association_id": "eipassoc-0a6466954a5d735d2",
            "connectivity_type": "public",
            "id": "nat-0c6a06894e0963523",
            "network_interface_id": "eni-0f3287c04df3088ca",
            "private_ip": "10.0.1.224",
            "public_ip": "13.61.73.240",
            "secondary_allocation_ids": [],
            "secondary_private_ip_address_count": 0,
            "secondary_private_ip_addresses": [],
            "subnet_id": "subnet-0179cbba789e8feaf",
            "tags": {
              "Name": "paystream-nat"
            },
            "tags_all": {
              "Environment": "dev",
              "ManagedBy": "terraform",
              "Name": "paystream-nat",
              "Project": "paystream"
            },
            "timeouts": null
          },
          "sensitive_attributes": [],
          "private": "eyJlMmJmYjczMC1lY2FhLTExZTYtOGY4OC0zNDM2M2JjN2M0YzAiOnsiY3JlYXRlIjo2MDAwMDAwMDAwMDAsImRlbGV0ZSI6MTgwMDAwMDAwMDAwMCwidXBkYXRlIjo2MDAwMDAwMDAwMDB9fQ==",
          "dependencies": [
            "module.vpc.aws_eip.nat",
            "module.vpc.aws_internet_gateway.main",
            "module.vpc.aws_subnet.public_1a",
            "module.vpc.aws_vpc.main"
          ]
        }
      ]
    },
    {
      "module": "module.vpc",
      "mode": "managed",
      "type": "aws_route_table",
      "name": "private",
      "provider": "provider[\"registry.terraform.io/hashicorp/aws\"]",
      "instances": [
        {
          "schema_version": 0,
          "attributes": {
            "arn": "arn:aws:ec2:eu-north-1:061664787519:route-table/rtb-0b743f2bc79e4de81",
            "id": "rtb-0b743f2bc79e4de81",
            "owner_id": "061664787519",
            "propagating_vgws": [],
            "route": [
              {
                "carrier_gateway_id": "",
                "cidr_block": "0.0.0.0/0",
                "core_network_arn": "",
                "destination_prefix_list_id": "",
                "egress_only_gateway_id": "",
                "gateway_id": "",
                "ipv6_cidr_block": "",
                "local_gateway_id": "",
                "nat_gateway_id": "nat-0c6a06894e0963523",
                "network_interface_id": "",
                "transit_gateway_id": "",
                "vpc_endpoint_id": "",
                "vpc_peering_connection_id": ""
              }
            ],
            "tags": {
              "Name": "paystream-private-rt"
            },
            "tags_all": {
              "Environment": "dev",
              "ManagedBy": "terraform",
              "Name": "paystream-private-rt",
              "Project": "paystream"
            },
            "timeouts": null,
            "vpc_id": "vpc-0dd288ca056935049"
          },
          "sensitive_attributes": [],
          "private": "eyJlMmJmYjczMC1lY2FhLTExZTYtOGY4OC0zNDM2M2JjN2M0YzAiOnsiY3JlYXRlIjozMDAwMDAwMDAwMDAsImRlbGV0ZSI6MzAwMDAwMDAwMDAwLCJ1cGRhdGUiOjEyMDAwMDAwMDAwMH19",
          "dependencies": [
            "module.vpc.aws_eip.nat",
            "module.vpc.aws_internet_gateway.main",
            "module.vpc.aws_nat_gateway.main",
            "module.vpc.aws_subnet.public_1a",
            "module.vpc.aws_vpc.main"
          ]
        }
      ]
    },
    {
      "module": "module.vpc",
      "mode": "managed",
      "type": "aws_route_table",
      "name": "public",
      "provider": "provider[\"registry.terraform.io/hashicorp/aws\"]",
      "instances": [
        {
          "schema_version": 0,
          "attributes": {
            "arn": "arn:aws:ec2:eu-north-1:061664787519:route-table/rtb-002ac8af1e1e7a5e4",
            "id": "rtb-002ac8af1e1e7a5e4",
            "owner_id": "061664787519",
            "propagating_vgws": [],
            "route": [
              {
                "carrier_gateway_id": "",
                "cidr_block": "0.0.0.0/0",
                "core_network_arn": "",
                "destination_prefix_list_id": "",
                "egress_only_gateway_id": "",
                "gateway_id": "igw-0ed21eb1327a34887",
                "ipv6_cidr_block": "",
                "local_gateway_id": "",
                "nat_gateway_id": "",
                "network_interface_id": "",
                "transit_gateway_id": "",
                "vpc_endpoint_id": "",
                "vpc_peering_connection_id": ""
              }
            ],
            "tags": {
              "Name": "paystream-public-rt"
            },
            "tags_all": {
              "Environment": "dev",
              "ManagedBy": "terraform",
              "Name": "paystream-public-rt",
              "Project": "paystream"
            },
            "timeouts": null,
            "vpc_id": "vpc-0dd288ca056935049"
          },
          "sensitive_attributes": [],
          "private": "eyJlMmJmYjczMC1lY2FhLTExZTYtOGY4OC0zNDM2M2JjN2M0YzAiOnsiY3JlYXRlIjozMDAwMDAwMDAwMDAsImRlbGV0ZSI6MzAwMDAwMDAwMDAwLCJ1cGRhdGUiOjEyMDAwMDAwMDAwMH19",
          "dependencies": [
            "module.vpc.aws_internet_gateway.main",
            "module.vpc.aws_vpc.main"
          ]
        }
      ]
    },
    {
      "module": "module.vpc",
      "mode": "managed",
      "type": "aws_route_table_association",
      "name": "private_1a",
      "provider": "provider[\"registry.terraform.io/hashicorp/aws\"]",
      "instances": [
        {
          "schema_version": 0,
          "attributes": {
            "gateway_id": "",
            "id": "rtbassoc-03da6a862db114c8c",
            "route_table_id": "rtb-0b743f2bc79e4de81",
            "subnet_id": "subnet-07142df521e0eb4b2",
            "timeouts": null
          },
          "sensitive_attributes": [],
          "private": "eyJlMmJmYjczMC1lY2FhLTExZTYtOGY4OC0zNDM2M2JjN2M0YzAiOnsiY3JlYXRlIjozMDAwMDAwMDAwMDAsImRlbGV0ZSI6MzAwMDAwMDAwMDAwLCJ1cGRhdGUiOjEyMDAwMDAwMDAwMH19",
          "dependencies": [
            "module.vpc.aws_eip.nat",
            "module.vpc.aws_internet_gateway.main",
            "module.vpc.aws_nat_gateway.main",
            "module.vpc.aws_route_table.private",
            "module.vpc.aws_subnet.private_1a",
            "module.vpc.aws_subnet.public_1a",
            "module.vpc.aws_vpc.main"
          ]
        }
      ]
    },
    {
      "module": "module.vpc",
      "mode": "managed",
      "type": "aws_route_table_association",
      "name": "private_1b",
      "provider": "provider[\"registry.terraform.io/hashicorp/aws\"]",
      "instances": [
        {
          "schema_version": 0,
          "attributes": {
            "gateway_id": "",
            "id": "rtbassoc-0c4d05458e51b4610",
            "route_table_id": "rtb-0b743f2bc79e4de81",
            "subnet_id": "subnet-061557984ee3fac94",
            "timeouts": null
          },
          "sensitive_attributes": [],
          "private": "eyJlMmJmYjczMC1lY2FhLTExZTYtOGY4OC0zNDM2M2JjN2M0YzAiOnsiY3JlYXRlIjozMDAwMDAwMDAwMDAsImRlbGV0ZSI6MzAwMDAwMDAwMDAwLCJ1cGRhdGUiOjEyMDAwMDAwMDAwMH19",
          "dependencies": [
            "module.vpc.aws_eip.nat",
            "module.vpc.aws_internet_gateway.main",
            "module.vpc.aws_nat_gateway.main",
            "module.vpc.aws_route_table.private",
            "module.vpc.aws_subnet.private_1b",
            "module.vpc.aws_subnet.public_1a",
            "module.vpc.aws_vpc.main"
          ]
        }
      ]
    },
    {
      "module": "module.vpc",
      "mode": "managed",
      "type": "aws_route_table_association",
      "name": "public_1a",
      "provider": "provider[\"registry.terraform.io/hashicorp/aws\"]",
      "instances": [
        {
          "schema_version": 0,
          "attributes": {
            "gateway_id": "",
            "id": "rtbassoc-08e6dd9d24d34e49e",
            "route_table_id": "rtb-002ac8af1e1e7a5e4",
            "subnet_id": "subnet-0179cbba789e8feaf",
            "timeouts": null
          },
          "sensitive_attributes": [],
          "private": "eyJlMmJmYjczMC1lY2FhLTExZTYtOGY4OC0zNDM2M2JjN2M0YzAiOnsiY3JlYXRlIjozMDAwMDAwMDAwMDAsImRlbGV0ZSI6MzAwMDAwMDAwMDAwLCJ1cGRhdGUiOjEyMDAwMDAwMDAwMH19",
          "dependencies": [
            "module.vpc.aws_internet_gateway.main",
            "module.vpc.aws_route_table.public",
            "module.vpc.aws_subnet.public_1a",
            "module.vpc.aws_vpc.main"
          ]
        }
      ]
    },
    {
      "module": "module.vpc",
      "mode": "managed",
      "type": "aws_security_group",
      "name": "bastion",
      "provider": "provider[\"registry.terraform.io/hashicorp/aws\"]",
      "instances": [
        {
          "schema_version": 1,
          "attributes": {
            "arn": "arn:aws:ec2:eu-north-1:061664787519:security-group/sg-00c4bc406e428f29b",
            "description": "Bastion SSH access",
            "egress": [
              {
                "cidr_blocks": [
                  "0.0.0.0/0"
                ],
                "description": "",
                "from_port": 0,
                "ipv6_cidr_blocks": [],
                "prefix_list_ids": [],
                "protocol": "-1",
                "security_groups": [],
                "self": false,
                "to_port": 0
              }
            ],
            "id": "sg-00c4bc406e428f29b",
            "ingress": [
              {
                "cidr_blocks": [
                  "0.0.0.0/0"
                ],
                "description": "SSH from allowed CIDR",
                "from_port": 22,
                "ipv6_cidr_blocks": [],
                "prefix_list_ids": [],
                "protocol": "tcp",
                "security_groups": [],
                "self": false,
                "to_port": 22
              }
            ],
            "name": "paystream-bastion-2026032820553923350000000b",
            "name_prefix": "paystream-bastion-",
            "owner_id": "061664787519",
            "revoke_rules_on_delete": false,
            "tags": {
              "Name": "paystream-bastion-sg"
            },
            "tags_all": {
              "Environment": "dev",
              "ManagedBy": "terraform",
              "Name": "paystream-bastion-sg",
              "Project": "paystream"
            },
            "timeouts": null,
            "vpc_id": "vpc-0dd288ca056935049"
          },
          "sensitive_attributes": [],
          "private": "eyJlMmJmYjczMC1lY2FhLTExZTYtOGY4OC0zNDM2M2JjN2M0YzAiOnsiY3JlYXRlIjo2MDAwMDAwMDAwMDAsImRlbGV0ZSI6OTAwMDAwMDAwMDAwfSwic2NoZW1hX3ZlcnNpb24iOiIxIn0=",
          "dependencies": [
            "module.vpc.aws_vpc.main"
          ]
        }
      ]
    },
    {
      "module": "module.vpc",
      "mode": "managed",
      "type": "aws_security_group",
      "name": "clickhouse",
      "provider": "provider[\"registry.terraform.io/hashicorp/aws\"]",
      "instances": [
        {
          "schema_version": 1,
          "attributes": {
            "arn": "arn:aws:ec2:eu-north-1:061664787519:security-group/sg-0e23ef6f10f4f6940",
            "description": "ClickHouse access",
            "egress": [
              {
                "cidr_blocks": [
                  "0.0.0.0/0"
                ],
                "description": "",
                "from_port": 0,
                "ipv6_cidr_blocks": [],
                "prefix_list_ids": [],
                "protocol": "-1",
                "security_groups": [],
                "self": false,
                "to_port": 0
              }
            ],
            "id": "sg-0e23ef6f10f4f6940",
            "ingress": [
              {
                "cidr_blocks": [],
                "description": "ClickHouse HTTP from bastion",
                "from_port": 8123,
                "ipv6_cidr_blocks": [],
                "prefix_list_ids": [],
                "protocol": "tcp",
                "security_groups": [
                  "sg-00c4bc406e428f29b"
                ],
                "self": false,
                "to_port": 8123
              },
              {
                "cidr_blocks": [],
                "description": "ClickHouse HTTP from private subnet",
                "from_port": 8123,
                "ipv6_cidr_blocks": [],
                "prefix_list_ids": [],
                "protocol": "tcp",
                "security_groups": [
                  "sg-05c78261c1584e77a"
                ],
                "self": false,
                "to_port": 8123
              },
              {
                "cidr_blocks": [],
                "description": "ClickHouse native from bastion",
                "from_port": 9000,
                "ipv6_cidr_blocks": [],
                "prefix_list_ids": [],
                "protocol": "tcp",
                "security_groups": [
                  "sg-00c4bc406e428f29b"
                ],
                "self": false,
                "to_port": 9000
              },
              {
                "cidr_blocks": [],
                "description": "ClickHouse native from private subnet",
                "from_port": 9000,
                "ipv6_cidr_blocks": [],
                "prefix_list_ids": [],
                "protocol": "tcp",
                "security_groups": [
                  "sg-05c78261c1584e77a"
                ],
                "self": false,
                "to_port": 9000
              },
              {
                "cidr_blocks": [],
                "description": "SSH from bastion for admin",
                "from_port": 22,
                "ipv6_cidr_blocks": [],
                "prefix_list_ids": [],
                "protocol": "tcp",
                "security_groups": [
                  "sg-00c4bc406e428f29b"
                ],
                "self": false,
                "to_port": 22
              }
            ],
            "name": "paystream-clickhouse-20260328205543373000000013",
            "name_prefix": "paystream-clickhouse-",
            "owner_id": "061664787519",
            "revoke_rules_on_delete": false,
            "tags": {
              "Name": "paystream-clickhouse-sg"
            },
            "tags_all": {
              "Environment": "dev",
              "ManagedBy": "terraform",
              "Name": "paystream-clickhouse-sg",
              "Project": "paystream"
            },
            "timeouts": null,
            "vpc_id": "vpc-0dd288ca056935049"
          },
          "sensitive_attributes": [],
          "private": "eyJlMmJmYjczMC1lY2FhLTExZTYtOGY4OC0zNDM2M2JjN2M0YzAiOnsiY3JlYXRlIjo2MDAwMDAwMDAwMDAsImRlbGV0ZSI6OTAwMDAwMDAwMDAwfSwic2NoZW1hX3ZlcnNpb24iOiIxIn0=",
          "dependencies": [
            "module.vpc.aws_security_group.bastion",
            "module.vpc.aws_security_group.private",
            "module.vpc.aws_vpc.main"
          ]
        }
      ]
    },
    {
      "module": "module.vpc",
      "mode": "managed",
      "type": "aws_security_group",
      "name": "docdb",
      "provider": "provider[\"registry.terraform.io/hashicorp/aws\"]",
      "instances": [
        {
          "schema_version": 1,
          "attributes": {
            "arn": "arn:aws:ec2:eu-north-1:061664787519:security-group/sg-0599e0ebeba73a28e",
            "description": "DocumentDB access",
            "egress": [
              {
                "cidr_blocks": [
                  "0.0.0.0/0"
                ],
                "description": "",
                "from_port": 0,
                "ipv6_cidr_blocks": [],
                "prefix_list_ids": [],
                "protocol": "-1",
                "security_groups": [],
                "self": false,
                "to_port": 0
              }
            ],
            "id": "sg-0599e0ebeba73a28e",
            "ingress": [
              {
                "cidr_blocks": [],
                "description": "DocumentDB from bastion",
                "from_port": 27017,
                "ipv6_cidr_blocks": [],
                "prefix_list_ids": [],
                "protocol": "tcp",
                "security_groups": [
                  "sg-00c4bc406e428f29b"
                ],
                "self": false,
                "to_port": 27017
              },
              {
                "cidr_blocks": [],
                "description": "DocumentDB from private subnet",
                "from_port": 27017,
                "ipv6_cidr_blocks": [],
                "prefix_list_ids": [],
                "protocol": "tcp",
                "security_groups": [
                  "sg-05c78261c1584e77a"
                ],
                "self": false,
                "to_port": 27017
              }
            ],
            "name": "paystream-docdb-2026032820554335030000000e",
            "name_prefix": "paystream-docdb-",
            "owner_id": "061664787519",
            "revoke_rules_on_delete": false,
            "tags": {
              "Name": "paystream-docdb-sg"
            },
            "tags_all": {
              "Environment": "dev",
              "ManagedBy": "terraform",
              "Name": "paystream-docdb-sg",
              "Project": "paystream"
            },
            "timeouts": null,
            "vpc_id": "vpc-0dd288ca056935049"
          },
          "sensitive_attributes": [],
          "private": "eyJlMmJmYjczMC1lY2FhLTExZTYtOGY4OC0zNDM2M2JjN2M0YzAiOnsiY3JlYXRlIjo2MDAwMDAwMDAwMDAsImRlbGV0ZSI6OTAwMDAwMDAwMDAwfSwic2NoZW1hX3ZlcnNpb24iOiIxIn0=",
          "dependencies": [
            "module.vpc.aws_security_group.bastion",
            "module.vpc.aws_security_group.private",
            "module.vpc.aws_vpc.main"
          ]
        }
      ]
    },
    {
      "module": "module.vpc",
      "mode": "managed",
      "type": "aws_security_group",
      "name": "ecs",
      "provider": "provider[\"registry.terraform.io/hashicorp/aws\"]",
      "instances": [
        {
          "schema_version": 1,
          "attributes": {
            "arn": "arn:aws:ec2:eu-north-1:061664787519:security-group/sg-033c9adf7ec082f30",
            "description": "ECS Fargate tasks",
            "egress": [
              {
                "cidr_blocks": [
                  "0.0.0.0/0"
                ],
                "description": "",
                "from_port": 0,
                "ipv6_cidr_blocks": [],
                "prefix_list_ids": [],
                "protocol": "-1",
                "security_groups": [],
                "self": false,
                "to_port": 0
              }
            ],
            "id": "sg-033c9adf7ec082f30",
            "ingress": [
              {
                "cidr_blocks": [],
                "description": "Debezium REST from bastion",
                "from_port": 8083,
                "ipv6_cidr_blocks": [],
                "prefix_list_ids": [],
                "protocol": "tcp",
                "security_groups": [
                  "sg-00c4bc406e428f29b"
                ],
                "self": false,
                "to_port": 8083
              },
              {
                "cidr_blocks": [],
                "description": "Debezium REST from private subnet",
                "from_port": 8083,
                "ipv6_cidr_blocks": [],
                "prefix_list_ids": [],
                "protocol": "tcp",
                "security_groups": [
                  "sg-05c78261c1584e77a"
                ],
                "self": false,
                "to_port": 8083
              },
              {
                "cidr_blocks": [],
                "description": "Schema Registry from bastion",
                "from_port": 8081,
                "ipv6_cidr_blocks": [],
                "prefix_list_ids": [],
                "protocol": "tcp",
                "security_groups": [
                  "sg-00c4bc406e428f29b"
                ],
                "self": false,
                "to_port": 8081
              },
              {
                "cidr_blocks": [],
                "description": "Schema Registry from private subnet",
                "from_port": 8081,
                "ipv6_cidr_blocks": [],
                "prefix_list_ids": [],
                "protocol": "tcp",
                "security_groups": [
                  "sg-05c78261c1584e77a"
                ],
                "self": false,
                "to_port": 8081
              }
            ],
            "name": "paystream-ecs-20260328205543362000000012",
            "name_prefix": "paystream-ecs-",
            "owner_id": "061664787519",
            "revoke_rules_on_delete": false,
            "tags": {
              "Name": "paystream-ecs-sg"
            },
            "tags_all": {
              "Environment": "dev",
              "ManagedBy": "terraform",
              "Name": "paystream-ecs-sg",
              "Project": "paystream"
            },
            "timeouts": null,
            "vpc_id": "vpc-0dd288ca056935049"
          },
          "sensitive_attributes": [],
          "private": "eyJlMmJmYjczMC1lY2FhLTExZTYtOGY4OC0zNDM2M2JjN2M0YzAiOnsiY3JlYXRlIjo2MDAwMDAwMDAwMDAsImRlbGV0ZSI6OTAwMDAwMDAwMDAwfSwic2NoZW1hX3ZlcnNpb24iOiIxIn0=",
          "dependencies": [
            "module.vpc.aws_security_group.bastion",
            "module.vpc.aws_security_group.private",
            "module.vpc.aws_vpc.main"
          ]
        }
      ]
    },
    {
      "module": "module.vpc",
      "mode": "managed",
      "type": "aws_security_group",
      "name": "msk",
      "provider": "provider[\"registry.terraform.io/hashicorp/aws\"]",
      "instances": [
        {
          "schema_version": 1,
          "attributes": {
            "arn": "arn:aws:ec2:eu-north-1:061664787519:security-group/sg-0a40fbedb671b3251",
            "description": "MSK Kafka access",
            "egress": [
              {
                "cidr_blocks": [
                  "0.0.0.0/0"
                ],
                "description": "",
                "from_port": 0,
                "ipv6_cidr_blocks": [],
                "prefix_list_ids": [],
                "protocol": "-1",
                "security_groups": [],
                "self": false,
                "to_port": 0
              }
            ],
            "id": "sg-0a40fbedb671b3251",
            "ingress": [
              {
                "cidr_blocks": [],
                "description": "Kafka IAM auth from private subnet",
                "from_port": 9098,
                "ipv6_cidr_blocks": [],
                "prefix_list_ids": [],
                "protocol": "tcp",
                "security_groups": [
                  "sg-05c78261c1584e77a"
                ],
                "self": false,
                "to_port": 9098
              },
              {
                "cidr_blocks": [],
                "description": "Kafka SCRAM auth from private subnet",
                "from_port": 9096,
                "ipv6_cidr_blocks": [],
                "prefix_list_ids": [],
                "protocol": "tcp",
                "security_groups": [
                  "sg-05c78261c1584e77a"
                ],
                "self": false,
                "to_port": 9096
              }
            ],
            "name": "paystream-msk-2026032820554335140000000f",
            "name_prefix": "paystream-msk-",
            "owner_id": "061664787519",
            "revoke_rules_on_delete": false,
            "tags": {
              "Name": "paystream-msk-sg"
            },
            "tags_all": {
              "Environment": "dev",
              "ManagedBy": "terraform",
              "Name": "paystream-msk-sg",
              "Project": "paystream"
            },
            "timeouts": null,
            "vpc_id": "vpc-0dd288ca056935049"
          },
          "sensitive_attributes": [],
          "private": "eyJlMmJmYjczMC1lY2FhLTExZTYtOGY4OC0zNDM2M2JjN2M0YzAiOnsiY3JlYXRlIjo2MDAwMDAwMDAwMDAsImRlbGV0ZSI6OTAwMDAwMDAwMDAwfSwic2NoZW1hX3ZlcnNpb24iOiIxIn0=",
          "dependencies": [
            "module.vpc.aws_security_group.private",
            "module.vpc.aws_vpc.main"
          ]
        }
      ]
    },
    {
      "module": "module.vpc",
      "mode": "managed",
      "type": "aws_security_group",
      "name": "private",
      "provider": "provider[\"registry.terraform.io/hashicorp/aws\"]",
      "instances": [
        {
          "schema_version": 1,
          "attributes": {
            "arn": "arn:aws:ec2:eu-north-1:061664787519:security-group/sg-05c78261c1584e77a",
            "description": "Private subnet intercommunication",
            "egress": [
              {
                "cidr_blocks": [
                  "0.0.0.0/0"
                ],
                "description": "",
                "from_port": 0,
                "ipv6_cidr_blocks": [],
                "prefix_list_ids": [],
                "protocol": "-1",
                "security_groups": [],
                "self": false,
                "to_port": 0
              }
            ],
            "id": "sg-05c78261c1584e77a",
            "ingress": [
              {
                "cidr_blocks": [],
                "description": "All traffic from self",
                "from_port": 0,
                "ipv6_cidr_blocks": [],
                "prefix_list_ids": [],
                "protocol": "-1",
                "security_groups": [],
                "self": true,
                "to_port": 0
              }
            ],
            "name": "paystream-private-2026032820553908660000000a",
            "name_prefix": "paystream-private-",
            "owner_id": "061664787519",
            "revoke_rules_on_delete": false,
            "tags": {
              "Name": "paystream-private-sg"
            },
            "tags_all": {
              "Environment": "dev",
              "ManagedBy": "terraform",
              "Name": "paystream-private-sg",
              "Project": "paystream"
            },
            "timeouts": null,
            "vpc_id": "vpc-0dd288ca056935049"
          },
          "sensitive_attributes": [],
          "private": "eyJlMmJmYjczMC1lY2FhLTExZTYtOGY4OC0zNDM2M2JjN2M0YzAiOnsiY3JlYXRlIjo2MDAwMDAwMDAwMDAsImRlbGV0ZSI6OTAwMDAwMDAwMDAwfSwic2NoZW1hX3ZlcnNpb24iOiIxIn0=",
          "dependencies": [
            "module.vpc.aws_vpc.main"
          ]
        }
      ]
    },
    {
      "module": "module.vpc",
      "mode": "managed",
      "type": "aws_security_group",
      "name": "rds",
      "provider": "provider[\"registry.terraform.io/hashicorp/aws\"]",
      "instances": [
        {
          "schema_version": 1,
          "attributes": {
            "arn": "arn:aws:ec2:eu-north-1:061664787519:security-group/sg-05de93cdc3ac6273c",
            "description": "RDS PostgreSQL access",
            "egress": [
              {
                "cidr_blocks": [
                  "0.0.0.0/0"
                ],
                "description": "",
                "from_port": 0,
                "ipv6_cidr_blocks": [],
                "prefix_list_ids": [],
                "protocol": "-1",
                "security_groups": [],
                "self": false,
                "to_port": 0
              }
            ],
            "id": "sg-05de93cdc3ac6273c",
            "ingress": [
              {
                "cidr_blocks": [],
                "description": "PostgreSQL from bastion",
                "from_port": 5432,
                "ipv6_cidr_blocks": [],
                "prefix_list_ids": [],
                "protocol": "tcp",
                "security_groups": [
                  "sg-00c4bc406e428f29b"
                ],
                "self": false,
                "to_port": 5432
              },
              {
                "cidr_blocks": [],
                "description": "PostgreSQL from private subnet",
                "from_port": 5432,
                "ipv6_cidr_blocks": [],
                "prefix_list_ids": [],
                "protocol": "tcp",
                "security_groups": [
                  "sg-05c78261c1584e77a"
                ],
                "self": false,
                "to_port": 5432
              }
            ],
            "name": "paystream-rds-20260328205543359100000011",
            "name_prefix": "paystream-rds-",
            "owner_id": "061664787519",
            "revoke_rules_on_delete": false,
            "tags": {
              "Name": "paystream-rds-sg"
            },
            "tags_all": {
              "Environment": "dev",
              "ManagedBy": "terraform",
              "Name": "paystream-rds-sg",
              "Project": "paystream"
            },
            "timeouts": null,
            "vpc_id": "vpc-0dd288ca056935049"
          },
          "sensitive_attributes": [],
          "private": "eyJlMmJmYjczMC1lY2FhLTExZTYtOGY4OC0zNDM2M2JjN2M0YzAiOnsiY3JlYXRlIjo2MDAwMDAwMDAwMDAsImRlbGV0ZSI6OTAwMDAwMDAwMDAwfSwic2NoZW1hX3ZlcnNpb24iOiIxIn0=",
          "dependencies": [
            "module.vpc.aws_security_group.bastion",
            "module.vpc.aws_security_group.private",
            "module.vpc.aws_vpc.main"
          ]
        }
      ]
    },
    {
      "module": "module.vpc",
      "mode": "managed",
      "type": "aws_subnet",
      "name": "private_1a",
      "provider": "provider[\"registry.terraform.io/hashicorp/aws\"]",
      "instances": [
        {
          "schema_version": 1,
          "attributes": {
            "arn": "arn:aws:ec2:eu-north-1:061664787519:subnet/subnet-07142df521e0eb4b2",
            "assign_ipv6_address_on_creation": false,
            "availability_zone": "eu-north-1a",
            "availability_zone_id": "eun1-az1",
            "cidr_block": "10.0.10.0/24",
            "customer_owned_ipv4_pool": "",
            "enable_dns64": false,
            "enable_lni_at_device_index": 0,
            "enable_resource_name_dns_a_record_on_launch": false,
            "enable_resource_name_dns_aaaa_record_on_launch": false,
            "id": "subnet-07142df521e0eb4b2",
            "ipv6_cidr_block": "",
            "ipv6_cidr_block_association_id": "",
            "ipv6_native": false,
            "map_customer_owned_ip_on_launch": false,
            "map_public_ip_on_launch": false,
            "outpost_arn": "",
            "owner_id": "061664787519",
            "private_dns_hostname_type_on_launch": "ip-name",
            "tags": {
              "Name": "paystream-private-1a"
            },
            "tags_all": {
              "Environment": "dev",
              "ManagedBy": "terraform",
              "Name": "paystream-private-1a",
              "Project": "paystream"
            },
            "timeouts": null,
            "vpc_id": "vpc-0dd288ca056935049"
          },
          "sensitive_attributes": [],
          "private": "eyJlMmJmYjczMC1lY2FhLTExZTYtOGY4OC0zNDM2M2JjN2M0YzAiOnsiY3JlYXRlIjo2MDAwMDAwMDAwMDAsImRlbGV0ZSI6MTIwMDAwMDAwMDAwMH0sInNjaGVtYV92ZXJzaW9uIjoiMSJ9",
          "dependencies": [
            "module.vpc.aws_vpc.main"
          ]
        }
      ]
    },
    {
      "module": "module.vpc",
      "mode": "managed",
      "type": "aws_subnet",
      "name": "private_1b",
      "provider": "provider[\"registry.terraform.io/hashicorp/aws\"]",
      "instances": [
        {
          "schema_version": 1,
          "attributes": {
            "arn": "arn:aws:ec2:eu-north-1:061664787519:subnet/subnet-061557984ee3fac94",
            "assign_ipv6_address_on_creation": false,
            "availability_zone": "eu-north-1b",
            "availability_zone_id": "eun1-az2",
            "cidr_block": "10.0.11.0/24",
            "customer_owned_ipv4_pool": "",
            "enable_dns64": false,
            "enable_lni_at_device_index": 0,
            "enable_resource_name_dns_a_record_on_launch": false,
            "enable_resource_name_dns_aaaa_record_on_launch": false,
            "id": "subnet-061557984ee3fac94",
            "ipv6_cidr_block": "",
            "ipv6_cidr_block_association_id": "",
            "ipv6_native": false,
            "map_customer_owned_ip_on_launch": false,
            "map_public_ip_on_launch": false,
            "outpost_arn": "",
            "owner_id": "061664787519",
            "private_dns_hostname_type_on_launch": "ip-name",
            "tags": {
              "Name": "paystream-private-1b"
            },
            "tags_all": {
              "Environment": "dev",
              "ManagedBy": "terraform",
              "Name": "paystream-private-1b",
              "Project": "paystream"
            },
            "timeouts": null,
            "vpc_id": "vpc-0dd288ca056935049"
          },
          "sensitive_attributes": [],
          "private": "eyJlMmJmYjczMC1lY2FhLTExZTYtOGY4OC0zNDM2M2JjN2M0YzAiOnsiY3JlYXRlIjo2MDAwMDAwMDAwMDAsImRlbGV0ZSI6MTIwMDAwMDAwMDAwMH0sInNjaGVtYV92ZXJzaW9uIjoiMSJ9",
          "dependencies": [
            "module.vpc.aws_vpc.main"
          ]
        }
      ]
    },
    {
      "module": "module.vpc",
      "mode": "managed",
      "type": "aws_subnet",
      "name": "public_1a",
      "provider": "provider[\"registry.terraform.io/hashicorp/aws\"]",
      "instances": [
        {
          "schema_version": 1,
          "attributes": {
            "arn": "arn:aws:ec2:eu-north-1:061664787519:subnet/subnet-0179cbba789e8feaf",
            "assign_ipv6_address_on_creation": false,
            "availability_zone": "eu-north-1a",
            "availability_zone_id": "eun1-az1",
            "cidr_block": "10.0.1.0/24",
            "customer_owned_ipv4_pool": "",
            "enable_dns64": false,
            "enable_lni_at_device_index": 0,
            "enable_resource_name_dns_a_record_on_launch": false,
            "enable_resource_name_dns_aaaa_record_on_launch": false,
            "id": "subnet-0179cbba789e8feaf",
            "ipv6_cidr_block": "",
            "ipv6_cidr_block_association_id": "",
            "ipv6_native": false,
            "map_customer_owned_ip_on_launch": false,
            "map_public_ip_on_launch": true,
            "outpost_arn": "",
            "owner_id": "061664787519",
            "private_dns_hostname_type_on_launch": "ip-name",
            "tags": {
              "Name": "paystream-public-1a"
            },
            "tags_all": {
              "Environment": "dev",
              "ManagedBy": "terraform",
              "Name": "paystream-public-1a",
              "Project": "paystream"
            },
            "timeouts": null,
            "vpc_id": "vpc-0dd288ca056935049"
          },
          "sensitive_attributes": [],
          "private": "eyJlMmJmYjczMC1lY2FhLTExZTYtOGY4OC0zNDM2M2JjN2M0YzAiOnsiY3JlYXRlIjo2MDAwMDAwMDAwMDAsImRlbGV0ZSI6MTIwMDAwMDAwMDAwMH0sInNjaGVtYV92ZXJzaW9uIjoiMSJ9",
          "dependencies": [
            "module.vpc.aws_vpc.main"
          ]
        }
      ]
    },
    {
      "module": "module.vpc",
      "mode": "managed",
      "type": "aws_vpc",
      "name": "main",
      "provider": "provider[\"registry.terraform.io/hashicorp/aws\"]",
      "instances": [
        {
          "schema_version": 1,
          "attributes": {
            "arn": "arn:aws:ec2:eu-north-1:061664787519:vpc/vpc-0dd288ca056935049",
            "assign_generated_ipv6_cidr_block": false,
            "cidr_block": "10.0.0.0/16",
            "default_network_acl_id": "acl-0f43fe0d76b748e76",
            "default_route_table_id": "rtb-01cc8ffb985371091",
            "default_security_group_id": "sg-0946de1a6b587f8b3",
            "dhcp_options_id": "dopt-0a52f0bdb5e8d5048",
            "enable_dns_hostnames": true,
            "enable_dns_support": true,
            "enable_network_address_usage_metrics": false,
            "id": "vpc-0dd288ca056935049",
            "instance_tenancy": "default",
            "ipv4_ipam_pool_id": null,
            "ipv4_netmask_length": null,
            "ipv6_association_id": "",
            "ipv6_cidr_block": "",
            "ipv6_cidr_block_network_border_group": "",
            "ipv6_ipam_pool_id": "",
            "ipv6_netmask_length": 0,
            "main_route_table_id": "rtb-01cc8ffb985371091",
            "owner_id": "061664787519",
            "tags": {
              "Name": "paystream-vpc"
            },
            "tags_all": {
              "Environment": "dev",
              "ManagedBy": "terraform",
              "Name": "paystream-vpc",
              "Project": "paystream"
            }
          },
          "sensitive_attributes": [],
          "private": "eyJzY2hlbWFfdmVyc2lvbiI6IjEifQ=="
        }
      ]
    }
  ],
  "check_results": null
}
